
Microsoft Visual Studio Solution File, Format Version 12.00
# Visual Studio 2013
VisualStudioVersion = 12.0.30723.0
MinimumVisualStudioVersion = 10.0.40219.1
Project("{FAE04EC0-301F-11D3-BF4B-00C04F79EFBC}") = "MVC4CustomFilter", "MVC4CustomFilter\MVC4CustomFilter.csproj", "{5BB48C64-0B61-434F-B7B9-BBD96FEDCDB7}"
EndProject
Project("{2150E333-8FDC-42A3-9474-1A3956D46DE8}") = "Azure", "Azure", "{09B7534D-3E89-476B-BB0F-FDFAF6C5A5AD}"
EndProject
Project("{FAE04EC0-301F-11D3-BF4B-00C04F79EFBC}") = "ServiceBusQueueWithMVC", "ServiceBusQueueWithMVC\ServiceBusQueueWithMVC.csproj", "{D68284AE-AC6A-49CA-9067-C3732000EA95}"
EndProject
Project("{FAE04EC0-301F-11D3-BF4B-00C04F79EFBC}") = "ServiceBusEnviro", "ServiceBusEnviro\ServiceBusEnviro.csproj", "{DC92ED35-F148-435F-B8DB-59773E457960}"
EndProject
Project("{2150E333-8FDC-42A3-9474-1A3956D46DE8}") = "WCFWithMSMQ", "WCFWithMSMQ", "{30C38158-27A8-4265-A6E9-A605A9E7A2AA}"
EndProject
Project("{FAE04EC0-301F-11D3-BF4B-00C04F79EFBC}") = "WishListService", "WishListService\WishListService.csproj", "{EEB0BF0F-F334-4360-8D12-C5251AD699DC}"
EndProject
Project("{FAE04EC0-301F-11D3-BF4B-00C04F79EFBC}") = "WishListConsoleHost", "WishListConsoleHost\WishListConsoleHost.csproj", "{0A3AB7B3-B6C7-4BEA-97C1-7253B5FA0CE4}"
EndProject
Project("{FAE04EC0-301F-11D3-BF4B-00C04F79EFBC}") = "WishListConsoleClient", "WishListConsoleClient\WishListConsoleClient.csproj", "{EF1471BF-FA5B-4264-896D-EC51E14501B3}"
EndProject
Project("{FAE04EC0-301F-11D3-BF4B-00C04F79EFBC}") = "UsingQueues", "..\..\..\watk\HOL\ServiceBusQueues\Source\Ex1-CreatingAQueue\Begin\UsingQueues\UsingQueues.csproj", "{1E4A9BAE-3488-4D91-B91F-CEDFB95F95B7}"
EndProject
Project("{2150E333-8FDC-42A3-9474-1A3956D46DE8}") = "AzureEmailService", "AzureEmailService", "{CD3D472B-C9C2-430D-BA58-3C5E6EE618FC}"
EndProject
Project("{CC5FD16D-436D-48AD-A40C-5A424C6E3E79}") = "AzureEmailService", "AzureEmailService\AzureEmailService.ccproj", "{B45D50A5-FFDA-4843-98FB-BB1CBB4D6954}"
EndProject
Project("{FAE04EC0-301F-11D3-BF4B-00C04F79EFBC}") = "MVCWebRole", "MVCWebRole\MVCWebRole.csproj", "{0BCA6448-5C53-4E39-90DE-71BDB88A3295}"
EndProject
Project("{FAE04EC0-301F-11D3-BF4B-00C04F79EFBC}") = "WorkerRoleA", "WorkerRoleA\WorkerRoleA.csproj", "{96CBFBB9-31A6-4EB8-9FD1-64FA0A916C7B}"
EndProject
Project("{2150E333-8FDC-42A3-9474-1A3956D46DE8}") = "CDN", "CDN", "{DC4C24AD-90F3-4EB7-B339-6F8591BB8E66}"
EndProject
Project("{FAE04EC0-301F-11D3-BF4B-00C04F79EFBC}") = "BlobsInCDN", "BlobsInCDN\BlobsInCDN.csproj", "{AE1618FD-F067-4AC8-8234-739F4D1680ED}"
EndProject
Project("{FAE04EC0-301F-11D3-BF4B-00C04F79EFBC}") = "BLOBDownload", "BLOBDownload\BLOBDownload.csproj", "{5D987769-080C-47CF-BA06-A845DB8BCBCF}"
EndProject
Project("{2150E333-8FDC-42A3-9474-1A3956D46DE8}") = "Fakes", "Fakes", "{AE381370-27D3-4F53-933F-5E94AFAE6692}"
EndProject
Project("{FAE04EC0-301F-11D3-BF4B-00C04F79EFBC}") = "MathLib", "MathLib\MathLib.csproj", "{951DEC48-0ABD-481E-8A07-01F9B44DA17A}"
EndProject
Project("{FAE04EC0-301F-11D3-BF4B-00C04F79EFBC}") = "MathLibTest", "MathLibTest\MathLibTest.csproj", "{68757353-DEB0-47E9-B06D-485EC87E2118}"
EndProject
Project("{CC5FD16D-436D-48AD-A40C-5A424C6E3E79}") = "ContosoAdsCloudService", "ContosoAdsCloudService\ContosoAdsCloudService\ContosoAdsCloudService.ccproj", "{84226FE5-26A9-4D09-8075-FC5CAD73E4BB}"
EndProject
Project("{FAE04EC0-301F-11D3-BF4B-00C04F79EFBC}") = "ContosoAdsWeb", "ContosoAdsWeb\ContosoAdsWeb.csproj", "{AA07D860-3775-4F7B-83AA-3B5D9DD1EE0F}"
EndProject
Project("{FAE04EC0-301F-11D3-BF4B-00C04F79EFBC}") = "ContosoAdsWorker", "ContosoAdsWorker\ContosoAdsWorker.csproj", "{90EDE0BA-81C6-4C93-A311-A12E10F96A75}"
EndProject
Project("{FAE04EC0-301F-11D3-BF4B-00C04F79EFBC}") = "ContosoAdsCommon", "ContosoAdsCommon\ContosoAdsCommon\ContosoAdsCommon.csproj", "{D8C7D555-3C71-443D-BD77-E90270280AC9}"
EndProject
Project("{2150E333-8FDC-42A3-9474-1A3956D46DE8}") = "m", "m", "{E5AF773F-371E-43B7-AE80-6A5C9E802C3E}"
EndProject
Project("{FAE04EC0-301F-11D3-BF4B-00C04F79EFBC}") = "Service", "WindowsFormsApplication1\Service.csproj", "{73AE0D1C-C4C8-4C7F-928B-C472F5A1A2CD}"
EndProject
Project("{FAE04EC0-301F-11D3-BF4B-00C04F79EFBC}") = "qClient", "qClient\qClient.csproj", "{37813287-4E8B-4FED-9A83-0D1082F52B2D}"
EndProject
Project("{2150E333-8FDC-42A3-9474-1A3956D46DE8}") = "CrossDomainAjaxCall", "CrossDomainAjaxCall", "{FFECA2A1-79E6-4472-9D5B-910298620AE1}"
EndProject
Project("{FAE04EC0-301F-11D3-BF4B-00C04F79EFBC}") = "ServerInDiffDomain", "CrossDomain\ServerInDiffDomain\ServerInDiffDomain.csproj", "{C9DCA314-BC73-4AB0-860C-C65917A2CA58}"
EndProject
Project("{FAE04EC0-301F-11D3-BF4B-00C04F79EFBC}") = "ClientInDiffDomain", "CrossDomain\ClientInDiffDomain\ClientInDiffDomain.csproj", "{CEDB637E-40BE-4E46-8221-5E03F41687CE}"
EndProject
Project("{2150E333-8FDC-42A3-9474-1A3956D46DE8}") = "ng", "ng", "{D9D109A8-751F-4AEB-A49B-2D95D05FA46B}"
EndProject
Project("{FAE04EC0-301F-11D3-BF4B-00C04F79EFBC}") = "ng", "ng\ng\ng.csproj", "{94C98BEE-F0CC-4E49-AA02-6B9C66C64D59}"
EndProject
Project("{2150E333-8FDC-42A3-9474-1A3956D46DE8}") = "AdCloud", "AdCloud", "{1F1B0071-83FB-42A6-A271-712037E229B3}"
EndProject
Project("{FAE04EC0-301F-11D3-BF4B-00C04F79EFBC}") = "AdWebRole", "C:\Users\rajesh.sahu\Documents\Visual Studio 2013\Projects\AdCloud\AdWebRole\AdWebRole.csproj", "{28F38EE5-C61B-4B5D-91C9-65750CFA8182}"
EndProject
Project("{FAE04EC0-301F-11D3-BF4B-00C04F79EFBC}") = "AdCommon", "C:\Users\rajesh.sahu\Documents\Visual Studio 2013\Projects\AdCloud\AdCommon\AdCommon.csproj", "{9725E3A9-F721-4B27-AE95-8D01FF2D1A1D}"
EndProject
Project("{FAE04EC0-301F-11D3-BF4B-00C04F79EFBC}") = "AdWorkerRole", "C:\Users\rajesh.sahu\Documents\Visual Studio 2013\Projects\AdCloud\AdWorkerRole\AdWorkerRole.csproj", "{8F263131-D42A-462C-B83F-7B2E9E1C401D}"
EndProject
Project("{CC5FD16D-436D-48AD-A40C-5A424C6E3E79}") = "AdCloudService", "C:\Users\rajesh.sahu\Documents\Visual Studio 2013\Projects\AdCloud\AdCloudService\AdCloudService.ccproj", "{64BC6033-BED6-48FE-9956-C54F5303C31A}"
EndProject
Project("{2150E333-8FDC-42A3-9474-1A3956D46DE8}") = "di", "di", "{2A78268B-5119-401F-8489-EA07DFFD4C08}"
EndProject
Project("{FAE04EC0-301F-11D3-BF4B-00C04F79EFBC}") = "di", "di\di\di.csproj", "{1756D4F4-2762-44A3-BDC5-DAF6A95CD037}"
EndProject
Project("{2150E333-8FDC-42A3-9474-1A3956D46DE8}") = "wcf", "wcf", "{1E841E7B-0280-4430-884E-2E499B063A80}"
EndProject
Project("{2150E333-8FDC-42A3-9474-1A3956D46DE8}") = "cf", "cf", "{2E495315-4241-497B-9BC4-ECF5B5E1EC31}"
EndProject
Project("{FAE04EC0-301F-11D3-BF4B-00C04F79EFBC}") = "cf.service", "cf.service\cf.service.csproj", "{593D2E9A-7DFE-4659-84A9-1548962680A2}"
EndProject
Project("{FAE04EC0-301F-11D3-BF4B-00C04F79EFBC}") = "cf.host", "cf.host\cf.host.csproj", "{86FCC477-340F-4C89-8C11-66C7645BA8CA}"
EndProject
Project("{FAE04EC0-301F-11D3-BF4B-00C04F79EFBC}") = "cf.client", "cf\cf.client\cf.client.csproj", "{E9FD137A-75E6-433A-9F57-821D2E61972F}"
EndProject
Project("{2150E333-8FDC-42A3-9474-1A3956D46DE8}") = "cs", "cs", "{91E0C25C-25EA-41E9-971A-8062C85C9463}"
EndProject
Project("{FAE04EC0-301F-11D3-BF4B-00C04F79EFBC}") = "Func", "Func\Func\Func.csproj", "{80F076DD-EEF5-4E6E-A11E-3DAB5A78289C}"
EndProject
Project("{2150E333-8FDC-42A3-9474-1A3956D46DE8}") = "sb", "sb", "{D230277B-508D-451E-A8ED-89F0521AE235}"
EndProject
Project("{FAE04EC0-301F-11D3-BF4B-00C04F79EFBC}") = "sbsender", "sb\sbsender\sbsender.csproj", "{63749E6D-7B84-475C-AE6F-6D0EDE5E81B0}"
EndProject
Project("{FAE04EC0-301F-11D3-BF4B-00C04F79EFBC}") = "sbReceiver", "sbReceiver\sbReceiver.csproj", "{EE045200-5E8A-41A9-8512-31160CD031CA}"
EndProject
Project("{2150E333-8FDC-42A3-9474-1A3956D46DE8}") = "zzz", "zzz", "{0724AF95-164F-41C3-AFF6-68275B6AA3ED}"
EndProject
Project("{CC5FD16D-436D-48AD-A40C-5A424C6E3E79}") = "WAHelloWorld", "WAHelloWorld\WAHelloWorld.ccproj", "{1EF0E915-0F71-44F1-AF63-ED13630160FA}"
EndProject
Project("{FAE04EC0-301F-11D3-BF4B-00C04F79EFBC}") = "WebHelloWorld", "WebHelloWorld\WebHelloWorld.csproj", "{2936C9C3-F5F2-4902-8161-E1D9156C68BB}"
EndProject
Project("{FAE04EC0-301F-11D3-BF4B-00C04F79EFBC}") = "WorkerHelloWorld", "WorkerHelloWorld\WorkerHelloWorld.csproj", "{A4029055-A40F-4928-AE64-400490519DBA}"
EndProject
Project("{FAE04EC0-301F-11D3-BF4B-00C04F79EFBC}") = "MathLib.Test", "MathLib.Test\MathLib.Test.csproj", "{BC50CE90-2933-45D0-8ADA-2E5AE2C22098}"
EndProject
Project("{2150E333-8FDC-42A3-9474-1A3956D46DE8}") = "51Degree", "51Degree", "{749B6EB9-722A-48B6-8427-1B6A18E19637}"
EndProject
Project("{FAE04EC0-301F-11D3-BF4B-00C04F79EFBC}") = "WebApplication2", "WebApplication2\WebApplication2.csproj", "{5C3504C4-DBDC-4212-8A25-9900A3A5A063}"
EndProject
Project("{2150E333-8FDC-42A3-9474-1A3956D46DE8}") = "Cert", "Cert", "{FC973655-3DB3-498E-9448-C48069BFA262}"
EndProject
Project("{FAE04EC0-301F-11D3-BF4B-00C04F79EFBC}") = "ssl-App", "ssl\ssl-App\ssl-App.csproj", "{AEB36A78-1ACB-422A-AC50-4AFEEBF1EF3D}"
EndProject
Project("{CC5FD16D-436D-48AD-A40C-5A424C6E3E79}") = "ssl-App-CloudService", "ssl\ssl-App-CloudService\ssl-App-CloudService.ccproj", "{2582B472-3EF4-40CE-B554-7304B6C84870}"
EndProject
Project("{2150E333-8FDC-42A3-9474-1A3956D46DE8}") = "CACHE", "CACHE", "{C775D59B-F394-429F-9AD0-6808C06ECEDF}"
EndProject
Project("{FAE04EC0-301F-11D3-BF4B-00C04F79EFBC}") = "rc", "rc1\rc\rc.csproj", "{4FBB9598-469A-4370-9090-39426E8571CB}"
EndProject
Project("{2150E333-8FDC-42A3-9474-1A3956D46DE8}") = "EF", "EF", "{120FDF92-66FC-423B-8F6C-105B36BAC6A6}"
EndProject
Project("{FAE04EC0-301F-11D3-BF4B-00C04F79EFBC}") = "EF_SP", "EF\EF-SP\EF_SP.csproj", "{E2355335-8A73-4C5D-96F3-3C2316C58BB2}"
EndProject
Project("{2150E333-8FDC-42A3-9474-1A3956D46DE8}") = "ATM", "ATM", "{6C094FE9-FF20-435B-839F-58C4D2ACEBC9}"
EndProject
Project("{FAE04EC0-301F-11D3-BF4B-00C04F79EFBC}") = "MvcApplication1", "ATM\MvcApplication1\MvcApplication1.csproj", "{BF974AEB-53B2-492C-94E8-4D5D248C4FB0}"
EndProject
Project("{2150E333-8FDC-42A3-9474-1A3956D46DE8}") = "MobileService", "MobileService", "{E24531E8-1918-41B4-8A2B-EF2EADCF3CAB}"
EndProject
Project("{FAE04EC0-301F-11D3-BF4B-00C04F79EFBC}") = "MobileApp", "MobileApp\MobileApp\MobileApp.csproj", "{FB679870-9B4C-4910-9AA9-BE770E68630A}"
EndProject
Project("{FAE04EC0-301F-11D3-BF4B-00C04F79EFBC}") = "FoodTracker", "FoodTracker\FoodTracker\FoodTracker.csproj", "{04C4DEC6-1AE1-491F-B6F3-6714AC092B36}"
EndProject
Project("{FAE04EC0-301F-11D3-BF4B-00C04F79EFBC}") = "RedisCache", "RedisCache\RedisCache.csproj", "{3993AD72-8EC8-40E3-B934-4967DCE2DC1D}"
EndProject
Project("{2150E333-8FDC-42A3-9474-1A3956D46DE8}") = "WebApi", "WebApi", "{B4399228-A471-4BAB-9A81-4190E9D86CCA}"
EndProject
Project("{FAE04EC0-301F-11D3-BF4B-00C04F79EFBC}") = "WebApi", "WebApi\WebApi.csproj", "{544BDA79-98EE-4BCF-A9CA-0E730EBD3CDD}"
EndProject
Project("{2150E333-8FDC-42A3-9474-1A3956D46DE8}") = "ser", "ser", "{D3632174-5BCA-4C0E-AF62-0DA1C619E907}"
EndProject
Project("{FAE04EC0-301F-11D3-BF4B-00C04F79EFBC}") = "dataContractSerializer", "Serializer\dataContractSerializer.csproj", "{681F6865-4D58-4AE8-A6EC-9E4F60A74BFA}"
EndProject
Project("{2150E333-8FDC-42A3-9474-1A3956D46DE8}") = "StartUpTaskWithWorkerRole", "StartUpTaskWithWorkerRole", "{31748332-B5FE-4F7A-A56B-ECFF30E6F147}"
EndProject
Project("{FAE04EC0-301F-11D3-BF4B-00C04F79EFBC}") = "StartUpTaskWithWorkerRole.ConsoleApp", "StartUpTaskWithWorkerRole\StartUpTaskWithWorkerRole.ConsoleApp\StartUpTaskWithWorkerRole.ConsoleApp.csproj", "{2B3973E3-1A29-453F-9FE3-50E9BAAE9758}"
EndProject
Project("{CC5FD16D-436D-48AD-A40C-5A424C6E3E79}") = "StartUpTaskWithWorkerRole.Cloud", "StartUpTaskWithWorkerRole\StartUpTaskWithWorkerRole.Cloud\StartUpTaskWithWorkerRole.Cloud.ccproj", "{79149BD0-6DB8-4F75-BF91-68CAD20136A8}"
EndProject
Project("{FAE04EC0-301F-11D3-BF4B-00C04F79EFBC}") = "StartUpTaskWithWorkerRole.WorkerRole", "StartUpTaskWithWorkerRole\StartUpTaskWithWorkerRole.WorkerRole\StartUpTaskWithWorkerRole.WorkerRole.csproj", "{2505501D-EF84-45BF-A970-6DDBA828A381}"
	ProjectSection(ProjectDependencies) = postProject
		{2B3973E3-1A29-453F-9FE3-50E9BAAE9758} = {2B3973E3-1A29-453F-9FE3-50E9BAAE9758}
	EndProjectSection
EndProject
Project("{FAE04EC0-301F-11D3-BF4B-00C04F79EFBC}") = "binaryFormatter", "binaryFormatter\binaryFormatter.csproj", "{2C63F5C4-F9D3-459D-B148-6381C615112D}"
EndProject
Project("{2150E333-8FDC-42A3-9474-1A3956D46DE8}") = "zzzz", "zzzz", "{C465DA30-707A-4183-BE8C-7EB556DA2BB5}"
	ProjectSection(SolutionItems) = preProject
		C:\Users\rajesh.sahu\Desktop\azure cache.txt = C:\Users\rajesh.sahu\Desktop\azure cache.txt
		C:\Users\rajesh.sahu\Desktop\azure cdn.txt = C:\Users\rajesh.sahu\Desktop\azure cdn.txt
		C:\Users\rajesh.sahu\Desktop\azure sdk.txt = C:\Users\rajesh.sahu\Desktop\azure sdk.txt
		C:\Users\rajesh.sahu\Desktop\cdncontent_testblob.txt = C:\Users\rajesh.sahu\Desktop\cdncontent_testblob.txt
		..\..\..\doc\Components.xlsx = ..\..\..\doc\Components.xlsx
		C:\Users\rajesh.sahu\Desktop\EF.txt = C:\Users\rajesh.sahu\Desktop\EF.txt
		C:\Users\rajesh.sahu\Desktop\fakes........txt = C:\Users\rajesh.sahu\Desktop\fakes........txt
		C:\Users\rajesh.sahu\Desktop\New Text Document (2).txt = C:\Users\rajesh.sahu\Desktop\New Text Document (2).txt
		C:\Users\rajesh.sahu\Desktop\New Text Document (3).txt = C:\Users\rajesh.sahu\Desktop\New Text Document (3).txt
		C:\Users\rajesh.sahu\Desktop\New Text Document (4).txt = C:\Users\rajesh.sahu\Desktop\New Text Document (4).txt
		C:\Users\rajesh.sahu\Desktop\New Text Document (5).txt = C:\Users\rajesh.sahu\Desktop\New Text Document (5).txt
		C:\Users\rajesh.sahu\Desktop\New Text Document (6).txt = C:\Users\rajesh.sahu\Desktop\New Text Document (6).txt
		C:\Users\rajesh.sahu\Desktop\New Text Document (7).txt = C:\Users\rajesh.sahu\Desktop\New Text Document (7).txt
		C:\Users\rajesh.sahu\Desktop\New Text Document (8).txt = C:\Users\rajesh.sahu\Desktop\New Text Document (8).txt
		C:\Users\rajesh.sahu\Desktop\New Text Document (9).txt = C:\Users\rajesh.sahu\Desktop\New Text Document (9).txt
		C:\Users\rajesh.sahu\Desktop\New Text Document.txt = C:\Users\rajesh.sahu\Desktop\New Text Document.txt
		C:\Users\rajesh.sahu\Desktop\Proxy.txt = C:\Users\rajesh.sahu\Desktop\Proxy.txt
		C:\Users\rajesh.sahu\Desktop\raje.txt = C:\Users\rajesh.sahu\Desktop\raje.txt
		C:\Users\rajesh.sahu\Desktop\read.txt = C:\Users\rajesh.sahu\Desktop\read.txt
		C:\Users\rajesh.sahu\Desktop\ssl-app.txt = C:\Users\rajesh.sahu\Desktop\ssl-app.txt
		C:\Users\rajesh.sahu\Desktop\storage.txt = C:\Users\rajesh.sahu\Desktop\storage.txt
		C:\Users\rajesh.sahu\Desktop\Traffic Manager.txt = C:\Users\rajesh.sahu\Desktop\Traffic Manager.txt
		C:\Users\rajesh.sahu\Desktop\z.txt = C:\Users\rajesh.sahu\Desktop\z.txt
		C:\Users\rajesh.sahu\Desktop\zz.txt = C:\Users\rajesh.sahu\Desktop\zz.txt
		C:\Users\rajesh.sahu\Desktop\zzz.txt = C:\Users\rajesh.sahu\Desktop\zzz.txt
	EndProjectSection
EndProject
Project("{2150E333-8FDC-42A3-9474-1A3956D46DE8}") = "mvc", "mvc", "{CDA20D00-41AC-4AAA-9DD5-9C59462C2099}"
EndProject
Project("{FAE04EC0-301F-11D3-BF4B-00C04F79EFBC}") = "MvcApplication", "MvcApplication\MvcApplication.csproj", "{3EDAA68F-6FF2-4E55-B093-905D0DC3CB0A}"
EndProject
Project("{FAE04EC0-301F-11D3-BF4B-00C04F79EFBC}") = "RedisCacheSession", "RedisCacheSession\RedisCacheSession\RedisCacheSession.csproj", "{30CD0284-E161-46E4-8DA8-5BCABA73BFC7}"
EndProject
Project("{2150E333-8FDC-42A3-9474-1A3956D46DE8}") = "ImageGallery", "ImageGallery", "{568F20D5-9B7D-40CC-BBB0-E72781C0F009}"
EndProject
Project("{FAE04EC0-301F-11D3-BF4B-00C04F79EFBC}") = "ImageGallery_Ninject", "ImageGallery\ImageGallery\ImageGallery_Ninject.csproj", "{1385F8EC-BB01-46D0-AFF2-FE19FA9F7864}"
EndProject
Project("{FAE04EC0-301F-11D3-BF4B-00C04F79EFBC}") = "imgGallery", "imgGallery\imgGallery.csproj", "{8BFDC567-C07B-4989-8343-BD7C33A35CB3}"
EndProject
Project("{FAE04EC0-301F-11D3-BF4B-00C04F79EFBC}") = "WpfApplication1", "WpfApplication1\WpfApplication1.csproj", "{BBE445AE-90D3-4312-9F69-4891DC9EF2B8}"
EndProject
Project("{FAE04EC0-301F-11D3-BF4B-00C04F79EFBC}") = "CleanRedisCache", "RedisClearCache\CleanRedisCache.csproj", "{5B6932F3-B0E3-4487-897B-307EE660956D}"
EndProject
Project("{FAE04EC0-301F-11D3-BF4B-00C04F79EFBC}") = "MVC_CustomControllerFactory", "MVC_CustomControllerFactory\MVC_CustomControllerFactory.csproj", "{A80C0030-0AF0-40A1-883C-A50033BF65BA}"
EndProject
Project("{FAE04EC0-301F-11D3-BF4B-00C04F79EFBC}") = "ALOB", "ALOB\ALOB\ALOB.csproj", "{78B5D6CF-9ABC-4BE9-AEEC-151424934D17}"
EndProject
Global
	GlobalSection(SolutionConfigurationPlatforms) = preSolution
		Debug|Any CPU = Debug|Any CPU
		Release|Any CPU = Release|Any CPU
	EndGlobalSection
	GlobalSection(ProjectConfigurationPlatforms) = postSolution
		{5BB48C64-0B61-434F-B7B9-BBD96FEDCDB7}.Debug|Any CPU.ActiveCfg = Debug|Any CPU
		{5BB48C64-0B61-434F-B7B9-BBD96FEDCDB7}.Debug|Any CPU.Build.0 = Debug|Any CPU
		{5BB48C64-0B61-434F-B7B9-BBD96FEDCDB7}.Release|Any CPU.ActiveCfg = Release|Any CPU
		{5BB48C64-0B61-434F-B7B9-BBD96FEDCDB7}.Release|Any CPU.Build.0 = Release|Any CPU
		{D68284AE-AC6A-49CA-9067-C3732000EA95}.Debug|Any CPU.ActiveCfg = Debug|Any CPU
		{D68284AE-AC6A-49CA-9067-C3732000EA95}.Debug|Any CPU.Build.0 = Debug|Any CPU
		{D68284AE-AC6A-49CA-9067-C3732000EA95}.Release|Any CPU.ActiveCfg = Release|Any CPU
		{D68284AE-AC6A-49CA-9067-C3732000EA95}.Release|Any CPU.Build.0 = Release|Any CPU
		{DC92ED35-F148-435F-B8DB-59773E457960}.Debug|Any CPU.ActiveCfg = Debug|Any CPU
		{DC92ED35-F148-435F-B8DB-59773E457960}.Debug|Any CPU.Build.0 = Debug|Any CPU
		{DC92ED35-F148-435F-B8DB-59773E457960}.Release|Any CPU.ActiveCfg = Release|Any CPU
		{DC92ED35-F148-435F-B8DB-59773E457960}.Release|Any CPU.Build.0 = Release|Any CPU
		{EEB0BF0F-F334-4360-8D12-C5251AD699DC}.Debug|Any CPU.ActiveCfg = Debug|Any CPU
		{EEB0BF0F-F334-4360-8D12-C5251AD699DC}.Debug|Any CPU.Build.0 = Debug|Any CPU
		{EEB0BF0F-F334-4360-8D12-C5251AD699DC}.Release|Any CPU.ActiveCfg = Release|Any CPU
		{EEB0BF0F-F334-4360-8D12-C5251AD699DC}.Release|Any CPU.Build.0 = Release|Any CPU
		{0A3AB7B3-B6C7-4BEA-97C1-7253B5FA0CE4}.Debug|Any CPU.ActiveCfg = Debug|Any CPU
		{0A3AB7B3-B6C7-4BEA-97C1-7253B5FA0CE4}.Debug|Any CPU.Build.0 = Debug|Any CPU
		{0A3AB7B3-B6C7-4BEA-97C1-7253B5FA0CE4}.Release|Any CPU.ActiveCfg = Release|Any CPU
		{0A3AB7B3-B6C7-4BEA-97C1-7253B5FA0CE4}.Release|Any CPU.Build.0 = Release|Any CPU
		{EF1471BF-FA5B-4264-896D-EC51E14501B3}.Debug|Any CPU.ActiveCfg = Debug|Any CPU
		{EF1471BF-FA5B-4264-896D-EC51E14501B3}.Debug|Any CPU.Build.0 = Debug|Any CPU
		{EF1471BF-FA5B-4264-896D-EC51E14501B3}.Release|Any CPU.ActiveCfg = Release|Any CPU
		{EF1471BF-FA5B-4264-896D-EC51E14501B3}.Release|Any CPU.Build.0 = Release|Any CPU
		{1E4A9BAE-3488-4D91-B91F-CEDFB95F95B7}.Debug|Any CPU.ActiveCfg = Debug|Any CPU
		{1E4A9BAE-3488-4D91-B91F-CEDFB95F95B7}.Debug|Any CPU.Build.0 = Debug|Any CPU
		{1E4A9BAE-3488-4D91-B91F-CEDFB95F95B7}.Release|Any CPU.ActiveCfg = Release|Any CPU
		{1E4A9BAE-3488-4D91-B91F-CEDFB95F95B7}.Release|Any CPU.Build.0 = Release|Any CPU
		{B45D50A5-FFDA-4843-98FB-BB1CBB4D6954}.Debug|Any CPU.ActiveCfg = Debug|Any CPU
		{B45D50A5-FFDA-4843-98FB-BB1CBB4D6954}.Debug|Any CPU.Build.0 = Debug|Any CPU
		{B45D50A5-FFDA-4843-98FB-BB1CBB4D6954}.Release|Any CPU.ActiveCfg = Release|Any CPU
		{B45D50A5-FFDA-4843-98FB-BB1CBB4D6954}.Release|Any CPU.Build.0 = Release|Any CPU
		{0BCA6448-5C53-4E39-90DE-71BDB88A3295}.Debug|Any CPU.ActiveCfg = Debug|Any CPU
		{0BCA6448-5C53-4E39-90DE-71BDB88A3295}.Debug|Any CPU.Build.0 = Debug|Any CPU
		{0BCA6448-5C53-4E39-90DE-71BDB88A3295}.Release|Any CPU.ActiveCfg = Release|Any CPU
		{0BCA6448-5C53-4E39-90DE-71BDB88A3295}.Release|Any CPU.Build.0 = Release|Any CPU
		{96CBFBB9-31A6-4EB8-9FD1-64FA0A916C7B}.Debug|Any CPU.ActiveCfg = Debug|Any CPU
		{96CBFBB9-31A6-4EB8-9FD1-64FA0A916C7B}.Debug|Any CPU.Build.0 = Debug|Any CPU
		{96CBFBB9-31A6-4EB8-9FD1-64FA0A916C7B}.Release|Any CPU.ActiveCfg = Release|Any CPU
		{96CBFBB9-31A6-4EB8-9FD1-64FA0A916C7B}.Release|Any CPU.Build.0 = Release|Any CPU
		{AE1618FD-F067-4AC8-8234-739F4D1680ED}.Debug|Any CPU.ActiveCfg = Debug|Any CPU
		{AE1618FD-F067-4AC8-8234-739F4D1680ED}.Debug|Any CPU.Build.0 = Debug|Any CPU
		{AE1618FD-F067-4AC8-8234-739F4D1680ED}.Release|Any CPU.ActiveCfg = Release|Any CPU
		{AE1618FD-F067-4AC8-8234-739F4D1680ED}.Release|Any CPU.Build.0 = Release|Any CPU
		{5D987769-080C-47CF-BA06-A845DB8BCBCF}.Debug|Any CPU.ActiveCfg = Debug|Any CPU
		{5D987769-080C-47CF-BA06-A845DB8BCBCF}.Debug|Any CPU.Build.0 = Debug|Any CPU
		{5D987769-080C-47CF-BA06-A845DB8BCBCF}.Release|Any CPU.ActiveCfg = Release|Any CPU
		{5D987769-080C-47CF-BA06-A845DB8BCBCF}.Release|Any CPU.Build.0 = Release|Any CPU
		{951DEC48-0ABD-481E-8A07-01F9B44DA17A}.Debug|Any CPU.ActiveCfg = Debug|Any CPU
		{951DEC48-0ABD-481E-8A07-01F9B44DA17A}.Debug|Any CPU.Build.0 = Debug|Any CPU
		{951DEC48-0ABD-481E-8A07-01F9B44DA17A}.Release|Any CPU.ActiveCfg = Release|Any CPU
		{951DEC48-0ABD-481E-8A07-01F9B44DA17A}.Release|Any CPU.Build.0 = Release|Any CPU
		{68757353-DEB0-47E9-B06D-485EC87E2118}.Debug|Any CPU.ActiveCfg = Debug|Any CPU
		{68757353-DEB0-47E9-B06D-485EC87E2118}.Debug|Any CPU.Build.0 = Debug|Any CPU
		{68757353-DEB0-47E9-B06D-485EC87E2118}.Release|Any CPU.ActiveCfg = Release|Any CPU
		{68757353-DEB0-47E9-B06D-485EC87E2118}.Release|Any CPU.Build.0 = Release|Any CPU
		{84226FE5-26A9-4D09-8075-FC5CAD73E4BB}.Debug|Any CPU.ActiveCfg = Debug|Any CPU
		{84226FE5-26A9-4D09-8075-FC5CAD73E4BB}.Debug|Any CPU.Build.0 = Debug|Any CPU
		{84226FE5-26A9-4D09-8075-FC5CAD73E4BB}.Release|Any CPU.ActiveCfg = Release|Any CPU
		{84226FE5-26A9-4D09-8075-FC5CAD73E4BB}.Release|Any CPU.Build.0 = Release|Any CPU
		{AA07D860-3775-4F7B-83AA-3B5D9DD1EE0F}.Debug|Any CPU.ActiveCfg = Debug|Any CPU
		{AA07D860-3775-4F7B-83AA-3B5D9DD1EE0F}.Debug|Any CPU.Build.0 = Debug|Any CPU
		{AA07D860-3775-4F7B-83AA-3B5D9DD1EE0F}.Release|Any CPU.ActiveCfg = Release|Any CPU
		{AA07D860-3775-4F7B-83AA-3B5D9DD1EE0F}.Release|Any CPU.Build.0 = Release|Any CPU
		{90EDE0BA-81C6-4C93-A311-A12E10F96A75}.Debug|Any CPU.ActiveCfg = Debug|Any CPU
		{90EDE0BA-81C6-4C93-A311-A12E10F96A75}.Debug|Any CPU.Build.0 = Debug|Any CPU
		{90EDE0BA-81C6-4C93-A311-A12E10F96A75}.Release|Any CPU.ActiveCfg = Release|Any CPU
		{90EDE0BA-81C6-4C93-A311-A12E10F96A75}.Release|Any CPU.Build.0 = Release|Any CPU
		{D8C7D555-3C71-443D-BD77-E90270280AC9}.Debug|Any CPU.ActiveCfg = Debug|Any CPU
		{D8C7D555-3C71-443D-BD77-E90270280AC9}.Debug|Any CPU.Build.0 = Debug|Any CPU
		{D8C7D555-3C71-443D-BD77-E90270280AC9}.Release|Any CPU.ActiveCfg = Release|Any CPU
		{D8C7D555-3C71-443D-BD77-E90270280AC9}.Release|Any CPU.Build.0 = Release|Any CPU
		{73AE0D1C-C4C8-4C7F-928B-C472F5A1A2CD}.Debug|Any CPU.ActiveCfg = Debug|Any CPU
		{73AE0D1C-C4C8-4C7F-928B-C472F5A1A2CD}.Debug|Any CPU.Build.0 = Debug|Any CPU
		{73AE0D1C-C4C8-4C7F-928B-C472F5A1A2CD}.Release|Any CPU.ActiveCfg = Release|Any CPU
		{73AE0D1C-C4C8-4C7F-928B-C472F5A1A2CD}.Release|Any CPU.Build.0 = Release|Any CPU
		{37813287-4E8B-4FED-9A83-0D1082F52B2D}.Debug|Any CPU.ActiveCfg = Debug|Any CPU
		{37813287-4E8B-4FED-9A83-0D1082F52B2D}.Debug|Any CPU.Build.0 = Debug|Any CPU
		{37813287-4E8B-4FED-9A83-0D1082F52B2D}.Release|Any CPU.ActiveCfg = Release|Any CPU
		{37813287-4E8B-4FED-9A83-0D1082F52B2D}.Release|Any CPU.Build.0 = Release|Any CPU
		{C9DCA314-BC73-4AB0-860C-C65917A2CA58}.Debug|Any CPU.ActiveCfg = Debug|Any CPU
		{C9DCA314-BC73-4AB0-860C-C65917A2CA58}.Debug|Any CPU.Build.0 = Debug|Any CPU
		{C9DCA314-BC73-4AB0-860C-C65917A2CA58}.Release|Any CPU.ActiveCfg = Release|Any CPU
		{C9DCA314-BC73-4AB0-860C-C65917A2CA58}.Release|Any CPU.Build.0 = Release|Any CPU
		{CEDB637E-40BE-4E46-8221-5E03F41687CE}.Debug|Any CPU.ActiveCfg = Debug|Any CPU
		{CEDB637E-40BE-4E46-8221-5E03F41687CE}.Debug|Any CPU.Build.0 = Debug|Any CPU
		{CEDB637E-40BE-4E46-8221-5E03F41687CE}.Release|Any CPU.ActiveCfg = Release|Any CPU
		{CEDB637E-40BE-4E46-8221-5E03F41687CE}.Release|Any CPU.Build.0 = Release|Any CPU
		{94C98BEE-F0CC-4E49-AA02-6B9C66C64D59}.Debug|Any CPU.ActiveCfg = Debug|Any CPU
		{94C98BEE-F0CC-4E49-AA02-6B9C66C64D59}.Debug|Any CPU.Build.0 = Debug|Any CPU
		{94C98BEE-F0CC-4E49-AA02-6B9C66C64D59}.Release|Any CPU.ActiveCfg = Release|Any CPU
		{94C98BEE-F0CC-4E49-AA02-6B9C66C64D59}.Release|Any CPU.Build.0 = Release|Any CPU
		{28F38EE5-C61B-4B5D-91C9-65750CFA8182}.Debug|Any CPU.ActiveCfg = Debug|Any CPU
		{28F38EE5-C61B-4B5D-91C9-65750CFA8182}.Debug|Any CPU.Build.0 = Debug|Any CPU
		{28F38EE5-C61B-4B5D-91C9-65750CFA8182}.Release|Any CPU.ActiveCfg = Release|Any CPU
		{28F38EE5-C61B-4B5D-91C9-65750CFA8182}.Release|Any CPU.Build.0 = Release|Any CPU
		{9725E3A9-F721-4B27-AE95-8D01FF2D1A1D}.Debug|Any CPU.ActiveCfg = Debug|Any CPU
		{9725E3A9-F721-4B27-AE95-8D01FF2D1A1D}.Debug|Any CPU.Build.0 = Debug|Any CPU
		{9725E3A9-F721-4B27-AE95-8D01FF2D1A1D}.Release|Any CPU.ActiveCfg = Release|Any CPU
		{9725E3A9-F721-4B27-AE95-8D01FF2D1A1D}.Release|Any CPU.Build.0 = Release|Any CPU
		{8F263131-D42A-462C-B83F-7B2E9E1C401D}.Debug|Any CPU.ActiveCfg = Debug|Any CPU
		{8F263131-D42A-462C-B83F-7B2E9E1C401D}.Debug|Any CPU.Build.0 = Debug|Any CPU
		{8F263131-D42A-462C-B83F-7B2E9E1C401D}.Release|Any CPU.ActiveCfg = Release|Any CPU
		{8F263131-D42A-462C-B83F-7B2E9E1C401D}.Release|Any CPU.Build.0 = Release|Any CPU
		{64BC6033-BED6-48FE-9956-C54F5303C31A}.Debug|Any CPU.ActiveCfg = Debug|Any CPU
		{64BC6033-BED6-48FE-9956-C54F5303C31A}.Debug|Any CPU.Build.0 = Debug|Any CPU
		{64BC6033-BED6-48FE-9956-C54F5303C31A}.Release|Any CPU.ActiveCfg = Release|Any CPU
		{64BC6033-BED6-48FE-9956-C54F5303C31A}.Release|Any CPU.Build.0 = Release|Any CPU
		{1756D4F4-2762-44A3-BDC5-DAF6A95CD037}.Debug|Any CPU.ActiveCfg = Debug|Any CPU
		{1756D4F4-2762-44A3-BDC5-DAF6A95CD037}.Debug|Any CPU.Build.0 = Debug|Any CPU
		{1756D4F4-2762-44A3-BDC5-DAF6A95CD037}.Release|Any CPU.ActiveCfg = Release|Any CPU
		{1756D4F4-2762-44A3-BDC5-DAF6A95CD037}.Release|Any CPU.Build.0 = Release|Any CPU
		{593D2E9A-7DFE-4659-84A9-1548962680A2}.Debug|Any CPU.ActiveCfg = Debug|Any CPU
		{593D2E9A-7DFE-4659-84A9-1548962680A2}.Debug|Any CPU.Build.0 = Debug|Any CPU
		{593D2E9A-7DFE-4659-84A9-1548962680A2}.Release|Any CPU.ActiveCfg = Release|Any CPU
		{593D2E9A-7DFE-4659-84A9-1548962680A2}.Release|Any CPU.Build.0 = Release|Any CPU
		{86FCC477-340F-4C89-8C11-66C7645BA8CA}.Debug|Any CPU.ActiveCfg = Debug|Any CPU
		{86FCC477-340F-4C89-8C11-66C7645BA8CA}.Debug|Any CPU.Build.0 = Debug|Any CPU
		{86FCC477-340F-4C89-8C11-66C7645BA8CA}.Release|Any CPU.ActiveCfg = Release|Any CPU
		{86FCC477-340F-4C89-8C11-66C7645BA8CA}.Release|Any CPU.Build.0 = Release|Any CPU
		{E9FD137A-75E6-433A-9F57-821D2E61972F}.Debug|Any CPU.ActiveCfg = Debug|Any CPU
		{E9FD137A-75E6-433A-9F57-821D2E61972F}.Debug|Any CPU.Build.0 = Debug|Any CPU
		{E9FD137A-75E6-433A-9F57-821D2E61972F}.Release|Any CPU.ActiveCfg = Release|Any CPU
		{E9FD137A-75E6-433A-9F57-821D2E61972F}.Release|Any CPU.Build.0 = Release|Any CPU
		{80F076DD-EEF5-4E6E-A11E-3DAB5A78289C}.Debug|Any CPU.ActiveCfg = Debug|Any CPU
		{80F076DD-EEF5-4E6E-A11E-3DAB5A78289C}.Debug|Any CPU.Build.0 = Debug|Any CPU
		{80F076DD-EEF5-4E6E-A11E-3DAB5A78289C}.Release|Any CPU.ActiveCfg = Release|Any CPU
		{80F076DD-EEF5-4E6E-A11E-3DAB5A78289C}.Release|Any CPU.Build.0 = Release|Any CPU
		{63749E6D-7B84-475C-AE6F-6D0EDE5E81B0}.Debug|Any CPU.ActiveCfg = Debug|Any CPU
		{63749E6D-7B84-475C-AE6F-6D0EDE5E81B0}.Debug|Any CPU.Build.0 = Debug|Any CPU
		{63749E6D-7B84-475C-AE6F-6D0EDE5E81B0}.Release|Any CPU.ActiveCfg = Release|Any CPU
		{63749E6D-7B84-475C-AE6F-6D0EDE5E81B0}.Release|Any CPU.Build.0 = Release|Any CPU
		{EE045200-5E8A-41A9-8512-31160CD031CA}.Debug|Any CPU.ActiveCfg = Debug|Any CPU
		{EE045200-5E8A-41A9-8512-31160CD031CA}.Debug|Any CPU.Build.0 = Debug|Any CPU
		{EE045200-5E8A-41A9-8512-31160CD031CA}.Release|Any CPU.ActiveCfg = Release|Any CPU
		{EE045200-5E8A-41A9-8512-31160CD031CA}.Release|Any CPU.Build.0 = Release|Any CPU
		{1EF0E915-0F71-44F1-AF63-ED13630160FA}.Debug|Any CPU.ActiveCfg = Debug|Any CPU
		{1EF0E915-0F71-44F1-AF63-ED13630160FA}.Debug|Any CPU.Build.0 = Debug|Any CPU
		{1EF0E915-0F71-44F1-AF63-ED13630160FA}.Release|Any CPU.ActiveCfg = Release|Any CPU
		{1EF0E915-0F71-44F1-AF63-ED13630160FA}.Release|Any CPU.Build.0 = Release|Any CPU
		{2936C9C3-F5F2-4902-8161-E1D9156C68BB}.Debug|Any CPU.ActiveCfg = Debug|Any CPU
		{2936C9C3-F5F2-4902-8161-E1D9156C68BB}.Debug|Any CPU.Build.0 = Debug|Any CPU
		{2936C9C3-F5F2-4902-8161-E1D9156C68BB}.Release|Any CPU.ActiveCfg = Release|Any CPU
		{2936C9C3-F5F2-4902-8161-E1D9156C68BB}.Release|Any CPU.Build.0 = Release|Any CPU
		{A4029055-A40F-4928-AE64-400490519DBA}.Debug|Any CPU.ActiveCfg = Debug|Any CPU
		{A4029055-A40F-4928-AE64-400490519DBA}.Debug|Any CPU.Build.0 = Debug|Any CPU
		{A4029055-A40F-4928-AE64-400490519DBA}.Release|Any CPU.ActiveCfg = Release|Any CPU
		{A4029055-A40F-4928-AE64-400490519DBA}.Release|Any CPU.Build.0 = Release|Any CPU
		{BC50CE90-2933-45D0-8ADA-2E5AE2C22098}.Debug|Any CPU.ActiveCfg = Debug|Any CPU
		{BC50CE90-2933-45D0-8ADA-2E5AE2C22098}.Debug|Any CPU.Build.0 = Debug|Any CPU
		{BC50CE90-2933-45D0-8ADA-2E5AE2C22098}.Release|Any CPU.ActiveCfg = Release|Any CPU
		{BC50CE90-2933-45D0-8ADA-2E5AE2C22098}.Release|Any CPU.Build.0 = Release|Any CPU
		{5C3504C4-DBDC-4212-8A25-9900A3A5A063}.Debug|Any CPU.ActiveCfg = Debug|Any CPU
		{5C3504C4-DBDC-4212-8A25-9900A3A5A063}.Debug|Any CPU.Build.0 = Debug|Any CPU
		{5C3504C4-DBDC-4212-8A25-9900A3A5A063}.Release|Any CPU.ActiveCfg = Release|Any CPU
		{5C3504C4-DBDC-4212-8A25-9900A3A5A063}.Release|Any CPU.Build.0 = Release|Any CPU
		{AEB36A78-1ACB-422A-AC50-4AFEEBF1EF3D}.Debug|Any CPU.ActiveCfg = Debug|Any CPU
		{AEB36A78-1ACB-422A-AC50-4AFEEBF1EF3D}.Debug|Any CPU.Build.0 = Debug|Any CPU
		{AEB36A78-1ACB-422A-AC50-4AFEEBF1EF3D}.Release|Any CPU.ActiveCfg = Release|Any CPU
		{AEB36A78-1ACB-422A-AC50-4AFEEBF1EF3D}.Release|Any CPU.Build.0 = Release|Any CPU
		{2582B472-3EF4-40CE-B554-7304B6C84870}.Debug|Any CPU.ActiveCfg = Debug|Any CPU
		{2582B472-3EF4-40CE-B554-7304B6C84870}.Debug|Any CPU.Build.0 = Debug|Any CPU
		{2582B472-3EF4-40CE-B554-7304B6C84870}.Release|Any CPU.ActiveCfg = Release|Any CPU
		{2582B472-3EF4-40CE-B554-7304B6C84870}.Release|Any CPU.Build.0 = Release|Any CPU
		{4FBB9598-469A-4370-9090-39426E8571CB}.Debug|Any CPU.ActiveCfg = Debug|Any CPU
		{4FBB9598-469A-4370-9090-39426E8571CB}.Debug|Any CPU.Build.0 = Debug|Any CPU
		{4FBB9598-469A-4370-9090-39426E8571CB}.Release|Any CPU.ActiveCfg = Release|Any CPU
		{4FBB9598-469A-4370-9090-39426E8571CB}.Release|Any CPU.Build.0 = Release|Any CPU
		{E2355335-8A73-4C5D-96F3-3C2316C58BB2}.Debug|Any CPU.ActiveCfg = Debug|Any CPU
		{E2355335-8A73-4C5D-96F3-3C2316C58BB2}.Debug|Any CPU.Build.0 = Debug|Any CPU
		{E2355335-8A73-4C5D-96F3-3C2316C58BB2}.Release|Any CPU.ActiveCfg = Release|Any CPU
		{E2355335-8A73-4C5D-96F3-3C2316C58BB2}.Release|Any CPU.Build.0 = Release|Any CPU
		{BF974AEB-53B2-492C-94E8-4D5D248C4FB0}.Debug|Any CPU.ActiveCfg = Debug|Any CPU
		{BF974AEB-53B2-492C-94E8-4D5D248C4FB0}.Debug|Any CPU.Build.0 = Debug|Any CPU
		{BF974AEB-53B2-492C-94E8-4D5D248C4FB0}.Release|Any CPU.ActiveCfg = Release|Any CPU
		{BF974AEB-53B2-492C-94E8-4D5D248C4FB0}.Release|Any CPU.Build.0 = Release|Any CPU
		{FB679870-9B4C-4910-9AA9-BE770E68630A}.Debug|Any CPU.ActiveCfg = Debug|Any CPU
		{FB679870-9B4C-4910-9AA9-BE770E68630A}.Debug|Any CPU.Build.0 = Debug|Any CPU
		{FB679870-9B4C-4910-9AA9-BE770E68630A}.Release|Any CPU.ActiveCfg = Release|Any CPU
		{FB679870-9B4C-4910-9AA9-BE770E68630A}.Release|Any CPU.Build.0 = Release|Any CPU
		{04C4DEC6-1AE1-491F-B6F3-6714AC092B36}.Debug|Any CPU.ActiveCfg = Debug|Any CPU
		{04C4DEC6-1AE1-491F-B6F3-6714AC092B36}.Debug|Any CPU.Build.0 = Debug|Any CPU
		{04C4DEC6-1AE1-491F-B6F3-6714AC092B36}.Release|Any CPU.ActiveCfg = Release|Any CPU
		{04C4DEC6-1AE1-491F-B6F3-6714AC092B36}.Release|Any CPU.Build.0 = Release|Any CPU
		{3993AD72-8EC8-40E3-B934-4967DCE2DC1D}.Debug|Any CPU.ActiveCfg = Debug|Any CPU
		{3993AD72-8EC8-40E3-B934-4967DCE2DC1D}.Debug|Any CPU.Build.0 = Debug|Any CPU
		{3993AD72-8EC8-40E3-B934-4967DCE2DC1D}.Release|Any CPU.ActiveCfg = Release|Any CPU
		{3993AD72-8EC8-40E3-B934-4967DCE2DC1D}.Release|Any CPU.Build.0 = Release|Any CPU
		{544BDA79-98EE-4BCF-A9CA-0E730EBD3CDD}.Debug|Any CPU.ActiveCfg = Debug|Any CPU
		{544BDA79-98EE-4BCF-A9CA-0E730EBD3CDD}.Debug|Any CPU.Build.0 = Debug|Any CPU
		{544BDA79-98EE-4BCF-A9CA-0E730EBD3CDD}.Release|Any CPU.ActiveCfg = Release|Any CPU
		{544BDA79-98EE-4BCF-A9CA-0E730EBD3CDD}.Release|Any CPU.Build.0 = Release|Any CPU
		{681F6865-4D58-4AE8-A6EC-9E4F60A74BFA}.Debug|Any CPU.ActiveCfg = Debug|Any CPU
		{681F6865-4D58-4AE8-A6EC-9E4F60A74BFA}.Debug|Any CPU.Build.0 = Debug|Any CPU
		{681F6865-4D58-4AE8-A6EC-9E4F60A74BFA}.Release|Any CPU.ActiveCfg = Release|Any CPU
		{681F6865-4D58-4AE8-A6EC-9E4F60A74BFA}.Release|Any CPU.Build.0 = Release|Any CPU
		{2B3973E3-1A29-453F-9FE3-50E9BAAE9758}.Debug|Any CPU.ActiveCfg = Debug|Any CPU
		{2B3973E3-1A29-453F-9FE3-50E9BAAE9758}.Debug|Any CPU.Build.0 = Debug|Any CPU
		{2B3973E3-1A29-453F-9FE3-50E9BAAE9758}.Release|Any CPU.ActiveCfg = Release|Any CPU
		{2B3973E3-1A29-453F-9FE3-50E9BAAE9758}.Release|Any CPU.Build.0 = Release|Any CPU
		{79149BD0-6DB8-4F75-BF91-68CAD20136A8}.Debug|Any CPU.ActiveCfg = Debug|Any CPU
		{79149BD0-6DB8-4F75-BF91-68CAD20136A8}.Debug|Any CPU.Build.0 = Debug|Any CPU
		{79149BD0-6DB8-4F75-BF91-68CAD20136A8}.Release|Any CPU.ActiveCfg = Release|Any CPU
		{79149BD0-6DB8-4F75-BF91-68CAD20136A8}.Release|Any CPU.Build.0 = Release|Any CPU
		{2505501D-EF84-45BF-A970-6DDBA828A381}.Debug|Any CPU.ActiveCfg = Debug|Any CPU
		{2505501D-EF84-45BF-A970-6DDBA828A381}.Debug|Any CPU.Build.0 = Debug|Any CPU
		{2505501D-EF84-45BF-A970-6DDBA828A381}.Release|Any CPU.ActiveCfg = Release|Any CPU
		{2505501D-EF84-45BF-A970-6DDBA828A381}.Release|Any CPU.Build.0 = Release|Any CPU
		{2C63F5C4-F9D3-459D-B148-6381C615112D}.Debug|Any CPU.ActiveCfg = Debug|Any CPU
		{2C63F5C4-F9D3-459D-B148-6381C615112D}.Debug|Any CPU.Build.0 = Debug|Any CPU
		{2C63F5C4-F9D3-459D-B148-6381C615112D}.Release|Any CPU.ActiveCfg = Release|Any CPU
		{2C63F5C4-F9D3-459D-B148-6381C615112D}.Release|Any CPU.Build.0 = Release|Any CPU
		{3EDAA68F-6FF2-4E55-B093-905D0DC3CB0A}.Debug|Any CPU.ActiveCfg = Debug|Any CPU
		{3EDAA68F-6FF2-4E55-B093-905D0DC3CB0A}.Debug|Any CPU.Build.0 = Debug|Any CPU
		{3EDAA68F-6FF2-4E55-B093-905D0DC3CB0A}.Release|Any CPU.ActiveCfg = Release|Any CPU
		{3EDAA68F-6FF2-4E55-B093-905D0DC3CB0A}.Release|Any CPU.Build.0 = Release|Any CPU
		{30CD0284-E161-46E4-8DA8-5BCABA73BFC7}.Debug|Any CPU.ActiveCfg = Debug|Any CPU
		{30CD0284-E161-46E4-8DA8-5BCABA73BFC7}.Debug|Any CPU.Build.0 = Debug|Any CPU
		{30CD0284-E161-46E4-8DA8-5BCABA73BFC7}.Release|Any CPU.ActiveCfg = Release|Any CPU
		{30CD0284-E161-46E4-8DA8-5BCABA73BFC7}.Release|Any CPU.Build.0 = Release|Any CPU
		{1385F8EC-BB01-46D0-AFF2-FE19FA9F7864}.Debug|Any CPU.ActiveCfg = Debug|Any CPU
		{1385F8EC-BB01-46D0-AFF2-FE19FA9F7864}.Debug|Any CPU.Build.0 = Debug|Any CPU
		{1385F8EC-BB01-46D0-AFF2-FE19FA9F7864}.Release|Any CPU.ActiveCfg = Release|Any CPU
		{1385F8EC-BB01-46D0-AFF2-FE19FA9F7864}.Release|Any CPU.Build.0 = Release|Any CPU
		{8BFDC567-C07B-4989-8343-BD7C33A35CB3}.Debug|Any CPU.ActiveCfg = Debug|Any CPU
		{8BFDC567-C07B-4989-8343-BD7C33A35CB3}.Debug|Any CPU.Build.0 = Debug|Any CPU
		{8BFDC567-C07B-4989-8343-BD7C33A35CB3}.Release|Any CPU.ActiveCfg = Release|Any CPU
		{8BFDC567-C07B-4989-8343-BD7C33A35CB3}.Release|Any CPU.Build.0 = Release|Any CPU
		{BBE445AE-90D3-4312-9F69-4891DC9EF2B8}.Debug|Any CPU.ActiveCfg = Debug|Any CPU
		{BBE445AE-90D3-4312-9F69-4891DC9EF2B8}.Debug|Any CPU.Build.0 = Debug|Any CPU
		{BBE445AE-90D3-4312-9F69-4891DC9EF2B8}.Release|Any CPU.ActiveCfg = Release|Any CPU
		{BBE445AE-90D3-4312-9F69-4891DC9EF2B8}.Release|Any CPU.Build.0 = Release|Any CPU
		{5B6932F3-B0E3-4487-897B-307EE660956D}.Debug|Any CPU.ActiveCfg = Debug|Any CPU
		{5B6932F3-B0E3-4487-897B-307EE660956D}.Debug|Any CPU.Build.0 = Debug|Any CPU
		{5B6932F3-B0E3-4487-897B-307EE660956D}.Release|Any CPU.ActiveCfg = Release|Any CPU
		{5B6932F3-B0E3-4487-897B-307EE660956D}.Release|Any CPU.Build.0 = Release|Any CPU
		{A80C0030-0AF0-40A1-883C-A50033BF65BA}.Debug|Any CPU.ActiveCfg = Debug|Any CPU
		{A80C0030-0AF0-40A1-883C-A50033BF65BA}.Debug|Any CPU.Build.0 = Debug|Any CPU
		{A80C0030-0AF0-40A1-883C-A50033BF65BA}.Release|Any CPU.ActiveCfg = Release|Any CPU
		{A80C0030-0AF0-40A1-883C-A50033BF65BA}.Release|Any CPU.Build.0 = Release|Any CPU
		{78B5D6CF-9ABC-4BE9-AEEC-151424934D17}.Debug|Any CPU.ActiveCfg = Debug|Any CPU
		{78B5D6CF-9ABC-4BE9-AEEC-151424934D17}.Debug|Any CPU.Build.0 = Debug|Any CPU
		{78B5D6CF-9ABC-4BE9-AEEC-151424934D17}.Release|Any CPU.ActiveCfg = Release|Any CPU
		{78B5D6CF-9ABC-4BE9-AEEC-151424934D17}.Release|Any CPU.Build.0 = Release|Any CPU
	EndGlobalSection
	GlobalSection(SolutionProperties) = preSolution
		HideSolutionNode = FALSE
	EndGlobalSection
	GlobalSection(NestedProjects) = preSolution
		{D68284AE-AC6A-49CA-9067-C3732000EA95} = {09B7534D-3E89-476B-BB0F-FDFAF6C5A5AD}
		{DC92ED35-F148-435F-B8DB-59773E457960} = {09B7534D-3E89-476B-BB0F-FDFAF6C5A5AD}
		{EEB0BF0F-F334-4360-8D12-C5251AD699DC} = {30C38158-27A8-4265-A6E9-A605A9E7A2AA}
		{0A3AB7B3-B6C7-4BEA-97C1-7253B5FA0CE4} = {30C38158-27A8-4265-A6E9-A605A9E7A2AA}
		{EF1471BF-FA5B-4264-896D-EC51E14501B3} = {30C38158-27A8-4265-A6E9-A605A9E7A2AA}
		{1E4A9BAE-3488-4D91-B91F-CEDFB95F95B7} = {09B7534D-3E89-476B-BB0F-FDFAF6C5A5AD}
		{CD3D472B-C9C2-430D-BA58-3C5E6EE618FC} = {09B7534D-3E89-476B-BB0F-FDFAF6C5A5AD}
		{B45D50A5-FFDA-4843-98FB-BB1CBB4D6954} = {CD3D472B-C9C2-430D-BA58-3C5E6EE618FC}
		{0BCA6448-5C53-4E39-90DE-71BDB88A3295} = {CD3D472B-C9C2-430D-BA58-3C5E6EE618FC}
		{96CBFBB9-31A6-4EB8-9FD1-64FA0A916C7B} = {CD3D472B-C9C2-430D-BA58-3C5E6EE618FC}
		{DC4C24AD-90F3-4EB7-B339-6F8591BB8E66} = {09B7534D-3E89-476B-BB0F-FDFAF6C5A5AD}
		{AE1618FD-F067-4AC8-8234-739F4D1680ED} = {DC4C24AD-90F3-4EB7-B339-6F8591BB8E66}
		{5D987769-080C-47CF-BA06-A845DB8BCBCF} = {09B7534D-3E89-476B-BB0F-FDFAF6C5A5AD}
		{951DEC48-0ABD-481E-8A07-01F9B44DA17A} = {AE381370-27D3-4F53-933F-5E94AFAE6692}
		{68757353-DEB0-47E9-B06D-485EC87E2118} = {AE381370-27D3-4F53-933F-5E94AFAE6692}
		{84226FE5-26A9-4D09-8075-FC5CAD73E4BB} = {09B7534D-3E89-476B-BB0F-FDFAF6C5A5AD}
		{AA07D860-3775-4F7B-83AA-3B5D9DD1EE0F} = {09B7534D-3E89-476B-BB0F-FDFAF6C5A5AD}
		{90EDE0BA-81C6-4C93-A311-A12E10F96A75} = {09B7534D-3E89-476B-BB0F-FDFAF6C5A5AD}
		{D8C7D555-3C71-443D-BD77-E90270280AC9} = {09B7534D-3E89-476B-BB0F-FDFAF6C5A5AD}
		{73AE0D1C-C4C8-4C7F-928B-C472F5A1A2CD} = {E5AF773F-371E-43B7-AE80-6A5C9E802C3E}
		{37813287-4E8B-4FED-9A83-0D1082F52B2D} = {E5AF773F-371E-43B7-AE80-6A5C9E802C3E}
		{C9DCA314-BC73-4AB0-860C-C65917A2CA58} = {FFECA2A1-79E6-4472-9D5B-910298620AE1}
		{CEDB637E-40BE-4E46-8221-5E03F41687CE} = {FFECA2A1-79E6-4472-9D5B-910298620AE1}
		{94C98BEE-F0CC-4E49-AA02-6B9C66C64D59} = {D9D109A8-751F-4AEB-A49B-2D95D05FA46B}
		{1F1B0071-83FB-42A6-A271-712037E229B3} = {09B7534D-3E89-476B-BB0F-FDFAF6C5A5AD}
		{28F38EE5-C61B-4B5D-91C9-65750CFA8182} = {1F1B0071-83FB-42A6-A271-712037E229B3}
		{9725E3A9-F721-4B27-AE95-8D01FF2D1A1D} = {1F1B0071-83FB-42A6-A271-712037E229B3}
		{8F263131-D42A-462C-B83F-7B2E9E1C401D} = {1F1B0071-83FB-42A6-A271-712037E229B3}
		{64BC6033-BED6-48FE-9956-C54F5303C31A} = {1F1B0071-83FB-42A6-A271-712037E229B3}
		{1756D4F4-2762-44A3-BDC5-DAF6A95CD037} = {2A78268B-5119-401F-8489-EA07DFFD4C08}
		{2E495315-4241-497B-9BC4-ECF5B5E1EC31} = {1E841E7B-0280-4430-884E-2E499B063A80}
		{593D2E9A-7DFE-4659-84A9-1548962680A2} = {2E495315-4241-497B-9BC4-ECF5B5E1EC31}
		{86FCC477-340F-4C89-8C11-66C7645BA8CA} = {2E495315-4241-497B-9BC4-ECF5B5E1EC31}
		{E9FD137A-75E6-433A-9F57-821D2E61972F} = {2E495315-4241-497B-9BC4-ECF5B5E1EC31}
		{80F076DD-EEF5-4E6E-A11E-3DAB5A78289C} = {91E0C25C-25EA-41E9-971A-8062C85C9463}
		{D230277B-508D-451E-A8ED-89F0521AE235} = {09B7534D-3E89-476B-BB0F-FDFAF6C5A5AD}
		{63749E6D-7B84-475C-AE6F-6D0EDE5E81B0} = {D230277B-508D-451E-A8ED-89F0521AE235}
		{EE045200-5E8A-41A9-8512-31160CD031CA} = {D230277B-508D-451E-A8ED-89F0521AE235}
		{0724AF95-164F-41C3-AFF6-68275B6AA3ED} = {09B7534D-3E89-476B-BB0F-FDFAF6C5A5AD}
		{1EF0E915-0F71-44F1-AF63-ED13630160FA} = {0724AF95-164F-41C3-AFF6-68275B6AA3ED}
		{2936C9C3-F5F2-4902-8161-E1D9156C68BB} = {0724AF95-164F-41C3-AFF6-68275B6AA3ED}
		{A4029055-A40F-4928-AE64-400490519DBA} = {0724AF95-164F-41C3-AFF6-68275B6AA3ED}
		{BC50CE90-2933-45D0-8ADA-2E5AE2C22098} = {AE381370-27D3-4F53-933F-5E94AFAE6692}
		{5C3504C4-DBDC-4212-8A25-9900A3A5A063} = {749B6EB9-722A-48B6-8427-1B6A18E19637}
		{FC973655-3DB3-498E-9448-C48069BFA262} = {09B7534D-3E89-476B-BB0F-FDFAF6C5A5AD}
		{AEB36A78-1ACB-422A-AC50-4AFEEBF1EF3D} = {FC973655-3DB3-498E-9448-C48069BFA262}
		{2582B472-3EF4-40CE-B554-7304B6C84870} = {FC973655-3DB3-498E-9448-C48069BFA262}
		{C775D59B-F394-429F-9AD0-6808C06ECEDF} = {09B7534D-3E89-476B-BB0F-FDFAF6C5A5AD}
		{4FBB9598-469A-4370-9090-39426E8571CB} = {C775D59B-F394-429F-9AD0-6808C06ECEDF}
		{E2355335-8A73-4C5D-96F3-3C2316C58BB2} = {120FDF92-66FC-423B-8F6C-105B36BAC6A6}
		{6C094FE9-FF20-435B-839F-58C4D2ACEBC9} = {09B7534D-3E89-476B-BB0F-FDFAF6C5A5AD}
		{BF974AEB-53B2-492C-94E8-4D5D248C4FB0} = {6C094FE9-FF20-435B-839F-58C4D2ACEBC9}
		{E24531E8-1918-41B4-8A2B-EF2EADCF3CAB} = {09B7534D-3E89-476B-BB0F-FDFAF6C5A5AD}
		{FB679870-9B4C-4910-9AA9-BE770E68630A} = {E24531E8-1918-41B4-8A2B-EF2EADCF3CAB}
		{04C4DEC6-1AE1-491F-B6F3-6714AC092B36} = {E24531E8-1918-41B4-8A2B-EF2EADCF3CAB}
		{3993AD72-8EC8-40E3-B934-4967DCE2DC1D} = {C775D59B-F394-429F-9AD0-6808C06ECEDF}
		{544BDA79-98EE-4BCF-A9CA-0E730EBD3CDD} = {B4399228-A471-4BAB-9A81-4190E9D86CCA}
		{681F6865-4D58-4AE8-A6EC-9E4F60A74BFA} = {D3632174-5BCA-4C0E-AF62-0DA1C619E907}
		{31748332-B5FE-4F7A-A56B-ECFF30E6F147} = {09B7534D-3E89-476B-BB0F-FDFAF6C5A5AD}
		{2B3973E3-1A29-453F-9FE3-50E9BAAE9758} = {31748332-B5FE-4F7A-A56B-ECFF30E6F147}
		{79149BD0-6DB8-4F75-BF91-68CAD20136A8} = {31748332-B5FE-4F7A-A56B-ECFF30E6F147}
		{2505501D-EF84-45BF-A970-6DDBA828A381} = {31748332-B5FE-4F7A-A56B-ECFF30E6F147}
		{2C63F5C4-F9D3-459D-B148-6381C615112D} = {D3632174-5BCA-4C0E-AF62-0DA1C619E907}
		{3EDAA68F-6FF2-4E55-B093-905D0DC3CB0A} = {CDA20D00-41AC-4AAA-9DD5-9C59462C2099}
		{30CD0284-E161-46E4-8DA8-5BCABA73BFC7} = {C775D59B-F394-429F-9AD0-6808C06ECEDF}
		{568F20D5-9B7D-40CC-BBB0-E72781C0F009} = {D9D109A8-751F-4AEB-A49B-2D95D05FA46B}
		{1385F8EC-BB01-46D0-AFF2-FE19FA9F7864} = {2A78268B-5119-401F-8489-EA07DFFD4C08}
		{8BFDC567-C07B-4989-8343-BD7C33A35CB3} = {568F20D5-9B7D-40CC-BBB0-E72781C0F009}
		{BBE445AE-90D3-4312-9F69-4891DC9EF2B8} = {C775D59B-F394-429F-9AD0-6808C06ECEDF}
		{5B6932F3-B0E3-4487-897B-307EE660956D} = {C775D59B-F394-429F-9AD0-6808C06ECEDF}
		{A80C0030-0AF0-40A1-883C-A50033BF65BA} = {CDA20D00-41AC-4AAA-9DD5-9C59462C2099}
		{78B5D6CF-9ABC-4BE9-AEEC-151424934D17} = {D9D109A8-751F-4AEB-A49B-2D95D05FA46B}
	EndGlobalSection
EndGlobal
