
Microsoft Visual Studio Solution File, Format Version 12.00
# Visual Studio 2013
VisualStudioVersion = 12.0.31101.0
MinimumVisualStudioVersion = 10.0.40219.1
Project("{FAE04EC0-301F-11D3-BF4B-00C04F79EFBC}") = "MVC4CustomFilter", "MVC4CustomFilter\MVC4CustomFilter.csproj", "{5BB48C64-0B61-434F-B7B9-BBD96FEDCDB7}"
EndProject
Project("{2150E333-8FDC-42A3-9474-1A3956D46DE8}") = "Azure", "Azure", "{09B7534D-3E89-476B-BB0F-FDFAF6C5A5AD}"
EndProject
Project("{FAE04EC0-301F-11D3-BF4B-00C04F79EFBC}") = "ServiceBusQueueWithMVC", "ServiceBusQueueWithMVC\ServiceBusQueueWithMVC.csproj", "{D68284AE-AC6A-49CA-9067-C3732000EA95}"
EndProject
Project("{FAE04EC0-301F-11D3-BF4B-00C04F79EFBC}") = "ServiceBusEnviro", "ServiceBusEnviro\ServiceBusEnviro.csproj", "{DC92ED35-F148-435F-B8DB-59773E457960}"
EndProject
Project("{2150E333-8FDC-42A3-9474-1A3956D46DE8}") = "WCFWithMSMQ", "WCFWithMSMQ", "{30C38158-27A8-4265-A6E9-A605A9E7A2AA}"
EndProject
Project("{FAE04EC0-301F-11D3-BF4B-00C04F79EFBC}") = "WishListService", "WishListService\WishListService.csproj", "{EEB0BF0F-F334-4360-8D12-C5251AD699DC}"
EndProject
Project("{FAE04EC0-301F-11D3-BF4B-00C04F79EFBC}") = "WishListConsoleHost", "WishListConsoleHost\WishListConsoleHost.csproj", "{0A3AB7B3-B6C7-4BEA-97C1-7253B5FA0CE4}"
EndProject
Project("{FAE04EC0-301F-11D3-BF4B-00C04F79EFBC}") = "WishListConsoleClient", "WishListConsoleClient\WishListConsoleClient.csproj", "{EF1471BF-FA5B-4264-896D-EC51E14501B3}"
EndProject
Project("{2150E333-8FDC-42A3-9474-1A3956D46DE8}") = "AzureEmailService", "AzureEmailService", "{CD3D472B-C9C2-430D-BA58-3C5E6EE618FC}"
EndProject
Project("{CC5FD16D-436D-48AD-A40C-5A424C6E3E79}") = "AzureEmailService", "AzureEmailService\AzureEmailService.ccproj", "{B45D50A5-FFDA-4843-98FB-BB1CBB4D6954}"
EndProject
Project("{FAE04EC0-301F-11D3-BF4B-00C04F79EFBC}") = "MVCWebRole", "MVCWebRole\MVCWebRole.csproj", "{0BCA6448-5C53-4E39-90DE-71BDB88A3295}"
EndProject
Project("{FAE04EC0-301F-11D3-BF4B-00C04F79EFBC}") = "WorkerRoleA", "WorkerRoleA\WorkerRoleA.csproj", "{96CBFBB9-31A6-4EB8-9FD1-64FA0A916C7B}"
EndProject
Project("{2150E333-8FDC-42A3-9474-1A3956D46DE8}") = "CDN", "CDN", "{DC4C24AD-90F3-4EB7-B339-6F8591BB8E66}"
EndProject
Project("{FAE04EC0-301F-11D3-BF4B-00C04F79EFBC}") = "BlobsInCDN", "BlobsInCDN\BlobsInCDN.csproj", "{AE1618FD-F067-4AC8-8234-739F4D1680ED}"
EndProject
Project("{FAE04EC0-301F-11D3-BF4B-00C04F79EFBC}") = "BLOBDownload", "BLOBDownload\BLOBDownload.csproj", "{5D987769-080C-47CF-BA06-A845DB8BCBCF}"
EndProject
Project("{2150E333-8FDC-42A3-9474-1A3956D46DE8}") = "Fakes", "Fakes", "{AE381370-27D3-4F53-933F-5E94AFAE6692}"
EndProject
Project("{FAE04EC0-301F-11D3-BF4B-00C04F79EFBC}") = "MathLib", "MathLib\MathLib.csproj", "{951DEC48-0ABD-481E-8A07-01F9B44DA17A}"
EndProject
Project("{FAE04EC0-301F-11D3-BF4B-00C04F79EFBC}") = "MathLibTest", "MathLibTest\MathLibTest.csproj", "{68757353-DEB0-47E9-B06D-485EC87E2118}"
EndProject
Project("{CC5FD16D-436D-48AD-A40C-5A424C6E3E79}") = "ContosoAdsCloudService", "ContosoAdsCloudService\ContosoAdsCloudService\ContosoAdsCloudService.ccproj", "{84226FE5-26A9-4D09-8075-FC5CAD73E4BB}"
EndProject
Project("{FAE04EC0-301F-11D3-BF4B-00C04F79EFBC}") = "ContosoAdsWeb", "ContosoAdsWeb\ContosoAdsWeb.csproj", "{AA07D860-3775-4F7B-83AA-3B5D9DD1EE0F}"
EndProject
Project("{FAE04EC0-301F-11D3-BF4B-00C04F79EFBC}") = "ContosoAdsWorker", "ContosoAdsWorker\ContosoAdsWorker.csproj", "{90EDE0BA-81C6-4C93-A311-A12E10F96A75}"
EndProject
Project("{FAE04EC0-301F-11D3-BF4B-00C04F79EFBC}") = "ContosoAdsCommon", "ContosoAdsCommon\ContosoAdsCommon\ContosoAdsCommon.csproj", "{D8C7D555-3C71-443D-BD77-E90270280AC9}"
EndProject
Project("{2150E333-8FDC-42A3-9474-1A3956D46DE8}") = "m", "m", "{E5AF773F-371E-43B7-AE80-6A5C9E802C3E}"
EndProject
Project("{FAE04EC0-301F-11D3-BF4B-00C04F79EFBC}") = "Service", "WindowsFormsApplication1\Service.csproj", "{73AE0D1C-C4C8-4C7F-928B-C472F5A1A2CD}"
EndProject
Project("{FAE04EC0-301F-11D3-BF4B-00C04F79EFBC}") = "qClient", "qClient\qClient.csproj", "{37813287-4E8B-4FED-9A83-0D1082F52B2D}"
EndProject
Project("{2150E333-8FDC-42A3-9474-1A3956D46DE8}") = "CrossDomainAjaxCall", "CrossDomainAjaxCall", "{FFECA2A1-79E6-4472-9D5B-910298620AE1}"
EndProject
Project("{FAE04EC0-301F-11D3-BF4B-00C04F79EFBC}") = "ServerInDiffDomain", "CrossDomain\ServerInDiffDomain\ServerInDiffDomain.csproj", "{C9DCA314-BC73-4AB0-860C-C65917A2CA58}"
EndProject
Project("{FAE04EC0-301F-11D3-BF4B-00C04F79EFBC}") = "ClientInDiffDomain", "CrossDomain\ClientInDiffDomain\ClientInDiffDomain.csproj", "{CEDB637E-40BE-4E46-8221-5E03F41687CE}"
EndProject
Project("{2150E333-8FDC-42A3-9474-1A3956D46DE8}") = "ng", "ng", "{D9D109A8-751F-4AEB-A49B-2D95D05FA46B}"
EndProject
Project("{FAE04EC0-301F-11D3-BF4B-00C04F79EFBC}") = "ng", "ng\ng\ng.csproj", "{94C98BEE-F0CC-4E49-AA02-6B9C66C64D59}"
EndProject
Project("{2150E333-8FDC-42A3-9474-1A3956D46DE8}") = "AdCloud", "AdCloud", "{1F1B0071-83FB-42A6-A271-712037E229B3}"
EndProject
Project("{FAE04EC0-301F-11D3-BF4B-00C04F79EFBC}") = "AdWebRole", "C:\Users\rajesh.sahu\Documents\Visual Studio 2013\Projects\AdCloud\AdWebRole\AdWebRole.csproj", "{28F38EE5-C61B-4B5D-91C9-65750CFA8182}"
EndProject
Project("{FAE04EC0-301F-11D3-BF4B-00C04F79EFBC}") = "AdCommon", "C:\Users\rajesh.sahu\Documents\Visual Studio 2013\Projects\AdCloud\AdCommon\AdCommon.csproj", "{9725E3A9-F721-4B27-AE95-8D01FF2D1A1D}"
EndProject
Project("{FAE04EC0-301F-11D3-BF4B-00C04F79EFBC}") = "AdWorkerRole", "C:\Users\rajesh.sahu\Documents\Visual Studio 2013\Projects\AdCloud\AdWorkerRole\AdWorkerRole.csproj", "{8F263131-D42A-462C-B83F-7B2E9E1C401D}"
EndProject
Project("{CC5FD16D-436D-48AD-A40C-5A424C6E3E79}") = "AdCloudService", "C:\Users\rajesh.sahu\Documents\Visual Studio 2013\Projects\AdCloud\AdCloudService\AdCloudService.ccproj", "{64BC6033-BED6-48FE-9956-C54F5303C31A}"
EndProject
Project("{2150E333-8FDC-42A3-9474-1A3956D46DE8}") = "di", "di", "{2A78268B-5119-401F-8489-EA07DFFD4C08}"
EndProject
Project("{FAE04EC0-301F-11D3-BF4B-00C04F79EFBC}") = "di", "di\di\di.csproj", "{1756D4F4-2762-44A3-BDC5-DAF6A95CD037}"
EndProject
Project("{2150E333-8FDC-42A3-9474-1A3956D46DE8}") = "wcf", "wcf", "{1E841E7B-0280-4430-884E-2E499B063A80}"
EndProject
Project("{2150E333-8FDC-42A3-9474-1A3956D46DE8}") = "cf", "cf", "{2E495315-4241-497B-9BC4-ECF5B5E1EC31}"
EndProject
Project("{FAE04EC0-301F-11D3-BF4B-00C04F79EFBC}") = "cf.service", "cf.service\cf.service.csproj", "{593D2E9A-7DFE-4659-84A9-1548962680A2}"
EndProject
Project("{FAE04EC0-301F-11D3-BF4B-00C04F79EFBC}") = "cf.host", "cf.host\cf.host.csproj", "{86FCC477-340F-4C89-8C11-66C7645BA8CA}"
EndProject
Project("{FAE04EC0-301F-11D3-BF4B-00C04F79EFBC}") = "cf.client", "cf\cf.client\cf.client.csproj", "{E9FD137A-75E6-433A-9F57-821D2E61972F}"
EndProject
Project("{2150E333-8FDC-42A3-9474-1A3956D46DE8}") = "cs", "cs", "{91E0C25C-25EA-41E9-971A-8062C85C9463}"
EndProject
Project("{FAE04EC0-301F-11D3-BF4B-00C04F79EFBC}") = "Func", "Func\Func\Func.csproj", "{80F076DD-EEF5-4E6E-A11E-3DAB5A78289C}"
EndProject
Project("{2150E333-8FDC-42A3-9474-1A3956D46DE8}") = "sb", "sb", "{D230277B-508D-451E-A8ED-89F0521AE235}"
EndProject
Project("{FAE04EC0-301F-11D3-BF4B-00C04F79EFBC}") = "sbsender", "sb\sbsender\sbsender.csproj", "{63749E6D-7B84-475C-AE6F-6D0EDE5E81B0}"
EndProject
Project("{FAE04EC0-301F-11D3-BF4B-00C04F79EFBC}") = "sbReceiver", "sbReceiver\sbReceiver.csproj", "{EE045200-5E8A-41A9-8512-31160CD031CA}"
EndProject
Project("{2150E333-8FDC-42A3-9474-1A3956D46DE8}") = "zzz", "zzz", "{0724AF95-164F-41C3-AFF6-68275B6AA3ED}"
EndProject
Project("{CC5FD16D-436D-48AD-A40C-5A424C6E3E79}") = "WAHelloWorld", "WAHelloWorld\WAHelloWorld.ccproj", "{1EF0E915-0F71-44F1-AF63-ED13630160FA}"
EndProject
Project("{FAE04EC0-301F-11D3-BF4B-00C04F79EFBC}") = "WebHelloWorld", "WebHelloWorld\WebHelloWorld.csproj", "{2936C9C3-F5F2-4902-8161-E1D9156C68BB}"
EndProject
Project("{FAE04EC0-301F-11D3-BF4B-00C04F79EFBC}") = "WorkerHelloWorld", "WorkerHelloWorld\WorkerHelloWorld.csproj", "{A4029055-A40F-4928-AE64-400490519DBA}"
EndProject
Project("{FAE04EC0-301F-11D3-BF4B-00C04F79EFBC}") = "MathLib.Test", "MathLib.Test\MathLib.Test.csproj", "{BC50CE90-2933-45D0-8ADA-2E5AE2C22098}"
EndProject
Project("{2150E333-8FDC-42A3-9474-1A3956D46DE8}") = "webApp2", "webApp2", "{749B6EB9-722A-48B6-8427-1B6A18E19637}"
EndProject
Project("{FAE04EC0-301F-11D3-BF4B-00C04F79EFBC}") = "WebApplication2", "WebApplication2\WebApplication2.csproj", "{5C3504C4-DBDC-4212-8A25-9900A3A5A063}"
EndProject
Project("{2150E333-8FDC-42A3-9474-1A3956D46DE8}") = "Cert", "Cert", "{FC973655-3DB3-498E-9448-C48069BFA262}"
EndProject
Project("{FAE04EC0-301F-11D3-BF4B-00C04F79EFBC}") = "ssl-App", "ssl\ssl-App\ssl-App.csproj", "{AEB36A78-1ACB-422A-AC50-4AFEEBF1EF3D}"
EndProject
Project("{CC5FD16D-436D-48AD-A40C-5A424C6E3E79}") = "ssl-App-CloudService", "ssl\ssl-App-CloudService\ssl-App-CloudService.ccproj", "{2582B472-3EF4-40CE-B554-7304B6C84870}"
EndProject
Project("{2150E333-8FDC-42A3-9474-1A3956D46DE8}") = "CACHE", "CACHE", "{C775D59B-F394-429F-9AD0-6808C06ECEDF}"
EndProject
Project("{FAE04EC0-301F-11D3-BF4B-00C04F79EFBC}") = "rc", "rc1\rc\rc.csproj", "{4FBB9598-469A-4370-9090-39426E8571CB}"
EndProject
Project("{2150E333-8FDC-42A3-9474-1A3956D46DE8}") = "EF", "EF", "{120FDF92-66FC-423B-8F6C-105B36BAC6A6}"
EndProject
Project("{FAE04EC0-301F-11D3-BF4B-00C04F79EFBC}") = "EF_SP", "EF\EF-SP\EF_SP.csproj", "{E2355335-8A73-4C5D-96F3-3C2316C58BB2}"
EndProject
Project("{2150E333-8FDC-42A3-9474-1A3956D46DE8}") = "ATM", "ATM", "{6C094FE9-FF20-435B-839F-58C4D2ACEBC9}"
EndProject
Project("{FAE04EC0-301F-11D3-BF4B-00C04F79EFBC}") = "MvcApplication1", "ATM\MvcApplication1\MvcApplication1.csproj", "{BF974AEB-53B2-492C-94E8-4D5D248C4FB0}"
EndProject
Project("{2150E333-8FDC-42A3-9474-1A3956D46DE8}") = "MobileService", "MobileService", "{E24531E8-1918-41B4-8A2B-EF2EADCF3CAB}"
EndProject
Project("{FAE04EC0-301F-11D3-BF4B-00C04F79EFBC}") = "MobileApp", "MobileApp\MobileApp\MobileApp.csproj", "{FB679870-9B4C-4910-9AA9-BE770E68630A}"
EndProject
Project("{FAE04EC0-301F-11D3-BF4B-00C04F79EFBC}") = "FoodTracker", "FoodTracker\FoodTracker\FoodTracker.csproj", "{04C4DEC6-1AE1-491F-B6F3-6714AC092B36}"
EndProject
Project("{FAE04EC0-301F-11D3-BF4B-00C04F79EFBC}") = "RedisCache", "RedisCache\RedisCache.csproj", "{3993AD72-8EC8-40E3-B934-4967DCE2DC1D}"
EndProject
Project("{2150E333-8FDC-42A3-9474-1A3956D46DE8}") = "WebApi", "WebApi", "{B4399228-A471-4BAB-9A81-4190E9D86CCA}"
EndProject
Project("{FAE04EC0-301F-11D3-BF4B-00C04F79EFBC}") = "WebApi", "WebApi\WebApi.csproj", "{544BDA79-98EE-4BCF-A9CA-0E730EBD3CDD}"
EndProject
Project("{2150E333-8FDC-42A3-9474-1A3956D46DE8}") = "ser", "ser", "{D3632174-5BCA-4C0E-AF62-0DA1C619E907}"
EndProject
Project("{FAE04EC0-301F-11D3-BF4B-00C04F79EFBC}") = "dataContractSerializer", "Serializer\dataContractSerializer.csproj", "{681F6865-4D58-4AE8-A6EC-9E4F60A74BFA}"
EndProject
Project("{2150E333-8FDC-42A3-9474-1A3956D46DE8}") = "StartUpTaskWithWorkerRole", "StartUpTaskWithWorkerRole", "{31748332-B5FE-4F7A-A56B-ECFF30E6F147}"
EndProject
Project("{FAE04EC0-301F-11D3-BF4B-00C04F79EFBC}") = "StartUpTaskWithWorkerRole.ConsoleApp", "StartUpTaskWithWorkerRole\StartUpTaskWithWorkerRole.ConsoleApp\StartUpTaskWithWorkerRole.ConsoleApp.csproj", "{2B3973E3-1A29-453F-9FE3-50E9BAAE9758}"
EndProject
Project("{CC5FD16D-436D-48AD-A40C-5A424C6E3E79}") = "StartUpTaskWithWorkerRole.Cloud", "StartUpTaskWithWorkerRole\StartUpTaskWithWorkerRole.Cloud\StartUpTaskWithWorkerRole.Cloud.ccproj", "{79149BD0-6DB8-4F75-BF91-68CAD20136A8}"
EndProject
Project("{FAE04EC0-301F-11D3-BF4B-00C04F79EFBC}") = "StartUpTaskWithWorkerRole.WorkerRole", "StartUpTaskWithWorkerRole\StartUpTaskWithWorkerRole.WorkerRole\StartUpTaskWithWorkerRole.WorkerRole.csproj", "{2505501D-EF84-45BF-A970-6DDBA828A381}"
	ProjectSection(ProjectDependencies) = postProject
		{2B3973E3-1A29-453F-9FE3-50E9BAAE9758} = {2B3973E3-1A29-453F-9FE3-50E9BAAE9758}
	EndProjectSection
EndProject
Project("{FAE04EC0-301F-11D3-BF4B-00C04F79EFBC}") = "binaryFormatter", "binaryFormatter\binaryFormatter.csproj", "{2C63F5C4-F9D3-459D-B148-6381C615112D}"
EndProject
Project("{2150E333-8FDC-42A3-9474-1A3956D46DE8}") = "zzzz", "zzzz", "{C465DA30-707A-4183-BE8C-7EB556DA2BB5}"
EndProject
Project("{2150E333-8FDC-42A3-9474-1A3956D46DE8}") = "mvc", "mvc", "{CDA20D00-41AC-4AAA-9DD5-9C59462C2099}"
EndProject
Project("{FAE04EC0-301F-11D3-BF4B-00C04F79EFBC}") = "MvcApplication", "MvcApplication\MvcApplication.csproj", "{3EDAA68F-6FF2-4E55-B093-905D0DC3CB0A}"
EndProject
Project("{FAE04EC0-301F-11D3-BF4B-00C04F79EFBC}") = "RedisCacheSession", "RedisCacheSession\RedisCacheSession\RedisCacheSession.csproj", "{30CD0284-E161-46E4-8DA8-5BCABA73BFC7}"
EndProject
Project("{2150E333-8FDC-42A3-9474-1A3956D46DE8}") = "ImageGallery", "ImageGallery", "{568F20D5-9B7D-40CC-BBB0-E72781C0F009}"
EndProject
Project("{FAE04EC0-301F-11D3-BF4B-00C04F79EFBC}") = "ImageGallery_Ninject", "ImageGallery\ImageGallery\ImageGallery_Ninject.csproj", "{1385F8EC-BB01-46D0-AFF2-FE19FA9F7864}"
EndProject
Project("{FAE04EC0-301F-11D3-BF4B-00C04F79EFBC}") = "imgGallery", "imgGallery\imgGallery.csproj", "{8BFDC567-C07B-4989-8343-BD7C33A35CB3}"
EndProject
Project("{FAE04EC0-301F-11D3-BF4B-00C04F79EFBC}") = "WpfApplication1", "WpfApplication1\WpfApplication1.csproj", "{BBE445AE-90D3-4312-9F69-4891DC9EF2B8}"
EndProject
Project("{FAE04EC0-301F-11D3-BF4B-00C04F79EFBC}") = "CleanRedisCache", "RedisClearCache\CleanRedisCache.csproj", "{5B6932F3-B0E3-4487-897B-307EE660956D}"
EndProject
Project("{FAE04EC0-301F-11D3-BF4B-00C04F79EFBC}") = "MVC_CustomControllerFactory", "MVC_CustomControllerFactory\MVC_CustomControllerFactory.csproj", "{A80C0030-0AF0-40A1-883C-A50033BF65BA}"
EndProject
Project("{FAE04EC0-301F-11D3-BF4B-00C04F79EFBC}") = "ALOB", "ALOB\ALOB\ALOB.csproj", "{78B5D6CF-9ABC-4BE9-AEEC-151424934D17}"
EndProject
Project("{FAE04EC0-301F-11D3-BF4B-00C04F79EFBC}") = "Repo", "Repo\Repo\Repo.csproj", "{52223BD1-0246-4BEF-B9EF-94DE9FF6F072}"
EndProject
Project("{FAE04EC0-301F-11D3-BF4B-00C04F79EFBC}") = "bootStrap", "x\bootStrap\bootStrap.csproj", "{A36A5EE1-A49D-4258-A702-E870D72F0736}"
EndProject
Project("{FAE04EC0-301F-11D3-BF4B-00C04F79EFBC}") = "AjaxMVC", "AjaxMVC\AjaxMVC.csproj", "{F0CD15D1-1AC0-46FA-B43E-EBB5C68B9C46}"
EndProject
Project("{2150E333-8FDC-42A3-9474-1A3956D46DE8}") = "XML", "XML", "{A2EAEB67-FD90-48FE-A026-406BF3342F31}"
EndProject
Project("{FAE04EC0-301F-11D3-BF4B-00C04F79EFBC}") = "XPathNavigator", "XPathNavigator\XPathNavigator.csproj", "{9CAC7EBE-C644-45AC-8D21-FEFB6DF7F352}"
EndProject
Project("{FAE04EC0-301F-11D3-BF4B-00C04F79EFBC}") = "LINQtoXML", "LINQtoXML\LINQtoXML.csproj", "{BFFAB106-2194-497F-BE10-CDC8358711FF}"
EndProject
Project("{FAE04EC0-301F-11D3-BF4B-00C04F79EFBC}") = "xslt", "xslt\xslt.csproj", "{C1926514-5057-4CAC-B8DD-6DC4E8F86380}"
EndProject
Project("{FAE04EC0-301F-11D3-BF4B-00C04F79EFBC}") = "httpWebRequest", "httpWebRequest\httpWebRequest.csproj", "{07138D42-F25C-4BB7-BD2B-C1A0F788B273}"
EndProject
Project("{FAE04EC0-301F-11D3-BF4B-00C04F79EFBC}") = "xslt1", "xslt1\xslt1.csproj", "{DB44590F-1C4A-4B58-ACF1-4282FDF5637A}"
EndProject
Project("{FAE04EC0-301F-11D3-BF4B-00C04F79EFBC}") = "plunkWebSite", "plunkWebSite\plunkWebSite.csproj", "{A21559BB-51C3-437B-A1F9-CC8AA7F00333}"
EndProject
Project("{FAE04EC0-301F-11D3-BF4B-00C04F79EFBC}") = "XSLT_Play", "XSLT-Play\XSLT_Play.csproj", "{809D9E0F-05BD-45AE-AA7F-1D734ADDF792}"
EndProject
Project("{2150E333-8FDC-42A3-9474-1A3956D46DE8}") = "MessageContract", "MessageContract", "{2CF2635B-0456-4A04-B2D3-5EE4899C7FE3}"
EndProject
Project("{FAE04EC0-301F-11D3-BF4B-00C04F79EFBC}") = "SecureService", "SecureService\SecureService.csproj", "{70DABEA6-C753-41A9-926D-A50915FC1B7A}"
EndProject
Project("{FAE04EC0-301F-11D3-BF4B-00C04F79EFBC}") = "SecureClient", "SecureClient\SecureClient.csproj", "{E5110222-383C-42FE-B6C7-2EF32E5A9F55}"
	ProjectSection(ProjectDependencies) = postProject
		{70DABEA6-C753-41A9-926D-A50915FC1B7A} = {70DABEA6-C753-41A9-926D-A50915FC1B7A}
	EndProjectSection
EndProject
Project("{2150E333-8FDC-42A3-9474-1A3956D46DE8}") = "Thread", "Thread", "{C10364B4-1E84-4D09-9AA3-513F934D2958}"
EndProject
Project("{FAE04EC0-301F-11D3-BF4B-00C04F79EFBC}") = "ThreadPool", "ThreadPool\ThreadPool.csproj", "{03C79737-55DF-45A2-9D32-138E58C25996}"
EndProject
Project("{FAE04EC0-301F-11D3-BF4B-00C04F79EFBC}") = "zzzzz", "zzzzz\zzzzz.csproj", "{B82C9D20-A2DB-40F6-BAC5-251C613370EF}"
EndProject
Project("{FAE04EC0-301F-11D3-BF4B-00C04F79EFBC}") = "Thread", "Thread\Thread.csproj", "{CA1BF906-EB03-4FF1-ADD6-FE01F07C1498}"
EndProject
Project("{2150E333-8FDC-42A3-9474-1A3956D46DE8}") = "WindowsServiceHosting", "WindowsServiceHosting", "{3DCA7664-90D5-4F27-8C08-E3205B74117A}"
EndProject
Project("{FAE04EC0-301F-11D3-BF4B-00C04F79EFBC}") = "WSH.WCFService", "WSH.WCFService\WSH.WCFService.csproj", "{EBE7AB88-CC67-4BD1-AB3A-B30481C9E5ED}"
EndProject
Project("{FAE04EC0-301F-11D3-BF4B-00C04F79EFBC}") = "WSH.WindowsService", "WSH.WindowsService\WSH.WindowsService.csproj", "{BB681A7E-D39A-4987-A653-B85F4600387E}"
EndProject
Project("{FAE04EC0-301F-11D3-BF4B-00C04F79EFBC}") = "WSH.SelfHost", "WSH.SelfHost\WSH.SelfHost.csproj", "{2CD3F548-99F8-4C70-AC72-4728A7BBE54C}"
EndProject
Project("{FAE04EC0-301F-11D3-BF4B-00C04F79EFBC}") = "WSH.Client", "WSH.Client\WSH.Client.csproj", "{FF1EA422-CA52-4F4C-B8DA-110A81C74CD8}"
EndProject
Project("{FAE04EC0-301F-11D3-BF4B-00C04F79EFBC}") = "WcfService1", "WcfService1\WcfService1.csproj", "{049A73CB-5730-4003-92B4-FF59230DD466}"
EndProject
Project("{FAE04EC0-301F-11D3-BF4B-00C04F79EFBC}") = "WSH.ClientWithManualProxy", "WSH.AnothrClient\WSH.ClientWithManualProxy.csproj", "{27207943-24BC-408C-B4BF-F52B03C532F3}"
EndProject
Project("{2150E333-8FDC-42A3-9474-1A3956D46DE8}") = "PubSub", "PubSub", "{83D6809A-8D7B-4974-A06D-70375C12ABDB}"
EndProject
Project("{FAE04EC0-301F-11D3-BF4B-00C04F79EFBC}") = "PubApp", "PubSub\PubApp\PubApp.csproj", "{8F5EC00E-8ACB-4922-96BB-2EE3DF0136BD}"
EndProject
Project("{FAE04EC0-301F-11D3-BF4B-00C04F79EFBC}") = "SubApp1", "PubSub\SubApp1\SubApp1.csproj", "{638131E1-1623-42F4-8CFE-15BFC49510C3}"
EndProject
Project("{FAE04EC0-301F-11D3-BF4B-00C04F79EFBC}") = "SubApp2", "pubsub\SubApp2\SubApp2.csproj", "{A2C05FC1-D276-4DB0-99BE-AD87E06AB1C6}"
EndProject
Project("{FAE04EC0-301F-11D3-BF4B-00C04F79EFBC}") = "SubApp3", "pubsub\SubApp3\SubApp3.csproj", "{991C68C9-285D-4B3F-A7BF-6D9096FF4A94}"
EndProject
Project("{FAE04EC0-301F-11D3-BF4B-00C04F79EFBC}") = "WcfService2", "WcfService2\WcfService2.csproj", "{62F2BF16-05BD-4818-8E5E-A7854EE02854}"
EndProject
Project("{FAE04EC0-301F-11D3-BF4B-00C04F79EFBC}") = "WcfService3", "pubsub\WcfService3\WcfService3.csproj", "{98D6C5C2-7CA7-4C9E-BD4E-8D0F0326ACD6}"
EndProject
Project("{FAE04EC0-301F-11D3-BF4B-00C04F79EFBC}") = "ServiceContract", "pubsub\ServiceContract\ServiceContract.csproj", "{79ACA2B4-3A00-41C6-94E6-99B828B27F70}"
EndProject
Project("{FAE04EC0-301F-11D3-BF4B-00C04F79EFBC}") = "attrRouting", "WebApplication4\attrRouting.csproj", "{48559C58-F6F2-4301-84AD-0AD1CA56B854}"
EndProject
Project("{2150E333-8FDC-42A3-9474-1A3956D46DE8}") = "Delegate", "Delegate", "{17A76C73-931D-4D50-9E47-CB822A3B26E1}"
EndProject
Project("{FAE04EC0-301F-11D3-BF4B-00C04F79EFBC}") = "delegate", "delegate\delegate.csproj", "{FE0C06C4-D296-42E6-A6D9-986D3FB8CA7C}"
EndProject
Project("{2150E333-8FDC-42A3-9474-1A3956D46DE8}") = "DP", "DP", "{6391C366-327A-461C-A8E5-6FDA55E6987F}"
EndProject
Project("{FAE04EC0-301F-11D3-BF4B-00C04F79EFBC}") = "DesignPatterns", "DesignPatterns\DesignPatterns.csproj", "{DF2E789D-965D-4855-B182-E4BDF7FEC392}"
EndProject
Project("{FAE04EC0-301F-11D3-BF4B-00C04F79EFBC}") = "DMP", "DMP\DMP\DMP.csproj", "{42A1F01A-6071-4FB7-8FC5-833B375F11D4}"
EndProject
Project("{FAE04EC0-301F-11D3-BF4B-00C04F79EFBC}") = "PassMultipleComplex", "PassMultipleComplex\PassMultipleComplex.csproj", "{FA14B65E-F264-44C0-9F76-E8F11C45E6F5}"
EndProject
Project("{FAE04EC0-301F-11D3-BF4B-00C04F79EFBC}") = "DateMePlease", "DateMePlease\DateMePlease\DateMePlease.csproj", "{6D124FE3-91D0-44B8-A265-BD59C530E0BE}"
EndProject
Project("{FAE04EC0-301F-11D3-BF4B-00C04F79EFBC}") = "ProductSPA", "ProductSPA\ProductSPA\ProductSPA.csproj", "{01F1FAA3-1E16-417C-9967-DABB353E5D28}"
EndProject
Project("{FAE04EC0-301F-11D3-BF4B-00C04F79EFBC}") = "FluentValidation", "FluentValidation\FluentValidation.csproj", "{7A0757C5-D4D0-474D-875D-870AC8B7F905}"
EndProject
Project("{FAE04EC0-301F-11D3-BF4B-00C04F79EFBC}") = "RU", "RU\RU.csproj", "{5D5BA5A8-4A31-42BA-A607-0BA75A10BB6A}"
EndProject
Project("{2150E333-8FDC-42A3-9474-1A3956D46DE8}") = "AuthSpa", "AuthSpa", "{33595115-7603-48CC-B6D9-1EFBD78BAC59}"
EndProject
Project("{FAE04EC0-301F-11D3-BF4B-00C04F79EFBC}") = "ShipmentsAPI", "ShipmentsAPI\ShipmentsAPI.csproj", "{46B6DB81-887E-400E-9AD7-16523DA21C25}"
EndProject
Project("{FAE04EC0-301F-11D3-BF4B-00C04F79EFBC}") = "ShipmentsUI", "ShipmentsUI\ShipmentsUI.csproj", "{85D7FC84-C2F8-4A1C-897A-DF513CA23106}"
EndProject
Project("{2150E333-8FDC-42A3-9474-1A3956D46DE8}") = "OWIN", "OWIN", "{5B99B0C9-4961-41EB-B95E-99A39B168E06}"
EndProject
Project("{FAE04EC0-301F-11D3-BF4B-00C04F79EFBC}") = "Owin.Demo", "Owin.Demo\Owin.Demo.csproj", "{34EC5AF3-4815-48F7-BF76-6D94FE3A6E42}"
EndProject
Project("{FAE04EC0-301F-11D3-BF4B-00C04F79EFBC}") = "StringOps", "StringOps\StringOps.csproj", "{9E4ABF2C-3B05-4FCD-ABCB-FA87085069F7}"
EndProject
Project("{FAE04EC0-301F-11D3-BF4B-00C04F79EFBC}") = "CS_6", "CS_6\CS_6.csproj", "{2A33B08A-398F-4E82-9306-60967B0B031F}"
EndProject
Project("{2150E333-8FDC-42A3-9474-1A3956D46DE8}") = "jQuery", "jQuery", "{38B16C44-BC07-4A7E-87F5-363147A27866}"
EndProject
Project("{FAE04EC0-301F-11D3-BF4B-00C04F79EFBC}") = "WebApplication5", "WebApplication5\WebApplication5.csproj", "{C70C0705-E372-4001-9EF5-CFA39DCA7CFB}"
EndProject
Project("{FAE04EC0-301F-11D3-BF4B-00C04F79EFBC}") = "EMPLOYEE", "EMPLOYEE\EMPLOYEE.csproj", "{2C160D79-A6A0-4A2C-8DC9-464CDB736540}"
EndProject
Project("{2150E333-8FDC-42A3-9474-1A3956D46DE8}") = "Throttling", "Throttling", "{E223F3F6-8F4A-4E56-8EA9-DDC806E3508D}"
EndProject
Project("{FAE04EC0-301F-11D3-BF4B-00C04F79EFBC}") = "Throttling.Client", "Throttling.Client\Throttling.Client.csproj", "{56506686-D9BE-40EE-8155-EE74F4D85709}"
EndProject
Project("{FAE04EC0-301F-11D3-BF4B-00C04F79EFBC}") = "MvcError", "MvcApplication2\MvcError.csproj", "{0D0FB376-983E-40EB-B2CC-FC51CE19D261}"
EndProject
Project("{FAE04EC0-301F-11D3-BF4B-00C04F79EFBC}") = "EF_Inheritence", "EF_Inheritence\EF_Inheritence.csproj", "{FBD51870-104E-4811-9447-0CD48DD9D8E5}"
EndProject
Project("{FAE04EC0-301F-11D3-BF4B-00C04F79EFBC}") = "Ticket", "Ticket\Ticket.csproj", "{5957FBA7-FEA5-47F7-BB07-AFFBA07DF825}"
EndProject
Project("{FAE04EC0-301F-11D3-BF4B-00C04F79EFBC}") = "WcfRestReturnImage", "WcfRestReturnImage\WcfRestReturnImage.csproj", "{EB240DBD-2688-4B48-A1F5-317408518E64}"
EndProject
Project("{FAE04EC0-301F-11D3-BF4B-00C04F79EFBC}") = "RU1", "RU1\RU1.csproj", "{391ADE38-D132-4A60-BF0E-29E187DA6CF8}"
EndProject
Project("{2150E333-8FDC-42A3-9474-1A3956D46DE8}") = "TokenBasedAuthentication", "TokenBasedAuthentication", "{A4A8F942-F063-426E-B182-84D0AB619A14}"
EndProject
Project("{FAE04EC0-301F-11D3-BF4B-00C04F79EFBC}") = "TokenBasedAuthentication.API", "TokenBasedAuthentication.API\TokenBasedAuthentication.API.csproj", "{63335BB7-1193-4F1F-B79A-C7D56FBA14F8}"
EndProject
Project("{2150E333-8FDC-42A3-9474-1A3956D46DE8}") = "Book", "Book", "{B3639B36-B588-4F35-B269-F5F7E3528EEA}"
EndProject
Project("{FAE04EC0-301F-11D3-BF4B-00C04F79EFBC}") = "MvcApplication3", "MvcApplication3\MvcApplication3.csproj", "{B34EB9CF-F482-43F6-9CCD-E6995F635A62}"
EndProject
Project("{2150E333-8FDC-42A3-9474-1A3956D46DE8}") = "Pics", "Pics", "{6F12DBE2-61ED-4085-ACC0-80782116D0E9}"
	ProjectSection(SolutionItems) = preProject
		..\..\rajesh.sahu\Desktop\Azure-3-tier-vNet.jpg = ..\..\rajesh.sahu\Desktop\Azure-3-tier-vNet.jpg
		..\..\rajesh.sahu\Desktop\azureAccount.png = ..\..\rajesh.sahu\Desktop\azureAccount.png
		..\..\rajesh.sahu\Desktop\Drawing6.gif = ..\..\rajesh.sahu\Desktop\Drawing6.gif
		..\..\rajesh.sahu\Desktop\Drawing6_Topic.bmp = ..\..\rajesh.sahu\Desktop\Drawing6_Topic.bmp
		..\..\rajesh.sahu\Desktop\Drawing7.bmp = ..\..\rajesh.sahu\Desktop\Drawing7.bmp
		..\..\rajesh.sahu\Desktop\Drawing8_SBQueue.bmp = ..\..\rajesh.sahu\Desktop\Drawing8_SBQueue.bmp
		..\..\rajesh.sahu\Desktop\sec-azgsfig3.png = ..\..\rajesh.sahu\Desktop\sec-azgsfig3.png
		..\..\rajesh.sahu\Desktop\sec-azgsfig4.png = ..\..\rajesh.sahu\Desktop\sec-azgsfig4.png
		..\..\rajesh.sahu\Desktop\web_browser_to_web_api.png = ..\..\rajesh.sahu\Desktop\web_browser_to_web_api.png
	EndProjectSection
EndProject
Project("{FAE04EC0-301F-11D3-BF4B-00C04F79EFBC}") = "WebApiPractical", "WebApiPractical\WebApiPractical.csproj", "{CB1E2306-7719-4837-B0DB-1F2088E327B3}"
EndProject
Project("{2150E333-8FDC-42A3-9474-1A3956D46DE8}") = "sapPro", "sapPro", "{DEB19CF7-E91F-4222-8E44-18504E2BE1AD}"
EndProject
Project("{FAE04EC0-301F-11D3-BF4B-00C04F79EFBC}") = "SapPro.Entity", "SapPro\SapPro.Entity\SapPro.Entity.csproj", "{55E57D6E-0D73-43BB-8433-DCD83CEC1FFD}"
EndProject
Project("{FAE04EC0-301F-11D3-BF4B-00C04F79EFBC}") = "SapPro.DAL", "SapPro\SapPro.DAL\SapPro.DAL.csproj", "{F03AA865-62D1-4A1E-AB27-3CBAF422CF81}"
EndProject
Project("{FAE04EC0-301F-11D3-BF4B-00C04F79EFBC}") = "SapPro.Service.Pricing", "SapPro\SapPro.Service.Pricing\SapPro.Service.Pricing.csproj", "{068D6242-D26B-46DB-9C8C-9B3F0C02AFD1}"
EndProject
Project("{FAE04EC0-301F-11D3-BF4B-00C04F79EFBC}") = "SapPro.Service.ProductCatalog", "SapPro\SapPro.Service.Product\SapPro.Service.ProductCatalog.csproj", "{D76DCE43-BC93-4FEB-A2B3-F9C4B5CE028B}"
EndProject
Project("{FAE04EC0-301F-11D3-BF4B-00C04F79EFBC}") = "SapPro.WebUI", "SapPro\SapPro.WebUI\SapPro.WebUI.csproj", "{35C198BF-C305-4A21-8706-27BB23150707}"
EndProject
Project("{FAE04EC0-301F-11D3-BF4B-00C04F79EFBC}") = "ExceptionHandling", "ExceptionHandling\ExceptionHandling.csproj", "{9506BA3A-B617-47BB-B7FF-334EB2480BF3}"
EndProject
Project("{2150E333-8FDC-42A3-9474-1A3956D46DE8}") = "NewFolder1", "NewFolder1", "{FF6925DA-05D4-4754-82CE-D3EA4447F13B}"
EndProject
Project("{2150E333-8FDC-42A3-9474-1A3956D46DE8}") = "ASP.Net", "ASP.Net", "{C9091C9C-C55E-4953-9FE9-4686AC0BBEBC}"
EndProject
Project("{FAE04EC0-301F-11D3-BF4B-00C04F79EFBC}") = "RU2", "RU2\RU2.csproj", "{E1A52925-E43D-44B2-92D5-029C219E1C2D}"
EndProject
Project("{FAE04EC0-301F-11D3-BF4B-00C04F79EFBC}") = "RU4", "RU4\RU4.csproj", "{B8B24B86-E048-48A4-8E0B-10E6F537231A}"
EndProject
Project("{2150E333-8FDC-42A3-9474-1A3956D46DE8}") = "Diagnostics", "Diagnostics", "{420EE476-FFAE-4EC5-8524-2A4B12539046}"
EndProject
Project("{FAE04EC0-301F-11D3-BF4B-00C04F79EFBC}") = "EventLog", "EventLog\EventLog.csproj", "{9030E9AE-412A-44DC-BD10-5A39AF73053A}"
EndProject
Project("{2150E333-8FDC-42A3-9474-1A3956D46DE8}") = "UnitTest", "UnitTest", "{F8C31665-7DB1-4DAF-A692-DC8AC730BC2D}"
EndProject
Project("{FAE04EC0-301F-11D3-BF4B-00C04F79EFBC}") = "UnitTestProject1", "UnitTestProject1\UnitTestProject1.csproj", "{0E830060-D9E3-4BA5-9AB7-47CA45A53946}"
EndProject
Project("{FAE04EC0-301F-11D3-BF4B-00C04F79EFBC}") = "LINQ", "LINQ\LINQ.csproj", "{214FB18F-55BB-4F1B-85A0-28B32D3FC7B5}"
EndProject
Project("{FAE04EC0-301F-11D3-BF4B-00C04F79EFBC}") = "OAuth2.0", "WebApplication6\OAuth2.0.csproj", "{B00E8833-6E1B-4F59-9B4E-CB6594BB9649}"
EndProject
Project("{2150E333-8FDC-42A3-9474-1A3956D46DE8}") = "zz", "zz", "{2B4D12D6-050C-491F-BE98-1D7FF3C42445}"
EndProject
Project("{FAE04EC0-301F-11D3-BF4B-00C04F79EFBC}") = "FooterSite", "FooterSite\FooterSite.csproj", "{4C5EFA69-E8FF-4411-A489-F1C1BCC4BC9F}"
EndProject
Project("{FAE04EC0-301F-11D3-BF4B-00C04F79EFBC}") = "PTWebAndLoadTest", "PTWebAndLoadTest\PTWebAndLoadTest.csproj", "{F50041CE-EDAC-4C29-9AFF-FF30DF1FE654}"
EndProject
Project("{2150E333-8FDC-42A3-9474-1A3956D46DE8}") = "Solution Items", "Solution Items", "{D02896EA-7FB2-4CA4-87DD-A28E8C433A07}"
	ProjectSection(SolutionItems) = preProject
		TestSettings1.testsettings = TestSettings1.testsettings
	EndProjectSection
EndProject
Project("{2150E333-8FDC-42A3-9474-1A3956D46DE8}") = "Localization", "Localization", "{D2B1FF9A-2382-45C4-8CE5-1D0C57BD6C11}"
EndProject
Project("{FAE04EC0-301F-11D3-BF4B-00C04F79EFBC}") = "Localization", "Localization\Localization.csproj", "{3D53BE6C-64DB-4790-A22C-68FD0F7AE4D3}"
EndProject
Project("{FAE04EC0-301F-11D3-BF4B-00C04F79EFBC}") = "CustomLogin", "CustomLogin\CustomLogin.csproj", "{1092E804-0B41-488D-B573-E7CFE1DB8862}"
EndProject
Project("{2150E333-8FDC-42A3-9474-1A3956D46DE8}") = "HTTPRest", "HTTPRest", "{39654138-93D1-4C68-AD59-37A801F4CD7E}"
EndProject
Project("{FAE04EC0-301F-11D3-BF4B-00C04F79EFBC}") = "HttpClientForRestCall", "HttpClient\HttpClientForRestCall.csproj", "{55DC2961-4FEB-4CB5-90E0-7664F90DC12F}"
EndProject
Project("{FAE04EC0-301F-11D3-BF4B-00C04F79EFBC}") = "ui_gridWithMVC", "ui-gridWithMVC\ui_gridWithMVC.csproj", "{1CAF27CA-BD47-464E-8C7D-071C075B67B5}"
EndProject
Project("{2150E333-8FDC-42A3-9474-1A3956D46DE8}") = "ui_Grid", "ui_Grid", "{611E7CAF-9195-4962-B379-E842EEC729FE}"
EndProject
Project("{FAE04EC0-301F-11D3-BF4B-00C04F79EFBC}") = "ui_Grid.Api", "ui_Grid.Api\ui_Grid.Api.csproj", "{E819B342-D4D8-4FBF-B9FA-F8423319A833}"
EndProject
Project("{FAE04EC0-301F-11D3-BF4B-00C04F79EFBC}") = "ui_Grid.DAL", "ui_Grid.DAL\ui_Grid.DAL.csproj", "{B7F9C183-7429-4E94-9F7A-535C5FA01142}"
EndProject
Project("{2150E333-8FDC-42A3-9474-1A3956D46DE8}") = "PubSub", "PubSub", "{23C7C83E-4A1F-4DE4-AB79-9C9390E8CB85}"
EndProject
Project("{FAE04EC0-301F-11D3-BF4B-00C04F79EFBC}") = "PubClient", "PubClient\PubClient.csproj", "{CF9E9895-9E7A-4204-AF02-BF49D21AE6BD}"
EndProject
Project("{FAE04EC0-301F-11D3-BF4B-00C04F79EFBC}") = "SubClientAll", "SubClient\SubClientAll.csproj", "{21B63E98-8513-432D-A739-07513F2B7E3C}"
EndProject
Project("{FAE04EC0-301F-11D3-BF4B-00C04F79EFBC}") = "SubClientEven", "SubClientEven\SubClientEven.csproj", "{3F545B0E-E3F0-469E-A305-EA552E675FE4}"
EndProject
Project("{FAE04EC0-301F-11D3-BF4B-00C04F79EFBC}") = "SubClientOdd", "SubClientOdd\SubClientOdd.csproj", "{51A23F1E-D50D-48A9-9A8E-4E2E554E2E8D}"
EndProject
Global
	GlobalSection(SolutionConfigurationPlatforms) = preSolution
		Debug|Any CPU = Debug|Any CPU
		Release|Any CPU = Release|Any CPU
	EndGlobalSection
	GlobalSection(ProjectConfigurationPlatforms) = postSolution
		{5BB48C64-0B61-434F-B7B9-BBD96FEDCDB7}.Debug|Any CPU.ActiveCfg = Debug|Any CPU
		{5BB48C64-0B61-434F-B7B9-BBD96FEDCDB7}.Debug|Any CPU.Build.0 = Debug|Any CPU
		{5BB48C64-0B61-434F-B7B9-BBD96FEDCDB7}.Release|Any CPU.ActiveCfg = Release|Any CPU
		{5BB48C64-0B61-434F-B7B9-BBD96FEDCDB7}.Release|Any CPU.Build.0 = Release|Any CPU
		{D68284AE-AC6A-49CA-9067-C3732000EA95}.Debug|Any CPU.ActiveCfg = Debug|Any CPU
		{D68284AE-AC6A-49CA-9067-C3732000EA95}.Debug|Any CPU.Build.0 = Debug|Any CPU
		{D68284AE-AC6A-49CA-9067-C3732000EA95}.Release|Any CPU.ActiveCfg = Release|Any CPU
		{D68284AE-AC6A-49CA-9067-C3732000EA95}.Release|Any CPU.Build.0 = Release|Any CPU
		{DC92ED35-F148-435F-B8DB-59773E457960}.Debug|Any CPU.ActiveCfg = Debug|Any CPU
		{DC92ED35-F148-435F-B8DB-59773E457960}.Debug|Any CPU.Build.0 = Debug|Any CPU
		{DC92ED35-F148-435F-B8DB-59773E457960}.Release|Any CPU.ActiveCfg = Release|Any CPU
		{DC92ED35-F148-435F-B8DB-59773E457960}.Release|Any CPU.Build.0 = Release|Any CPU
		{EEB0BF0F-F334-4360-8D12-C5251AD699DC}.Debug|Any CPU.ActiveCfg = Debug|Any CPU
		{EEB0BF0F-F334-4360-8D12-C5251AD699DC}.Debug|Any CPU.Build.0 = Debug|Any CPU
		{EEB0BF0F-F334-4360-8D12-C5251AD699DC}.Release|Any CPU.ActiveCfg = Release|Any CPU
		{EEB0BF0F-F334-4360-8D12-C5251AD699DC}.Release|Any CPU.Build.0 = Release|Any CPU
		{0A3AB7B3-B6C7-4BEA-97C1-7253B5FA0CE4}.Debug|Any CPU.ActiveCfg = Debug|Any CPU
		{0A3AB7B3-B6C7-4BEA-97C1-7253B5FA0CE4}.Debug|Any CPU.Build.0 = Debug|Any CPU
		{0A3AB7B3-B6C7-4BEA-97C1-7253B5FA0CE4}.Release|Any CPU.ActiveCfg = Release|Any CPU
		{0A3AB7B3-B6C7-4BEA-97C1-7253B5FA0CE4}.Release|Any CPU.Build.0 = Release|Any CPU
		{EF1471BF-FA5B-4264-896D-EC51E14501B3}.Debug|Any CPU.ActiveCfg = Debug|Any CPU
		{EF1471BF-FA5B-4264-896D-EC51E14501B3}.Debug|Any CPU.Build.0 = Debug|Any CPU
		{EF1471BF-FA5B-4264-896D-EC51E14501B3}.Release|Any CPU.ActiveCfg = Release|Any CPU
		{EF1471BF-FA5B-4264-896D-EC51E14501B3}.Release|Any CPU.Build.0 = Release|Any CPU
		{B45D50A5-FFDA-4843-98FB-BB1CBB4D6954}.Debug|Any CPU.ActiveCfg = Debug|Any CPU
		{B45D50A5-FFDA-4843-98FB-BB1CBB4D6954}.Debug|Any CPU.Build.0 = Debug|Any CPU
		{B45D50A5-FFDA-4843-98FB-BB1CBB4D6954}.Release|Any CPU.ActiveCfg = Release|Any CPU
		{B45D50A5-FFDA-4843-98FB-BB1CBB4D6954}.Release|Any CPU.Build.0 = Release|Any CPU
		{0BCA6448-5C53-4E39-90DE-71BDB88A3295}.Debug|Any CPU.ActiveCfg = Debug|Any CPU
		{0BCA6448-5C53-4E39-90DE-71BDB88A3295}.Debug|Any CPU.Build.0 = Debug|Any CPU
		{0BCA6448-5C53-4E39-90DE-71BDB88A3295}.Release|Any CPU.ActiveCfg = Release|Any CPU
		{0BCA6448-5C53-4E39-90DE-71BDB88A3295}.Release|Any CPU.Build.0 = Release|Any CPU
		{96CBFBB9-31A6-4EB8-9FD1-64FA0A916C7B}.Debug|Any CPU.ActiveCfg = Debug|Any CPU
		{96CBFBB9-31A6-4EB8-9FD1-64FA0A916C7B}.Debug|Any CPU.Build.0 = Debug|Any CPU
		{96CBFBB9-31A6-4EB8-9FD1-64FA0A916C7B}.Release|Any CPU.ActiveCfg = Release|Any CPU
		{96CBFBB9-31A6-4EB8-9FD1-64FA0A916C7B}.Release|Any CPU.Build.0 = Release|Any CPU
		{AE1618FD-F067-4AC8-8234-739F4D1680ED}.Debug|Any CPU.ActiveCfg = Debug|Any CPU
		{AE1618FD-F067-4AC8-8234-739F4D1680ED}.Debug|Any CPU.Build.0 = Debug|Any CPU
		{AE1618FD-F067-4AC8-8234-739F4D1680ED}.Release|Any CPU.ActiveCfg = Release|Any CPU
		{AE1618FD-F067-4AC8-8234-739F4D1680ED}.Release|Any CPU.Build.0 = Release|Any CPU
		{5D987769-080C-47CF-BA06-A845DB8BCBCF}.Debug|Any CPU.ActiveCfg = Debug|Any CPU
		{5D987769-080C-47CF-BA06-A845DB8BCBCF}.Debug|Any CPU.Build.0 = Debug|Any CPU
		{5D987769-080C-47CF-BA06-A845DB8BCBCF}.Release|Any CPU.ActiveCfg = Release|Any CPU
		{5D987769-080C-47CF-BA06-A845DB8BCBCF}.Release|Any CPU.Build.0 = Release|Any CPU
		{951DEC48-0ABD-481E-8A07-01F9B44DA17A}.Debug|Any CPU.ActiveCfg = Debug|Any CPU
		{951DEC48-0ABD-481E-8A07-01F9B44DA17A}.Debug|Any CPU.Build.0 = Debug|Any CPU
		{951DEC48-0ABD-481E-8A07-01F9B44DA17A}.Release|Any CPU.ActiveCfg = Release|Any CPU
		{951DEC48-0ABD-481E-8A07-01F9B44DA17A}.Release|Any CPU.Build.0 = Release|Any CPU
		{68757353-DEB0-47E9-B06D-485EC87E2118}.Debug|Any CPU.ActiveCfg = Debug|Any CPU
		{68757353-DEB0-47E9-B06D-485EC87E2118}.Debug|Any CPU.Build.0 = Debug|Any CPU
		{68757353-DEB0-47E9-B06D-485EC87E2118}.Release|Any CPU.ActiveCfg = Release|Any CPU
		{68757353-DEB0-47E9-B06D-485EC87E2118}.Release|Any CPU.Build.0 = Release|Any CPU
		{84226FE5-26A9-4D09-8075-FC5CAD73E4BB}.Debug|Any CPU.ActiveCfg = Debug|Any CPU
		{84226FE5-26A9-4D09-8075-FC5CAD73E4BB}.Debug|Any CPU.Build.0 = Debug|Any CPU
		{84226FE5-26A9-4D09-8075-FC5CAD73E4BB}.Release|Any CPU.ActiveCfg = Release|Any CPU
		{84226FE5-26A9-4D09-8075-FC5CAD73E4BB}.Release|Any CPU.Build.0 = Release|Any CPU
		{AA07D860-3775-4F7B-83AA-3B5D9DD1EE0F}.Debug|Any CPU.ActiveCfg = Debug|Any CPU
		{AA07D860-3775-4F7B-83AA-3B5D9DD1EE0F}.Debug|Any CPU.Build.0 = Debug|Any CPU
		{AA07D860-3775-4F7B-83AA-3B5D9DD1EE0F}.Release|Any CPU.ActiveCfg = Release|Any CPU
		{AA07D860-3775-4F7B-83AA-3B5D9DD1EE0F}.Release|Any CPU.Build.0 = Release|Any CPU
		{90EDE0BA-81C6-4C93-A311-A12E10F96A75}.Debug|Any CPU.ActiveCfg = Debug|Any CPU
		{90EDE0BA-81C6-4C93-A311-A12E10F96A75}.Debug|Any CPU.Build.0 = Debug|Any CPU
		{90EDE0BA-81C6-4C93-A311-A12E10F96A75}.Release|Any CPU.ActiveCfg = Release|Any CPU
		{90EDE0BA-81C6-4C93-A311-A12E10F96A75}.Release|Any CPU.Build.0 = Release|Any CPU
		{D8C7D555-3C71-443D-BD77-E90270280AC9}.Debug|Any CPU.ActiveCfg = Debug|Any CPU
		{D8C7D555-3C71-443D-BD77-E90270280AC9}.Debug|Any CPU.Build.0 = Debug|Any CPU
		{D8C7D555-3C71-443D-BD77-E90270280AC9}.Release|Any CPU.ActiveCfg = Release|Any CPU
		{D8C7D555-3C71-443D-BD77-E90270280AC9}.Release|Any CPU.Build.0 = Release|Any CPU
		{73AE0D1C-C4C8-4C7F-928B-C472F5A1A2CD}.Debug|Any CPU.ActiveCfg = Debug|Any CPU
		{73AE0D1C-C4C8-4C7F-928B-C472F5A1A2CD}.Debug|Any CPU.Build.0 = Debug|Any CPU
		{73AE0D1C-C4C8-4C7F-928B-C472F5A1A2CD}.Release|Any CPU.ActiveCfg = Release|Any CPU
		{73AE0D1C-C4C8-4C7F-928B-C472F5A1A2CD}.Release|Any CPU.Build.0 = Release|Any CPU
		{37813287-4E8B-4FED-9A83-0D1082F52B2D}.Debug|Any CPU.ActiveCfg = Debug|Any CPU
		{37813287-4E8B-4FED-9A83-0D1082F52B2D}.Debug|Any CPU.Build.0 = Debug|Any CPU
		{37813287-4E8B-4FED-9A83-0D1082F52B2D}.Release|Any CPU.ActiveCfg = Release|Any CPU
		{37813287-4E8B-4FED-9A83-0D1082F52B2D}.Release|Any CPU.Build.0 = Release|Any CPU
		{C9DCA314-BC73-4AB0-860C-C65917A2CA58}.Debug|Any CPU.ActiveCfg = Debug|Any CPU
		{C9DCA314-BC73-4AB0-860C-C65917A2CA58}.Debug|Any CPU.Build.0 = Debug|Any CPU
		{C9DCA314-BC73-4AB0-860C-C65917A2CA58}.Release|Any CPU.ActiveCfg = Release|Any CPU
		{C9DCA314-BC73-4AB0-860C-C65917A2CA58}.Release|Any CPU.Build.0 = Release|Any CPU
		{CEDB637E-40BE-4E46-8221-5E03F41687CE}.Debug|Any CPU.ActiveCfg = Debug|Any CPU
		{CEDB637E-40BE-4E46-8221-5E03F41687CE}.Debug|Any CPU.Build.0 = Debug|Any CPU
		{CEDB637E-40BE-4E46-8221-5E03F41687CE}.Release|Any CPU.ActiveCfg = Release|Any CPU
		{CEDB637E-40BE-4E46-8221-5E03F41687CE}.Release|Any CPU.Build.0 = Release|Any CPU
		{94C98BEE-F0CC-4E49-AA02-6B9C66C64D59}.Debug|Any CPU.ActiveCfg = Debug|Any CPU
		{94C98BEE-F0CC-4E49-AA02-6B9C66C64D59}.Debug|Any CPU.Build.0 = Debug|Any CPU
		{94C98BEE-F0CC-4E49-AA02-6B9C66C64D59}.Release|Any CPU.ActiveCfg = Release|Any CPU
		{94C98BEE-F0CC-4E49-AA02-6B9C66C64D59}.Release|Any CPU.Build.0 = Release|Any CPU
		{28F38EE5-C61B-4B5D-91C9-65750CFA8182}.Debug|Any CPU.ActiveCfg = Debug|Any CPU
		{28F38EE5-C61B-4B5D-91C9-65750CFA8182}.Debug|Any CPU.Build.0 = Debug|Any CPU
		{28F38EE5-C61B-4B5D-91C9-65750CFA8182}.Release|Any CPU.ActiveCfg = Release|Any CPU
		{28F38EE5-C61B-4B5D-91C9-65750CFA8182}.Release|Any CPU.Build.0 = Release|Any CPU
		{9725E3A9-F721-4B27-AE95-8D01FF2D1A1D}.Debug|Any CPU.ActiveCfg = Debug|Any CPU
		{9725E3A9-F721-4B27-AE95-8D01FF2D1A1D}.Debug|Any CPU.Build.0 = Debug|Any CPU
		{9725E3A9-F721-4B27-AE95-8D01FF2D1A1D}.Release|Any CPU.ActiveCfg = Release|Any CPU
		{9725E3A9-F721-4B27-AE95-8D01FF2D1A1D}.Release|Any CPU.Build.0 = Release|Any CPU
		{8F263131-D42A-462C-B83F-7B2E9E1C401D}.Debug|Any CPU.ActiveCfg = Debug|Any CPU
		{8F263131-D42A-462C-B83F-7B2E9E1C401D}.Debug|Any CPU.Build.0 = Debug|Any CPU
		{8F263131-D42A-462C-B83F-7B2E9E1C401D}.Release|Any CPU.ActiveCfg = Release|Any CPU
		{8F263131-D42A-462C-B83F-7B2E9E1C401D}.Release|Any CPU.Build.0 = Release|Any CPU
		{64BC6033-BED6-48FE-9956-C54F5303C31A}.Debug|Any CPU.ActiveCfg = Debug|Any CPU
		{64BC6033-BED6-48FE-9956-C54F5303C31A}.Debug|Any CPU.Build.0 = Debug|Any CPU
		{64BC6033-BED6-48FE-9956-C54F5303C31A}.Release|Any CPU.ActiveCfg = Release|Any CPU
		{64BC6033-BED6-48FE-9956-C54F5303C31A}.Release|Any CPU.Build.0 = Release|Any CPU
		{1756D4F4-2762-44A3-BDC5-DAF6A95CD037}.Debug|Any CPU.ActiveCfg = Debug|Any CPU
		{1756D4F4-2762-44A3-BDC5-DAF6A95CD037}.Debug|Any CPU.Build.0 = Debug|Any CPU
		{1756D4F4-2762-44A3-BDC5-DAF6A95CD037}.Release|Any CPU.ActiveCfg = Release|Any CPU
		{1756D4F4-2762-44A3-BDC5-DAF6A95CD037}.Release|Any CPU.Build.0 = Release|Any CPU
		{593D2E9A-7DFE-4659-84A9-1548962680A2}.Debug|Any CPU.ActiveCfg = Debug|Any CPU
		{593D2E9A-7DFE-4659-84A9-1548962680A2}.Debug|Any CPU.Build.0 = Debug|Any CPU
		{593D2E9A-7DFE-4659-84A9-1548962680A2}.Release|Any CPU.ActiveCfg = Release|Any CPU
		{593D2E9A-7DFE-4659-84A9-1548962680A2}.Release|Any CPU.Build.0 = Release|Any CPU
		{86FCC477-340F-4C89-8C11-66C7645BA8CA}.Debug|Any CPU.ActiveCfg = Debug|Any CPU
		{86FCC477-340F-4C89-8C11-66C7645BA8CA}.Debug|Any CPU.Build.0 = Debug|Any CPU
		{86FCC477-340F-4C89-8C11-66C7645BA8CA}.Release|Any CPU.ActiveCfg = Release|Any CPU
		{86FCC477-340F-4C89-8C11-66C7645BA8CA}.Release|Any CPU.Build.0 = Release|Any CPU
		{E9FD137A-75E6-433A-9F57-821D2E61972F}.Debug|Any CPU.ActiveCfg = Debug|Any CPU
		{E9FD137A-75E6-433A-9F57-821D2E61972F}.Debug|Any CPU.Build.0 = Debug|Any CPU
		{E9FD137A-75E6-433A-9F57-821D2E61972F}.Release|Any CPU.ActiveCfg = Release|Any CPU
		{E9FD137A-75E6-433A-9F57-821D2E61972F}.Release|Any CPU.Build.0 = Release|Any CPU
		{80F076DD-EEF5-4E6E-A11E-3DAB5A78289C}.Debug|Any CPU.ActiveCfg = Debug|Any CPU
		{80F076DD-EEF5-4E6E-A11E-3DAB5A78289C}.Debug|Any CPU.Build.0 = Debug|Any CPU
		{80F076DD-EEF5-4E6E-A11E-3DAB5A78289C}.Release|Any CPU.ActiveCfg = Release|Any CPU
		{80F076DD-EEF5-4E6E-A11E-3DAB5A78289C}.Release|Any CPU.Build.0 = Release|Any CPU
		{63749E6D-7B84-475C-AE6F-6D0EDE5E81B0}.Debug|Any CPU.ActiveCfg = Debug|Any CPU
		{63749E6D-7B84-475C-AE6F-6D0EDE5E81B0}.Debug|Any CPU.Build.0 = Debug|Any CPU
		{63749E6D-7B84-475C-AE6F-6D0EDE5E81B0}.Release|Any CPU.ActiveCfg = Release|Any CPU
		{63749E6D-7B84-475C-AE6F-6D0EDE5E81B0}.Release|Any CPU.Build.0 = Release|Any CPU
		{EE045200-5E8A-41A9-8512-31160CD031CA}.Debug|Any CPU.ActiveCfg = Debug|Any CPU
		{EE045200-5E8A-41A9-8512-31160CD031CA}.Debug|Any CPU.Build.0 = Debug|Any CPU
		{EE045200-5E8A-41A9-8512-31160CD031CA}.Release|Any CPU.ActiveCfg = Release|Any CPU
		{EE045200-5E8A-41A9-8512-31160CD031CA}.Release|Any CPU.Build.0 = Release|Any CPU
		{1EF0E915-0F71-44F1-AF63-ED13630160FA}.Debug|Any CPU.ActiveCfg = Debug|Any CPU
		{1EF0E915-0F71-44F1-AF63-ED13630160FA}.Debug|Any CPU.Build.0 = Debug|Any CPU
		{1EF0E915-0F71-44F1-AF63-ED13630160FA}.Release|Any CPU.ActiveCfg = Release|Any CPU
		{1EF0E915-0F71-44F1-AF63-ED13630160FA}.Release|Any CPU.Build.0 = Release|Any CPU
		{2936C9C3-F5F2-4902-8161-E1D9156C68BB}.Debug|Any CPU.ActiveCfg = Debug|Any CPU
		{2936C9C3-F5F2-4902-8161-E1D9156C68BB}.Debug|Any CPU.Build.0 = Debug|Any CPU
		{2936C9C3-F5F2-4902-8161-E1D9156C68BB}.Release|Any CPU.ActiveCfg = Release|Any CPU
		{2936C9C3-F5F2-4902-8161-E1D9156C68BB}.Release|Any CPU.Build.0 = Release|Any CPU
		{A4029055-A40F-4928-AE64-400490519DBA}.Debug|Any CPU.ActiveCfg = Debug|Any CPU
		{A4029055-A40F-4928-AE64-400490519DBA}.Debug|Any CPU.Build.0 = Debug|Any CPU
		{A4029055-A40F-4928-AE64-400490519DBA}.Release|Any CPU.ActiveCfg = Release|Any CPU
		{A4029055-A40F-4928-AE64-400490519DBA}.Release|Any CPU.Build.0 = Release|Any CPU
		{BC50CE90-2933-45D0-8ADA-2E5AE2C22098}.Debug|Any CPU.ActiveCfg = Debug|Any CPU
		{BC50CE90-2933-45D0-8ADA-2E5AE2C22098}.Debug|Any CPU.Build.0 = Debug|Any CPU
		{BC50CE90-2933-45D0-8ADA-2E5AE2C22098}.Release|Any CPU.ActiveCfg = Release|Any CPU
		{BC50CE90-2933-45D0-8ADA-2E5AE2C22098}.Release|Any CPU.Build.0 = Release|Any CPU
		{5C3504C4-DBDC-4212-8A25-9900A3A5A063}.Debug|Any CPU.ActiveCfg = Debug|Any CPU
		{5C3504C4-DBDC-4212-8A25-9900A3A5A063}.Debug|Any CPU.Build.0 = Debug|Any CPU
		{5C3504C4-DBDC-4212-8A25-9900A3A5A063}.Release|Any CPU.ActiveCfg = Release|Any CPU
		{5C3504C4-DBDC-4212-8A25-9900A3A5A063}.Release|Any CPU.Build.0 = Release|Any CPU
		{AEB36A78-1ACB-422A-AC50-4AFEEBF1EF3D}.Debug|Any CPU.ActiveCfg = Debug|Any CPU
		{AEB36A78-1ACB-422A-AC50-4AFEEBF1EF3D}.Debug|Any CPU.Build.0 = Debug|Any CPU
		{AEB36A78-1ACB-422A-AC50-4AFEEBF1EF3D}.Release|Any CPU.ActiveCfg = Release|Any CPU
		{AEB36A78-1ACB-422A-AC50-4AFEEBF1EF3D}.Release|Any CPU.Build.0 = Release|Any CPU
		{2582B472-3EF4-40CE-B554-7304B6C84870}.Debug|Any CPU.ActiveCfg = Debug|Any CPU
		{2582B472-3EF4-40CE-B554-7304B6C84870}.Debug|Any CPU.Build.0 = Debug|Any CPU
		{2582B472-3EF4-40CE-B554-7304B6C84870}.Release|Any CPU.ActiveCfg = Release|Any CPU
		{2582B472-3EF4-40CE-B554-7304B6C84870}.Release|Any CPU.Build.0 = Release|Any CPU
		{4FBB9598-469A-4370-9090-39426E8571CB}.Debug|Any CPU.ActiveCfg = Debug|Any CPU
		{4FBB9598-469A-4370-9090-39426E8571CB}.Debug|Any CPU.Build.0 = Debug|Any CPU
		{4FBB9598-469A-4370-9090-39426E8571CB}.Release|Any CPU.ActiveCfg = Release|Any CPU
		{4FBB9598-469A-4370-9090-39426E8571CB}.Release|Any CPU.Build.0 = Release|Any CPU
		{E2355335-8A73-4C5D-96F3-3C2316C58BB2}.Debug|Any CPU.ActiveCfg = Debug|Any CPU
		{E2355335-8A73-4C5D-96F3-3C2316C58BB2}.Debug|Any CPU.Build.0 = Debug|Any CPU
		{E2355335-8A73-4C5D-96F3-3C2316C58BB2}.Release|Any CPU.ActiveCfg = Release|Any CPU
		{E2355335-8A73-4C5D-96F3-3C2316C58BB2}.Release|Any CPU.Build.0 = Release|Any CPU
		{BF974AEB-53B2-492C-94E8-4D5D248C4FB0}.Debug|Any CPU.ActiveCfg = Debug|Any CPU
		{BF974AEB-53B2-492C-94E8-4D5D248C4FB0}.Debug|Any CPU.Build.0 = Debug|Any CPU
		{BF974AEB-53B2-492C-94E8-4D5D248C4FB0}.Release|Any CPU.ActiveCfg = Release|Any CPU
		{BF974AEB-53B2-492C-94E8-4D5D248C4FB0}.Release|Any CPU.Build.0 = Release|Any CPU
		{FB679870-9B4C-4910-9AA9-BE770E68630A}.Debug|Any CPU.ActiveCfg = Debug|Any CPU
		{FB679870-9B4C-4910-9AA9-BE770E68630A}.Debug|Any CPU.Build.0 = Debug|Any CPU
		{FB679870-9B4C-4910-9AA9-BE770E68630A}.Release|Any CPU.ActiveCfg = Release|Any CPU
		{FB679870-9B4C-4910-9AA9-BE770E68630A}.Release|Any CPU.Build.0 = Release|Any CPU
		{04C4DEC6-1AE1-491F-B6F3-6714AC092B36}.Debug|Any CPU.ActiveCfg = Debug|Any CPU
		{04C4DEC6-1AE1-491F-B6F3-6714AC092B36}.Debug|Any CPU.Build.0 = Debug|Any CPU
		{04C4DEC6-1AE1-491F-B6F3-6714AC092B36}.Release|Any CPU.ActiveCfg = Release|Any CPU
		{04C4DEC6-1AE1-491F-B6F3-6714AC092B36}.Release|Any CPU.Build.0 = Release|Any CPU
		{3993AD72-8EC8-40E3-B934-4967DCE2DC1D}.Debug|Any CPU.ActiveCfg = Debug|Any CPU
		{3993AD72-8EC8-40E3-B934-4967DCE2DC1D}.Debug|Any CPU.Build.0 = Debug|Any CPU
		{3993AD72-8EC8-40E3-B934-4967DCE2DC1D}.Release|Any CPU.ActiveCfg = Release|Any CPU
		{3993AD72-8EC8-40E3-B934-4967DCE2DC1D}.Release|Any CPU.Build.0 = Release|Any CPU
		{544BDA79-98EE-4BCF-A9CA-0E730EBD3CDD}.Debug|Any CPU.ActiveCfg = Debug|Any CPU
		{544BDA79-98EE-4BCF-A9CA-0E730EBD3CDD}.Debug|Any CPU.Build.0 = Debug|Any CPU
		{544BDA79-98EE-4BCF-A9CA-0E730EBD3CDD}.Release|Any CPU.ActiveCfg = Release|Any CPU
		{544BDA79-98EE-4BCF-A9CA-0E730EBD3CDD}.Release|Any CPU.Build.0 = Release|Any CPU
		{681F6865-4D58-4AE8-A6EC-9E4F60A74BFA}.Debug|Any CPU.ActiveCfg = Debug|Any CPU
		{681F6865-4D58-4AE8-A6EC-9E4F60A74BFA}.Debug|Any CPU.Build.0 = Debug|Any CPU
		{681F6865-4D58-4AE8-A6EC-9E4F60A74BFA}.Release|Any CPU.ActiveCfg = Release|Any CPU
		{681F6865-4D58-4AE8-A6EC-9E4F60A74BFA}.Release|Any CPU.Build.0 = Release|Any CPU
		{2B3973E3-1A29-453F-9FE3-50E9BAAE9758}.Debug|Any CPU.ActiveCfg = Debug|Any CPU
		{2B3973E3-1A29-453F-9FE3-50E9BAAE9758}.Debug|Any CPU.Build.0 = Debug|Any CPU
		{2B3973E3-1A29-453F-9FE3-50E9BAAE9758}.Release|Any CPU.ActiveCfg = Release|Any CPU
		{2B3973E3-1A29-453F-9FE3-50E9BAAE9758}.Release|Any CPU.Build.0 = Release|Any CPU
		{79149BD0-6DB8-4F75-BF91-68CAD20136A8}.Debug|Any CPU.ActiveCfg = Debug|Any CPU
		{79149BD0-6DB8-4F75-BF91-68CAD20136A8}.Debug|Any CPU.Build.0 = Debug|Any CPU
		{79149BD0-6DB8-4F75-BF91-68CAD20136A8}.Release|Any CPU.ActiveCfg = Release|Any CPU
		{79149BD0-6DB8-4F75-BF91-68CAD20136A8}.Release|Any CPU.Build.0 = Release|Any CPU
		{2505501D-EF84-45BF-A970-6DDBA828A381}.Debug|Any CPU.ActiveCfg = Debug|Any CPU
		{2505501D-EF84-45BF-A970-6DDBA828A381}.Debug|Any CPU.Build.0 = Debug|Any CPU
		{2505501D-EF84-45BF-A970-6DDBA828A381}.Release|Any CPU.ActiveCfg = Release|Any CPU
		{2505501D-EF84-45BF-A970-6DDBA828A381}.Release|Any CPU.Build.0 = Release|Any CPU
		{2C63F5C4-F9D3-459D-B148-6381C615112D}.Debug|Any CPU.ActiveCfg = Debug|Any CPU
		{2C63F5C4-F9D3-459D-B148-6381C615112D}.Debug|Any CPU.Build.0 = Debug|Any CPU
		{2C63F5C4-F9D3-459D-B148-6381C615112D}.Release|Any CPU.ActiveCfg = Release|Any CPU
		{2C63F5C4-F9D3-459D-B148-6381C615112D}.Release|Any CPU.Build.0 = Release|Any CPU
		{3EDAA68F-6FF2-4E55-B093-905D0DC3CB0A}.Debug|Any CPU.ActiveCfg = Debug|Any CPU
		{3EDAA68F-6FF2-4E55-B093-905D0DC3CB0A}.Debug|Any CPU.Build.0 = Debug|Any CPU
		{3EDAA68F-6FF2-4E55-B093-905D0DC3CB0A}.Release|Any CPU.ActiveCfg = Release|Any CPU
		{3EDAA68F-6FF2-4E55-B093-905D0DC3CB0A}.Release|Any CPU.Build.0 = Release|Any CPU
		{30CD0284-E161-46E4-8DA8-5BCABA73BFC7}.Debug|Any CPU.ActiveCfg = Debug|Any CPU
		{30CD0284-E161-46E4-8DA8-5BCABA73BFC7}.Debug|Any CPU.Build.0 = Debug|Any CPU
		{30CD0284-E161-46E4-8DA8-5BCABA73BFC7}.Release|Any CPU.ActiveCfg = Release|Any CPU
		{30CD0284-E161-46E4-8DA8-5BCABA73BFC7}.Release|Any CPU.Build.0 = Release|Any CPU
		{1385F8EC-BB01-46D0-AFF2-FE19FA9F7864}.Debug|Any CPU.ActiveCfg = Debug|Any CPU
		{1385F8EC-BB01-46D0-AFF2-FE19FA9F7864}.Debug|Any CPU.Build.0 = Debug|Any CPU
		{1385F8EC-BB01-46D0-AFF2-FE19FA9F7864}.Release|Any CPU.ActiveCfg = Release|Any CPU
		{1385F8EC-BB01-46D0-AFF2-FE19FA9F7864}.Release|Any CPU.Build.0 = Release|Any CPU
		{8BFDC567-C07B-4989-8343-BD7C33A35CB3}.Debug|Any CPU.ActiveCfg = Debug|Any CPU
		{8BFDC567-C07B-4989-8343-BD7C33A35CB3}.Debug|Any CPU.Build.0 = Debug|Any CPU
		{8BFDC567-C07B-4989-8343-BD7C33A35CB3}.Release|Any CPU.ActiveCfg = Release|Any CPU
		{8BFDC567-C07B-4989-8343-BD7C33A35CB3}.Release|Any CPU.Build.0 = Release|Any CPU
		{BBE445AE-90D3-4312-9F69-4891DC9EF2B8}.Debug|Any CPU.ActiveCfg = Debug|Any CPU
		{BBE445AE-90D3-4312-9F69-4891DC9EF2B8}.Debug|Any CPU.Build.0 = Debug|Any CPU
		{BBE445AE-90D3-4312-9F69-4891DC9EF2B8}.Release|Any CPU.ActiveCfg = Release|Any CPU
		{BBE445AE-90D3-4312-9F69-4891DC9EF2B8}.Release|Any CPU.Build.0 = Release|Any CPU
		{5B6932F3-B0E3-4487-897B-307EE660956D}.Debug|Any CPU.ActiveCfg = Debug|Any CPU
		{5B6932F3-B0E3-4487-897B-307EE660956D}.Debug|Any CPU.Build.0 = Debug|Any CPU
		{5B6932F3-B0E3-4487-897B-307EE660956D}.Release|Any CPU.ActiveCfg = Release|Any CPU
		{5B6932F3-B0E3-4487-897B-307EE660956D}.Release|Any CPU.Build.0 = Release|Any CPU
		{A80C0030-0AF0-40A1-883C-A50033BF65BA}.Debug|Any CPU.ActiveCfg = Debug|Any CPU
		{A80C0030-0AF0-40A1-883C-A50033BF65BA}.Debug|Any CPU.Build.0 = Debug|Any CPU
		{A80C0030-0AF0-40A1-883C-A50033BF65BA}.Release|Any CPU.ActiveCfg = Release|Any CPU
		{A80C0030-0AF0-40A1-883C-A50033BF65BA}.Release|Any CPU.Build.0 = Release|Any CPU
		{78B5D6CF-9ABC-4BE9-AEEC-151424934D17}.Debug|Any CPU.ActiveCfg = Debug|Any CPU
		{78B5D6CF-9ABC-4BE9-AEEC-151424934D17}.Debug|Any CPU.Build.0 = Debug|Any CPU
		{78B5D6CF-9ABC-4BE9-AEEC-151424934D17}.Release|Any CPU.ActiveCfg = Release|Any CPU
		{78B5D6CF-9ABC-4BE9-AEEC-151424934D17}.Release|Any CPU.Build.0 = Release|Any CPU
		{52223BD1-0246-4BEF-B9EF-94DE9FF6F072}.Debug|Any CPU.ActiveCfg = Debug|Any CPU
		{52223BD1-0246-4BEF-B9EF-94DE9FF6F072}.Debug|Any CPU.Build.0 = Debug|Any CPU
		{52223BD1-0246-4BEF-B9EF-94DE9FF6F072}.Release|Any CPU.ActiveCfg = Release|Any CPU
		{52223BD1-0246-4BEF-B9EF-94DE9FF6F072}.Release|Any CPU.Build.0 = Release|Any CPU
		{A36A5EE1-A49D-4258-A702-E870D72F0736}.Debug|Any CPU.ActiveCfg = Debug|Any CPU
		{A36A5EE1-A49D-4258-A702-E870D72F0736}.Debug|Any CPU.Build.0 = Debug|Any CPU
		{A36A5EE1-A49D-4258-A702-E870D72F0736}.Release|Any CPU.ActiveCfg = Release|Any CPU
		{A36A5EE1-A49D-4258-A702-E870D72F0736}.Release|Any CPU.Build.0 = Release|Any CPU
		{F0CD15D1-1AC0-46FA-B43E-EBB5C68B9C46}.Debug|Any CPU.ActiveCfg = Debug|Any CPU
		{F0CD15D1-1AC0-46FA-B43E-EBB5C68B9C46}.Debug|Any CPU.Build.0 = Debug|Any CPU
		{F0CD15D1-1AC0-46FA-B43E-EBB5C68B9C46}.Release|Any CPU.ActiveCfg = Release|Any CPU
		{F0CD15D1-1AC0-46FA-B43E-EBB5C68B9C46}.Release|Any CPU.Build.0 = Release|Any CPU
		{9CAC7EBE-C644-45AC-8D21-FEFB6DF7F352}.Debug|Any CPU.ActiveCfg = Debug|Any CPU
		{9CAC7EBE-C644-45AC-8D21-FEFB6DF7F352}.Debug|Any CPU.Build.0 = Debug|Any CPU
		{9CAC7EBE-C644-45AC-8D21-FEFB6DF7F352}.Release|Any CPU.ActiveCfg = Release|Any CPU
		{9CAC7EBE-C644-45AC-8D21-FEFB6DF7F352}.Release|Any CPU.Build.0 = Release|Any CPU
		{BFFAB106-2194-497F-BE10-CDC8358711FF}.Debug|Any CPU.ActiveCfg = Debug|Any CPU
		{BFFAB106-2194-497F-BE10-CDC8358711FF}.Debug|Any CPU.Build.0 = Debug|Any CPU
		{BFFAB106-2194-497F-BE10-CDC8358711FF}.Release|Any CPU.ActiveCfg = Release|Any CPU
		{BFFAB106-2194-497F-BE10-CDC8358711FF}.Release|Any CPU.Build.0 = Release|Any CPU
		{C1926514-5057-4CAC-B8DD-6DC4E8F86380}.Debug|Any CPU.ActiveCfg = Debug|Any CPU
		{C1926514-5057-4CAC-B8DD-6DC4E8F86380}.Debug|Any CPU.Build.0 = Debug|Any CPU
		{C1926514-5057-4CAC-B8DD-6DC4E8F86380}.Release|Any CPU.ActiveCfg = Release|Any CPU
		{C1926514-5057-4CAC-B8DD-6DC4E8F86380}.Release|Any CPU.Build.0 = Release|Any CPU
		{07138D42-F25C-4BB7-BD2B-C1A0F788B273}.Debug|Any CPU.ActiveCfg = Debug|Any CPU
		{07138D42-F25C-4BB7-BD2B-C1A0F788B273}.Debug|Any CPU.Build.0 = Debug|Any CPU
		{07138D42-F25C-4BB7-BD2B-C1A0F788B273}.Release|Any CPU.ActiveCfg = Release|Any CPU
		{07138D42-F25C-4BB7-BD2B-C1A0F788B273}.Release|Any CPU.Build.0 = Release|Any CPU
		{DB44590F-1C4A-4B58-ACF1-4282FDF5637A}.Debug|Any CPU.ActiveCfg = Debug|Any CPU
		{DB44590F-1C4A-4B58-ACF1-4282FDF5637A}.Debug|Any CPU.Build.0 = Debug|Any CPU
		{DB44590F-1C4A-4B58-ACF1-4282FDF5637A}.Release|Any CPU.ActiveCfg = Release|Any CPU
		{DB44590F-1C4A-4B58-ACF1-4282FDF5637A}.Release|Any CPU.Build.0 = Release|Any CPU
		{A21559BB-51C3-437B-A1F9-CC8AA7F00333}.Debug|Any CPU.ActiveCfg = Debug|Any CPU
		{A21559BB-51C3-437B-A1F9-CC8AA7F00333}.Debug|Any CPU.Build.0 = Debug|Any CPU
		{A21559BB-51C3-437B-A1F9-CC8AA7F00333}.Release|Any CPU.ActiveCfg = Release|Any CPU
		{A21559BB-51C3-437B-A1F9-CC8AA7F00333}.Release|Any CPU.Build.0 = Release|Any CPU
		{809D9E0F-05BD-45AE-AA7F-1D734ADDF792}.Debug|Any CPU.ActiveCfg = Debug|Any CPU
		{809D9E0F-05BD-45AE-AA7F-1D734ADDF792}.Debug|Any CPU.Build.0 = Debug|Any CPU
		{809D9E0F-05BD-45AE-AA7F-1D734ADDF792}.Release|Any CPU.ActiveCfg = Release|Any CPU
		{809D9E0F-05BD-45AE-AA7F-1D734ADDF792}.Release|Any CPU.Build.0 = Release|Any CPU
		{70DABEA6-C753-41A9-926D-A50915FC1B7A}.Debug|Any CPU.ActiveCfg = Debug|Any CPU
		{70DABEA6-C753-41A9-926D-A50915FC1B7A}.Debug|Any CPU.Build.0 = Debug|Any CPU
		{70DABEA6-C753-41A9-926D-A50915FC1B7A}.Release|Any CPU.ActiveCfg = Release|Any CPU
		{70DABEA6-C753-41A9-926D-A50915FC1B7A}.Release|Any CPU.Build.0 = Release|Any CPU
		{E5110222-383C-42FE-B6C7-2EF32E5A9F55}.Debug|Any CPU.ActiveCfg = Debug|Any CPU
		{E5110222-383C-42FE-B6C7-2EF32E5A9F55}.Debug|Any CPU.Build.0 = Debug|Any CPU
		{E5110222-383C-42FE-B6C7-2EF32E5A9F55}.Release|Any CPU.ActiveCfg = Release|Any CPU
		{E5110222-383C-42FE-B6C7-2EF32E5A9F55}.Release|Any CPU.Build.0 = Release|Any CPU
		{03C79737-55DF-45A2-9D32-138E58C25996}.Debug|Any CPU.ActiveCfg = Debug|Any CPU
		{03C79737-55DF-45A2-9D32-138E58C25996}.Debug|Any CPU.Build.0 = Debug|Any CPU
		{03C79737-55DF-45A2-9D32-138E58C25996}.Release|Any CPU.ActiveCfg = Release|Any CPU
		{03C79737-55DF-45A2-9D32-138E58C25996}.Release|Any CPU.Build.0 = Release|Any CPU
		{B82C9D20-A2DB-40F6-BAC5-251C613370EF}.Debug|Any CPU.ActiveCfg = Debug|Any CPU
		{B82C9D20-A2DB-40F6-BAC5-251C613370EF}.Debug|Any CPU.Build.0 = Debug|Any CPU
		{B82C9D20-A2DB-40F6-BAC5-251C613370EF}.Release|Any CPU.ActiveCfg = Release|Any CPU
		{B82C9D20-A2DB-40F6-BAC5-251C613370EF}.Release|Any CPU.Build.0 = Release|Any CPU
		{CA1BF906-EB03-4FF1-ADD6-FE01F07C1498}.Debug|Any CPU.ActiveCfg = Debug|Any CPU
		{CA1BF906-EB03-4FF1-ADD6-FE01F07C1498}.Debug|Any CPU.Build.0 = Debug|Any CPU
		{CA1BF906-EB03-4FF1-ADD6-FE01F07C1498}.Release|Any CPU.ActiveCfg = Release|Any CPU
		{CA1BF906-EB03-4FF1-ADD6-FE01F07C1498}.Release|Any CPU.Build.0 = Release|Any CPU
		{EBE7AB88-CC67-4BD1-AB3A-B30481C9E5ED}.Debug|Any CPU.ActiveCfg = Debug|Any CPU
		{EBE7AB88-CC67-4BD1-AB3A-B30481C9E5ED}.Debug|Any CPU.Build.0 = Debug|Any CPU
		{EBE7AB88-CC67-4BD1-AB3A-B30481C9E5ED}.Release|Any CPU.ActiveCfg = Release|Any CPU
		{EBE7AB88-CC67-4BD1-AB3A-B30481C9E5ED}.Release|Any CPU.Build.0 = Release|Any CPU
		{BB681A7E-D39A-4987-A653-B85F4600387E}.Debug|Any CPU.ActiveCfg = Debug|Any CPU
		{BB681A7E-D39A-4987-A653-B85F4600387E}.Debug|Any CPU.Build.0 = Debug|Any CPU
		{BB681A7E-D39A-4987-A653-B85F4600387E}.Release|Any CPU.ActiveCfg = Release|Any CPU
		{BB681A7E-D39A-4987-A653-B85F4600387E}.Release|Any CPU.Build.0 = Release|Any CPU
		{2CD3F548-99F8-4C70-AC72-4728A7BBE54C}.Debug|Any CPU.ActiveCfg = Debug|Any CPU
		{2CD3F548-99F8-4C70-AC72-4728A7BBE54C}.Debug|Any CPU.Build.0 = Debug|Any CPU
		{2CD3F548-99F8-4C70-AC72-4728A7BBE54C}.Release|Any CPU.ActiveCfg = Release|Any CPU
		{2CD3F548-99F8-4C70-AC72-4728A7BBE54C}.Release|Any CPU.Build.0 = Release|Any CPU
		{FF1EA422-CA52-4F4C-B8DA-110A81C74CD8}.Debug|Any CPU.ActiveCfg = Debug|Any CPU
		{FF1EA422-CA52-4F4C-B8DA-110A81C74CD8}.Debug|Any CPU.Build.0 = Debug|Any CPU
		{FF1EA422-CA52-4F4C-B8DA-110A81C74CD8}.Release|Any CPU.ActiveCfg = Release|Any CPU
		{FF1EA422-CA52-4F4C-B8DA-110A81C74CD8}.Release|Any CPU.Build.0 = Release|Any CPU
		{049A73CB-5730-4003-92B4-FF59230DD466}.Debug|Any CPU.ActiveCfg = Debug|Any CPU
		{049A73CB-5730-4003-92B4-FF59230DD466}.Debug|Any CPU.Build.0 = Debug|Any CPU
		{049A73CB-5730-4003-92B4-FF59230DD466}.Release|Any CPU.ActiveCfg = Release|Any CPU
		{049A73CB-5730-4003-92B4-FF59230DD466}.Release|Any CPU.Build.0 = Release|Any CPU
		{27207943-24BC-408C-B4BF-F52B03C532F3}.Debug|Any CPU.ActiveCfg = Debug|Any CPU
		{27207943-24BC-408C-B4BF-F52B03C532F3}.Debug|Any CPU.Build.0 = Debug|Any CPU
		{27207943-24BC-408C-B4BF-F52B03C532F3}.Release|Any CPU.ActiveCfg = Release|Any CPU
		{27207943-24BC-408C-B4BF-F52B03C532F3}.Release|Any CPU.Build.0 = Release|Any CPU
		{8F5EC00E-8ACB-4922-96BB-2EE3DF0136BD}.Debug|Any CPU.ActiveCfg = Debug|Any CPU
		{8F5EC00E-8ACB-4922-96BB-2EE3DF0136BD}.Debug|Any CPU.Build.0 = Debug|Any CPU
		{8F5EC00E-8ACB-4922-96BB-2EE3DF0136BD}.Release|Any CPU.ActiveCfg = Release|Any CPU
		{8F5EC00E-8ACB-4922-96BB-2EE3DF0136BD}.Release|Any CPU.Build.0 = Release|Any CPU
		{638131E1-1623-42F4-8CFE-15BFC49510C3}.Debug|Any CPU.ActiveCfg = Debug|Any CPU
		{638131E1-1623-42F4-8CFE-15BFC49510C3}.Debug|Any CPU.Build.0 = Debug|Any CPU
		{638131E1-1623-42F4-8CFE-15BFC49510C3}.Release|Any CPU.ActiveCfg = Release|Any CPU
		{638131E1-1623-42F4-8CFE-15BFC49510C3}.Release|Any CPU.Build.0 = Release|Any CPU
		{A2C05FC1-D276-4DB0-99BE-AD87E06AB1C6}.Debug|Any CPU.ActiveCfg = Debug|Any CPU
		{A2C05FC1-D276-4DB0-99BE-AD87E06AB1C6}.Debug|Any CPU.Build.0 = Debug|Any CPU
		{A2C05FC1-D276-4DB0-99BE-AD87E06AB1C6}.Release|Any CPU.ActiveCfg = Release|Any CPU
		{A2C05FC1-D276-4DB0-99BE-AD87E06AB1C6}.Release|Any CPU.Build.0 = Release|Any CPU
		{991C68C9-285D-4B3F-A7BF-6D9096FF4A94}.Debug|Any CPU.ActiveCfg = Debug|Any CPU
		{991C68C9-285D-4B3F-A7BF-6D9096FF4A94}.Debug|Any CPU.Build.0 = Debug|Any CPU
		{991C68C9-285D-4B3F-A7BF-6D9096FF4A94}.Release|Any CPU.ActiveCfg = Release|Any CPU
		{991C68C9-285D-4B3F-A7BF-6D9096FF4A94}.Release|Any CPU.Build.0 = Release|Any CPU
		{62F2BF16-05BD-4818-8E5E-A7854EE02854}.Debug|Any CPU.ActiveCfg = Debug|Any CPU
		{62F2BF16-05BD-4818-8E5E-A7854EE02854}.Debug|Any CPU.Build.0 = Debug|Any CPU
		{62F2BF16-05BD-4818-8E5E-A7854EE02854}.Release|Any CPU.ActiveCfg = Release|Any CPU
		{62F2BF16-05BD-4818-8E5E-A7854EE02854}.Release|Any CPU.Build.0 = Release|Any CPU
		{98D6C5C2-7CA7-4C9E-BD4E-8D0F0326ACD6}.Debug|Any CPU.ActiveCfg = Debug|Any CPU
		{98D6C5C2-7CA7-4C9E-BD4E-8D0F0326ACD6}.Debug|Any CPU.Build.0 = Debug|Any CPU
		{98D6C5C2-7CA7-4C9E-BD4E-8D0F0326ACD6}.Release|Any CPU.ActiveCfg = Release|Any CPU
		{98D6C5C2-7CA7-4C9E-BD4E-8D0F0326ACD6}.Release|Any CPU.Build.0 = Release|Any CPU
		{79ACA2B4-3A00-41C6-94E6-99B828B27F70}.Debug|Any CPU.ActiveCfg = Debug|Any CPU
		{79ACA2B4-3A00-41C6-94E6-99B828B27F70}.Debug|Any CPU.Build.0 = Debug|Any CPU
		{79ACA2B4-3A00-41C6-94E6-99B828B27F70}.Release|Any CPU.ActiveCfg = Release|Any CPU
		{79ACA2B4-3A00-41C6-94E6-99B828B27F70}.Release|Any CPU.Build.0 = Release|Any CPU
		{48559C58-F6F2-4301-84AD-0AD1CA56B854}.Debug|Any CPU.ActiveCfg = Debug|Any CPU
		{48559C58-F6F2-4301-84AD-0AD1CA56B854}.Debug|Any CPU.Build.0 = Debug|Any CPU
		{48559C58-F6F2-4301-84AD-0AD1CA56B854}.Release|Any CPU.ActiveCfg = Release|Any CPU
		{48559C58-F6F2-4301-84AD-0AD1CA56B854}.Release|Any CPU.Build.0 = Release|Any CPU
		{FE0C06C4-D296-42E6-A6D9-986D3FB8CA7C}.Debug|Any CPU.ActiveCfg = Debug|Any CPU
		{FE0C06C4-D296-42E6-A6D9-986D3FB8CA7C}.Debug|Any CPU.Build.0 = Debug|Any CPU
		{FE0C06C4-D296-42E6-A6D9-986D3FB8CA7C}.Release|Any CPU.ActiveCfg = Release|Any CPU
		{FE0C06C4-D296-42E6-A6D9-986D3FB8CA7C}.Release|Any CPU.Build.0 = Release|Any CPU
		{DF2E789D-965D-4855-B182-E4BDF7FEC392}.Debug|Any CPU.ActiveCfg = Debug|Any CPU
		{DF2E789D-965D-4855-B182-E4BDF7FEC392}.Debug|Any CPU.Build.0 = Debug|Any CPU
		{DF2E789D-965D-4855-B182-E4BDF7FEC392}.Release|Any CPU.ActiveCfg = Release|Any CPU
		{DF2E789D-965D-4855-B182-E4BDF7FEC392}.Release|Any CPU.Build.0 = Release|Any CPU
		{42A1F01A-6071-4FB7-8FC5-833B375F11D4}.Debug|Any CPU.ActiveCfg = Debug|Any CPU
		{42A1F01A-6071-4FB7-8FC5-833B375F11D4}.Debug|Any CPU.Build.0 = Debug|Any CPU
		{42A1F01A-6071-4FB7-8FC5-833B375F11D4}.Release|Any CPU.ActiveCfg = Release|Any CPU
		{42A1F01A-6071-4FB7-8FC5-833B375F11D4}.Release|Any CPU.Build.0 = Release|Any CPU
		{FA14B65E-F264-44C0-9F76-E8F11C45E6F5}.Debug|Any CPU.ActiveCfg = Debug|Any CPU
		{FA14B65E-F264-44C0-9F76-E8F11C45E6F5}.Debug|Any CPU.Build.0 = Debug|Any CPU
		{FA14B65E-F264-44C0-9F76-E8F11C45E6F5}.Release|Any CPU.ActiveCfg = Release|Any CPU
		{FA14B65E-F264-44C0-9F76-E8F11C45E6F5}.Release|Any CPU.Build.0 = Release|Any CPU
		{6D124FE3-91D0-44B8-A265-BD59C530E0BE}.Debug|Any CPU.ActiveCfg = Debug|Any CPU
		{6D124FE3-91D0-44B8-A265-BD59C530E0BE}.Debug|Any CPU.Build.0 = Debug|Any CPU
		{6D124FE3-91D0-44B8-A265-BD59C530E0BE}.Release|Any CPU.ActiveCfg = Release|Any CPU
		{6D124FE3-91D0-44B8-A265-BD59C530E0BE}.Release|Any CPU.Build.0 = Release|Any CPU
		{01F1FAA3-1E16-417C-9967-DABB353E5D28}.Debug|Any CPU.ActiveCfg = Debug|Any CPU
		{01F1FAA3-1E16-417C-9967-DABB353E5D28}.Debug|Any CPU.Build.0 = Debug|Any CPU
		{01F1FAA3-1E16-417C-9967-DABB353E5D28}.Release|Any CPU.ActiveCfg = Release|Any CPU
		{01F1FAA3-1E16-417C-9967-DABB353E5D28}.Release|Any CPU.Build.0 = Release|Any CPU
		{7A0757C5-D4D0-474D-875D-870AC8B7F905}.Debug|Any CPU.ActiveCfg = Debug|Any CPU
		{7A0757C5-D4D0-474D-875D-870AC8B7F905}.Debug|Any CPU.Build.0 = Debug|Any CPU
		{7A0757C5-D4D0-474D-875D-870AC8B7F905}.Release|Any CPU.ActiveCfg = Release|Any CPU
		{7A0757C5-D4D0-474D-875D-870AC8B7F905}.Release|Any CPU.Build.0 = Release|Any CPU
		{5D5BA5A8-4A31-42BA-A607-0BA75A10BB6A}.Debug|Any CPU.ActiveCfg = Debug|Any CPU
		{5D5BA5A8-4A31-42BA-A607-0BA75A10BB6A}.Debug|Any CPU.Build.0 = Debug|Any CPU
		{5D5BA5A8-4A31-42BA-A607-0BA75A10BB6A}.Release|Any CPU.ActiveCfg = Release|Any CPU
		{5D5BA5A8-4A31-42BA-A607-0BA75A10BB6A}.Release|Any CPU.Build.0 = Release|Any CPU
		{46B6DB81-887E-400E-9AD7-16523DA21C25}.Debug|Any CPU.ActiveCfg = Debug|Any CPU
		{46B6DB81-887E-400E-9AD7-16523DA21C25}.Debug|Any CPU.Build.0 = Debug|Any CPU
		{46B6DB81-887E-400E-9AD7-16523DA21C25}.Release|Any CPU.ActiveCfg = Release|Any CPU
		{46B6DB81-887E-400E-9AD7-16523DA21C25}.Release|Any CPU.Build.0 = Release|Any CPU
		{85D7FC84-C2F8-4A1C-897A-DF513CA23106}.Debug|Any CPU.ActiveCfg = Debug|Any CPU
		{85D7FC84-C2F8-4A1C-897A-DF513CA23106}.Debug|Any CPU.Build.0 = Debug|Any CPU
		{85D7FC84-C2F8-4A1C-897A-DF513CA23106}.Release|Any CPU.ActiveCfg = Release|Any CPU
		{85D7FC84-C2F8-4A1C-897A-DF513CA23106}.Release|Any CPU.Build.0 = Release|Any CPU
		{34EC5AF3-4815-48F7-BF76-6D94FE3A6E42}.Debug|Any CPU.ActiveCfg = Debug|Any CPU
		{34EC5AF3-4815-48F7-BF76-6D94FE3A6E42}.Debug|Any CPU.Build.0 = Debug|Any CPU
		{34EC5AF3-4815-48F7-BF76-6D94FE3A6E42}.Release|Any CPU.ActiveCfg = Release|Any CPU
		{34EC5AF3-4815-48F7-BF76-6D94FE3A6E42}.Release|Any CPU.Build.0 = Release|Any CPU
		{9E4ABF2C-3B05-4FCD-ABCB-FA87085069F7}.Debug|Any CPU.ActiveCfg = Debug|Any CPU
		{9E4ABF2C-3B05-4FCD-ABCB-FA87085069F7}.Debug|Any CPU.Build.0 = Debug|Any CPU
		{9E4ABF2C-3B05-4FCD-ABCB-FA87085069F7}.Release|Any CPU.ActiveCfg = Release|Any CPU
		{9E4ABF2C-3B05-4FCD-ABCB-FA87085069F7}.Release|Any CPU.Build.0 = Release|Any CPU
		{2A33B08A-398F-4E82-9306-60967B0B031F}.Debug|Any CPU.ActiveCfg = Debug|Any CPU
		{2A33B08A-398F-4E82-9306-60967B0B031F}.Debug|Any CPU.Build.0 = Debug|Any CPU
		{2A33B08A-398F-4E82-9306-60967B0B031F}.Release|Any CPU.ActiveCfg = Release|Any CPU
		{2A33B08A-398F-4E82-9306-60967B0B031F}.Release|Any CPU.Build.0 = Release|Any CPU
		{C70C0705-E372-4001-9EF5-CFA39DCA7CFB}.Debug|Any CPU.ActiveCfg = Debug|Any CPU
		{C70C0705-E372-4001-9EF5-CFA39DCA7CFB}.Debug|Any CPU.Build.0 = Debug|Any CPU
		{C70C0705-E372-4001-9EF5-CFA39DCA7CFB}.Release|Any CPU.ActiveCfg = Release|Any CPU
		{C70C0705-E372-4001-9EF5-CFA39DCA7CFB}.Release|Any CPU.Build.0 = Release|Any CPU
		{2C160D79-A6A0-4A2C-8DC9-464CDB736540}.Debug|Any CPU.ActiveCfg = Debug|Any CPU
		{2C160D79-A6A0-4A2C-8DC9-464CDB736540}.Debug|Any CPU.Build.0 = Debug|Any CPU
		{2C160D79-A6A0-4A2C-8DC9-464CDB736540}.Release|Any CPU.ActiveCfg = Release|Any CPU
		{2C160D79-A6A0-4A2C-8DC9-464CDB736540}.Release|Any CPU.Build.0 = Release|Any CPU
		{56506686-D9BE-40EE-8155-EE74F4D85709}.Debug|Any CPU.ActiveCfg = Debug|Any CPU
		{56506686-D9BE-40EE-8155-EE74F4D85709}.Debug|Any CPU.Build.0 = Debug|Any CPU
		{56506686-D9BE-40EE-8155-EE74F4D85709}.Release|Any CPU.ActiveCfg = Release|Any CPU
		{56506686-D9BE-40EE-8155-EE74F4D85709}.Release|Any CPU.Build.0 = Release|Any CPU
		{0D0FB376-983E-40EB-B2CC-FC51CE19D261}.Debug|Any CPU.ActiveCfg = Debug|Any CPU
		{0D0FB376-983E-40EB-B2CC-FC51CE19D261}.Debug|Any CPU.Build.0 = Debug|Any CPU
		{0D0FB376-983E-40EB-B2CC-FC51CE19D261}.Release|Any CPU.ActiveCfg = Release|Any CPU
		{0D0FB376-983E-40EB-B2CC-FC51CE19D261}.Release|Any CPU.Build.0 = Release|Any CPU
		{FBD51870-104E-4811-9447-0CD48DD9D8E5}.Debug|Any CPU.ActiveCfg = Debug|Any CPU
		{FBD51870-104E-4811-9447-0CD48DD9D8E5}.Debug|Any CPU.Build.0 = Debug|Any CPU
		{FBD51870-104E-4811-9447-0CD48DD9D8E5}.Release|Any CPU.ActiveCfg = Release|Any CPU
		{FBD51870-104E-4811-9447-0CD48DD9D8E5}.Release|Any CPU.Build.0 = Release|Any CPU
		{5957FBA7-FEA5-47F7-BB07-AFFBA07DF825}.Debug|Any CPU.ActiveCfg = Debug|Any CPU
		{5957FBA7-FEA5-47F7-BB07-AFFBA07DF825}.Debug|Any CPU.Build.0 = Debug|Any CPU
		{5957FBA7-FEA5-47F7-BB07-AFFBA07DF825}.Release|Any CPU.ActiveCfg = Release|Any CPU
		{5957FBA7-FEA5-47F7-BB07-AFFBA07DF825}.Release|Any CPU.Build.0 = Release|Any CPU
		{EB240DBD-2688-4B48-A1F5-317408518E64}.Debug|Any CPU.ActiveCfg = Debug|Any CPU
		{EB240DBD-2688-4B48-A1F5-317408518E64}.Debug|Any CPU.Build.0 = Debug|Any CPU
		{EB240DBD-2688-4B48-A1F5-317408518E64}.Release|Any CPU.ActiveCfg = Release|Any CPU
		{EB240DBD-2688-4B48-A1F5-317408518E64}.Release|Any CPU.Build.0 = Release|Any CPU
		{391ADE38-D132-4A60-BF0E-29E187DA6CF8}.Debug|Any CPU.ActiveCfg = Debug|Any CPU
		{391ADE38-D132-4A60-BF0E-29E187DA6CF8}.Debug|Any CPU.Build.0 = Debug|Any CPU
		{391ADE38-D132-4A60-BF0E-29E187DA6CF8}.Release|Any CPU.ActiveCfg = Release|Any CPU
		{391ADE38-D132-4A60-BF0E-29E187DA6CF8}.Release|Any CPU.Build.0 = Release|Any CPU
		{63335BB7-1193-4F1F-B79A-C7D56FBA14F8}.Debug|Any CPU.ActiveCfg = Debug|Any CPU
		{63335BB7-1193-4F1F-B79A-C7D56FBA14F8}.Debug|Any CPU.Build.0 = Debug|Any CPU
		{63335BB7-1193-4F1F-B79A-C7D56FBA14F8}.Release|Any CPU.ActiveCfg = Release|Any CPU
		{63335BB7-1193-4F1F-B79A-C7D56FBA14F8}.Release|Any CPU.Build.0 = Release|Any CPU
		{B34EB9CF-F482-43F6-9CCD-E6995F635A62}.Debug|Any CPU.ActiveCfg = Debug|Any CPU
		{B34EB9CF-F482-43F6-9CCD-E6995F635A62}.Debug|Any CPU.Build.0 = Debug|Any CPU
		{B34EB9CF-F482-43F6-9CCD-E6995F635A62}.Release|Any CPU.ActiveCfg = Release|Any CPU
		{B34EB9CF-F482-43F6-9CCD-E6995F635A62}.Release|Any CPU.Build.0 = Release|Any CPU
		{CB1E2306-7719-4837-B0DB-1F2088E327B3}.Debug|Any CPU.ActiveCfg = Debug|Any CPU
		{CB1E2306-7719-4837-B0DB-1F2088E327B3}.Debug|Any CPU.Build.0 = Debug|Any CPU
		{CB1E2306-7719-4837-B0DB-1F2088E327B3}.Release|Any CPU.ActiveCfg = Release|Any CPU
		{CB1E2306-7719-4837-B0DB-1F2088E327B3}.Release|Any CPU.Build.0 = Release|Any CPU
		{55E57D6E-0D73-43BB-8433-DCD83CEC1FFD}.Debug|Any CPU.ActiveCfg = Debug|Any CPU
		{55E57D6E-0D73-43BB-8433-DCD83CEC1FFD}.Debug|Any CPU.Build.0 = Debug|Any CPU
		{55E57D6E-0D73-43BB-8433-DCD83CEC1FFD}.Release|Any CPU.ActiveCfg = Release|Any CPU
		{55E57D6E-0D73-43BB-8433-DCD83CEC1FFD}.Release|Any CPU.Build.0 = Release|Any CPU
		{F03AA865-62D1-4A1E-AB27-3CBAF422CF81}.Debug|Any CPU.ActiveCfg = Debug|Any CPU
		{F03AA865-62D1-4A1E-AB27-3CBAF422CF81}.Debug|Any CPU.Build.0 = Debug|Any CPU
		{F03AA865-62D1-4A1E-AB27-3CBAF422CF81}.Release|Any CPU.ActiveCfg = Release|Any CPU
		{F03AA865-62D1-4A1E-AB27-3CBAF422CF81}.Release|Any CPU.Build.0 = Release|Any CPU
		{068D6242-D26B-46DB-9C8C-9B3F0C02AFD1}.Debug|Any CPU.ActiveCfg = Debug|Any CPU
		{068D6242-D26B-46DB-9C8C-9B3F0C02AFD1}.Debug|Any CPU.Build.0 = Debug|Any CPU
		{068D6242-D26B-46DB-9C8C-9B3F0C02AFD1}.Release|Any CPU.ActiveCfg = Release|Any CPU
		{068D6242-D26B-46DB-9C8C-9B3F0C02AFD1}.Release|Any CPU.Build.0 = Release|Any CPU
		{D76DCE43-BC93-4FEB-A2B3-F9C4B5CE028B}.Debug|Any CPU.ActiveCfg = Debug|Any CPU
		{D76DCE43-BC93-4FEB-A2B3-F9C4B5CE028B}.Debug|Any CPU.Build.0 = Debug|Any CPU
		{D76DCE43-BC93-4FEB-A2B3-F9C4B5CE028B}.Release|Any CPU.ActiveCfg = Release|Any CPU
		{D76DCE43-BC93-4FEB-A2B3-F9C4B5CE028B}.Release|Any CPU.Build.0 = Release|Any CPU
		{35C198BF-C305-4A21-8706-27BB23150707}.Debug|Any CPU.ActiveCfg = Debug|Any CPU
		{35C198BF-C305-4A21-8706-27BB23150707}.Debug|Any CPU.Build.0 = Debug|Any CPU
		{35C198BF-C305-4A21-8706-27BB23150707}.Release|Any CPU.ActiveCfg = Release|Any CPU
		{35C198BF-C305-4A21-8706-27BB23150707}.Release|Any CPU.Build.0 = Release|Any CPU
		{9506BA3A-B617-47BB-B7FF-334EB2480BF3}.Debug|Any CPU.ActiveCfg = Debug|Any CPU
		{9506BA3A-B617-47BB-B7FF-334EB2480BF3}.Debug|Any CPU.Build.0 = Debug|Any CPU
		{9506BA3A-B617-47BB-B7FF-334EB2480BF3}.Release|Any CPU.ActiveCfg = Release|Any CPU
		{9506BA3A-B617-47BB-B7FF-334EB2480BF3}.Release|Any CPU.Build.0 = Release|Any CPU
		{E1A52925-E43D-44B2-92D5-029C219E1C2D}.Debug|Any CPU.ActiveCfg = Debug|Any CPU
		{E1A52925-E43D-44B2-92D5-029C219E1C2D}.Debug|Any CPU.Build.0 = Debug|Any CPU
		{E1A52925-E43D-44B2-92D5-029C219E1C2D}.Release|Any CPU.ActiveCfg = Release|Any CPU
		{E1A52925-E43D-44B2-92D5-029C219E1C2D}.Release|Any CPU.Build.0 = Release|Any CPU
		{B8B24B86-E048-48A4-8E0B-10E6F537231A}.Debug|Any CPU.ActiveCfg = Debug|Any CPU
		{B8B24B86-E048-48A4-8E0B-10E6F537231A}.Debug|Any CPU.Build.0 = Debug|Any CPU
		{B8B24B86-E048-48A4-8E0B-10E6F537231A}.Release|Any CPU.ActiveCfg = Release|Any CPU
		{B8B24B86-E048-48A4-8E0B-10E6F537231A}.Release|Any CPU.Build.0 = Release|Any CPU
		{9030E9AE-412A-44DC-BD10-5A39AF73053A}.Debug|Any CPU.ActiveCfg = Debug|Any CPU
		{9030E9AE-412A-44DC-BD10-5A39AF73053A}.Debug|Any CPU.Build.0 = Debug|Any CPU
		{9030E9AE-412A-44DC-BD10-5A39AF73053A}.Release|Any CPU.ActiveCfg = Release|Any CPU
		{9030E9AE-412A-44DC-BD10-5A39AF73053A}.Release|Any CPU.Build.0 = Release|Any CPU
		{0E830060-D9E3-4BA5-9AB7-47CA45A53946}.Debug|Any CPU.ActiveCfg = Debug|Any CPU
		{0E830060-D9E3-4BA5-9AB7-47CA45A53946}.Debug|Any CPU.Build.0 = Debug|Any CPU
		{0E830060-D9E3-4BA5-9AB7-47CA45A53946}.Release|Any CPU.ActiveCfg = Release|Any CPU
		{0E830060-D9E3-4BA5-9AB7-47CA45A53946}.Release|Any CPU.Build.0 = Release|Any CPU
		{214FB18F-55BB-4F1B-85A0-28B32D3FC7B5}.Debug|Any CPU.ActiveCfg = Debug|Any CPU
		{214FB18F-55BB-4F1B-85A0-28B32D3FC7B5}.Debug|Any CPU.Build.0 = Debug|Any CPU
		{214FB18F-55BB-4F1B-85A0-28B32D3FC7B5}.Release|Any CPU.ActiveCfg = Release|Any CPU
		{214FB18F-55BB-4F1B-85A0-28B32D3FC7B5}.Release|Any CPU.Build.0 = Release|Any CPU
		{B00E8833-6E1B-4F59-9B4E-CB6594BB9649}.Debug|Any CPU.ActiveCfg = Debug|Any CPU
		{B00E8833-6E1B-4F59-9B4E-CB6594BB9649}.Debug|Any CPU.Build.0 = Debug|Any CPU
		{B00E8833-6E1B-4F59-9B4E-CB6594BB9649}.Release|Any CPU.ActiveCfg = Release|Any CPU
		{B00E8833-6E1B-4F59-9B4E-CB6594BB9649}.Release|Any CPU.Build.0 = Release|Any CPU
		{4C5EFA69-E8FF-4411-A489-F1C1BCC4BC9F}.Debug|Any CPU.ActiveCfg = Debug|Any CPU
		{4C5EFA69-E8FF-4411-A489-F1C1BCC4BC9F}.Debug|Any CPU.Build.0 = Debug|Any CPU
		{4C5EFA69-E8FF-4411-A489-F1C1BCC4BC9F}.Release|Any CPU.ActiveCfg = Release|Any CPU
		{4C5EFA69-E8FF-4411-A489-F1C1BCC4BC9F}.Release|Any CPU.Build.0 = Release|Any CPU
		{F50041CE-EDAC-4C29-9AFF-FF30DF1FE654}.Debug|Any CPU.ActiveCfg = Debug|Any CPU
		{F50041CE-EDAC-4C29-9AFF-FF30DF1FE654}.Debug|Any CPU.Build.0 = Debug|Any CPU
		{F50041CE-EDAC-4C29-9AFF-FF30DF1FE654}.Release|Any CPU.ActiveCfg = Release|Any CPU
		{F50041CE-EDAC-4C29-9AFF-FF30DF1FE654}.Release|Any CPU.Build.0 = Release|Any CPU
		{3D53BE6C-64DB-4790-A22C-68FD0F7AE4D3}.Debug|Any CPU.ActiveCfg = Debug|Any CPU
		{3D53BE6C-64DB-4790-A22C-68FD0F7AE4D3}.Debug|Any CPU.Build.0 = Debug|Any CPU
		{3D53BE6C-64DB-4790-A22C-68FD0F7AE4D3}.Release|Any CPU.ActiveCfg = Release|Any CPU
		{3D53BE6C-64DB-4790-A22C-68FD0F7AE4D3}.Release|Any CPU.Build.0 = Release|Any CPU
		{1092E804-0B41-488D-B573-E7CFE1DB8862}.Debug|Any CPU.ActiveCfg = Debug|Any CPU
		{1092E804-0B41-488D-B573-E7CFE1DB8862}.Debug|Any CPU.Build.0 = Debug|Any CPU
		{1092E804-0B41-488D-B573-E7CFE1DB8862}.Release|Any CPU.ActiveCfg = Release|Any CPU
		{1092E804-0B41-488D-B573-E7CFE1DB8862}.Release|Any CPU.Build.0 = Release|Any CPU
		{55DC2961-4FEB-4CB5-90E0-7664F90DC12F}.Debug|Any CPU.ActiveCfg = Debug|Any CPU
		{55DC2961-4FEB-4CB5-90E0-7664F90DC12F}.Debug|Any CPU.Build.0 = Debug|Any CPU
		{55DC2961-4FEB-4CB5-90E0-7664F90DC12F}.Release|Any CPU.ActiveCfg = Release|Any CPU
		{55DC2961-4FEB-4CB5-90E0-7664F90DC12F}.Release|Any CPU.Build.0 = Release|Any CPU
		{1CAF27CA-BD47-464E-8C7D-071C075B67B5}.Debug|Any CPU.ActiveCfg = Debug|Any CPU
		{1CAF27CA-BD47-464E-8C7D-071C075B67B5}.Debug|Any CPU.Build.0 = Debug|Any CPU
		{1CAF27CA-BD47-464E-8C7D-071C075B67B5}.Release|Any CPU.ActiveCfg = Release|Any CPU
		{1CAF27CA-BD47-464E-8C7D-071C075B67B5}.Release|Any CPU.Build.0 = Release|Any CPU
		{E819B342-D4D8-4FBF-B9FA-F8423319A833}.Debug|Any CPU.ActiveCfg = Debug|Any CPU
		{E819B342-D4D8-4FBF-B9FA-F8423319A833}.Debug|Any CPU.Build.0 = Debug|Any CPU
		{E819B342-D4D8-4FBF-B9FA-F8423319A833}.Release|Any CPU.ActiveCfg = Release|Any CPU
		{E819B342-D4D8-4FBF-B9FA-F8423319A833}.Release|Any CPU.Build.0 = Release|Any CPU
		{B7F9C183-7429-4E94-9F7A-535C5FA01142}.Debug|Any CPU.ActiveCfg = Debug|Any CPU
		{B7F9C183-7429-4E94-9F7A-535C5FA01142}.Debug|Any CPU.Build.0 = Debug|Any CPU
		{B7F9C183-7429-4E94-9F7A-535C5FA01142}.Release|Any CPU.ActiveCfg = Release|Any CPU
		{B7F9C183-7429-4E94-9F7A-535C5FA01142}.Release|Any CPU.Build.0 = Release|Any CPU
		{CF9E9895-9E7A-4204-AF02-BF49D21AE6BD}.Debug|Any CPU.ActiveCfg = Debug|Any CPU
		{CF9E9895-9E7A-4204-AF02-BF49D21AE6BD}.Debug|Any CPU.Build.0 = Debug|Any CPU
		{CF9E9895-9E7A-4204-AF02-BF49D21AE6BD}.Release|Any CPU.ActiveCfg = Release|Any CPU
		{CF9E9895-9E7A-4204-AF02-BF49D21AE6BD}.Release|Any CPU.Build.0 = Release|Any CPU
		{21B63E98-8513-432D-A739-07513F2B7E3C}.Debug|Any CPU.ActiveCfg = Debug|Any CPU
		{21B63E98-8513-432D-A739-07513F2B7E3C}.Debug|Any CPU.Build.0 = Debug|Any CPU
		{21B63E98-8513-432D-A739-07513F2B7E3C}.Release|Any CPU.ActiveCfg = Release|Any CPU
		{21B63E98-8513-432D-A739-07513F2B7E3C}.Release|Any CPU.Build.0 = Release|Any CPU
		{3F545B0E-E3F0-469E-A305-EA552E675FE4}.Debug|Any CPU.ActiveCfg = Debug|Any CPU
		{3F545B0E-E3F0-469E-A305-EA552E675FE4}.Debug|Any CPU.Build.0 = Debug|Any CPU
		{3F545B0E-E3F0-469E-A305-EA552E675FE4}.Release|Any CPU.ActiveCfg = Release|Any CPU
		{3F545B0E-E3F0-469E-A305-EA552E675FE4}.Release|Any CPU.Build.0 = Release|Any CPU
		{51A23F1E-D50D-48A9-9A8E-4E2E554E2E8D}.Debug|Any CPU.ActiveCfg = Debug|Any CPU
		{51A23F1E-D50D-48A9-9A8E-4E2E554E2E8D}.Debug|Any CPU.Build.0 = Debug|Any CPU
		{51A23F1E-D50D-48A9-9A8E-4E2E554E2E8D}.Release|Any CPU.ActiveCfg = Release|Any CPU
		{51A23F1E-D50D-48A9-9A8E-4E2E554E2E8D}.Release|Any CPU.Build.0 = Release|Any CPU
	EndGlobalSection
	GlobalSection(SolutionProperties) = preSolution
		HideSolutionNode = FALSE
	EndGlobalSection
	GlobalSection(NestedProjects) = preSolution
		{5BB48C64-0B61-434F-B7B9-BBD96FEDCDB7} = {CDA20D00-41AC-4AAA-9DD5-9C59462C2099}
		{D68284AE-AC6A-49CA-9067-C3732000EA95} = {09B7534D-3E89-476B-BB0F-FDFAF6C5A5AD}
		{DC92ED35-F148-435F-B8DB-59773E457960} = {09B7534D-3E89-476B-BB0F-FDFAF6C5A5AD}
		{30C38158-27A8-4265-A6E9-A605A9E7A2AA} = {C9091C9C-C55E-4953-9FE9-4686AC0BBEBC}
		{EEB0BF0F-F334-4360-8D12-C5251AD699DC} = {30C38158-27A8-4265-A6E9-A605A9E7A2AA}
		{0A3AB7B3-B6C7-4BEA-97C1-7253B5FA0CE4} = {30C38158-27A8-4265-A6E9-A605A9E7A2AA}
		{EF1471BF-FA5B-4264-896D-EC51E14501B3} = {30C38158-27A8-4265-A6E9-A605A9E7A2AA}
		{CD3D472B-C9C2-430D-BA58-3C5E6EE618FC} = {09B7534D-3E89-476B-BB0F-FDFAF6C5A5AD}
		{B45D50A5-FFDA-4843-98FB-BB1CBB4D6954} = {CD3D472B-C9C2-430D-BA58-3C5E6EE618FC}
		{0BCA6448-5C53-4E39-90DE-71BDB88A3295} = {CD3D472B-C9C2-430D-BA58-3C5E6EE618FC}
		{96CBFBB9-31A6-4EB8-9FD1-64FA0A916C7B} = {CD3D472B-C9C2-430D-BA58-3C5E6EE618FC}
		{DC4C24AD-90F3-4EB7-B339-6F8591BB8E66} = {09B7534D-3E89-476B-BB0F-FDFAF6C5A5AD}
		{AE1618FD-F067-4AC8-8234-739F4D1680ED} = {DC4C24AD-90F3-4EB7-B339-6F8591BB8E66}
		{5D987769-080C-47CF-BA06-A845DB8BCBCF} = {09B7534D-3E89-476B-BB0F-FDFAF6C5A5AD}
		{AE381370-27D3-4F53-933F-5E94AFAE6692} = {C9091C9C-C55E-4953-9FE9-4686AC0BBEBC}
		{951DEC48-0ABD-481E-8A07-01F9B44DA17A} = {AE381370-27D3-4F53-933F-5E94AFAE6692}
		{68757353-DEB0-47E9-B06D-485EC87E2118} = {AE381370-27D3-4F53-933F-5E94AFAE6692}
		{84226FE5-26A9-4D09-8075-FC5CAD73E4BB} = {09B7534D-3E89-476B-BB0F-FDFAF6C5A5AD}
		{AA07D860-3775-4F7B-83AA-3B5D9DD1EE0F} = {09B7534D-3E89-476B-BB0F-FDFAF6C5A5AD}
		{90EDE0BA-81C6-4C93-A311-A12E10F96A75} = {09B7534D-3E89-476B-BB0F-FDFAF6C5A5AD}
		{D8C7D555-3C71-443D-BD77-E90270280AC9} = {09B7534D-3E89-476B-BB0F-FDFAF6C5A5AD}
		{E5AF773F-371E-43B7-AE80-6A5C9E802C3E} = {C9091C9C-C55E-4953-9FE9-4686AC0BBEBC}
		{73AE0D1C-C4C8-4C7F-928B-C472F5A1A2CD} = {E5AF773F-371E-43B7-AE80-6A5C9E802C3E}
		{37813287-4E8B-4FED-9A83-0D1082F52B2D} = {E5AF773F-371E-43B7-AE80-6A5C9E802C3E}
		{FFECA2A1-79E6-4472-9D5B-910298620AE1} = {C9091C9C-C55E-4953-9FE9-4686AC0BBEBC}
		{C9DCA314-BC73-4AB0-860C-C65917A2CA58} = {FFECA2A1-79E6-4472-9D5B-910298620AE1}
		{CEDB637E-40BE-4E46-8221-5E03F41687CE} = {FFECA2A1-79E6-4472-9D5B-910298620AE1}
		{94C98BEE-F0CC-4E49-AA02-6B9C66C64D59} = {D9D109A8-751F-4AEB-A49B-2D95D05FA46B}
		{1F1B0071-83FB-42A6-A271-712037E229B3} = {09B7534D-3E89-476B-BB0F-FDFAF6C5A5AD}
		{28F38EE5-C61B-4B5D-91C9-65750CFA8182} = {1F1B0071-83FB-42A6-A271-712037E229B3}
		{9725E3A9-F721-4B27-AE95-8D01FF2D1A1D} = {1F1B0071-83FB-42A6-A271-712037E229B3}
		{8F263131-D42A-462C-B83F-7B2E9E1C401D} = {1F1B0071-83FB-42A6-A271-712037E229B3}
		{64BC6033-BED6-48FE-9956-C54F5303C31A} = {1F1B0071-83FB-42A6-A271-712037E229B3}
		{2A78268B-5119-401F-8489-EA07DFFD4C08} = {C9091C9C-C55E-4953-9FE9-4686AC0BBEBC}
		{1756D4F4-2762-44A3-BDC5-DAF6A95CD037} = {2A78268B-5119-401F-8489-EA07DFFD4C08}
		{1E841E7B-0280-4430-884E-2E499B063A80} = {C9091C9C-C55E-4953-9FE9-4686AC0BBEBC}
		{2E495315-4241-497B-9BC4-ECF5B5E1EC31} = {1E841E7B-0280-4430-884E-2E499B063A80}
		{593D2E9A-7DFE-4659-84A9-1548962680A2} = {2E495315-4241-497B-9BC4-ECF5B5E1EC31}
		{86FCC477-340F-4C89-8C11-66C7645BA8CA} = {2E495315-4241-497B-9BC4-ECF5B5E1EC31}
		{E9FD137A-75E6-433A-9F57-821D2E61972F} = {2E495315-4241-497B-9BC4-ECF5B5E1EC31}
		{91E0C25C-25EA-41E9-971A-8062C85C9463} = {C9091C9C-C55E-4953-9FE9-4686AC0BBEBC}
		{80F076DD-EEF5-4E6E-A11E-3DAB5A78289C} = {91E0C25C-25EA-41E9-971A-8062C85C9463}
		{D230277B-508D-451E-A8ED-89F0521AE235} = {09B7534D-3E89-476B-BB0F-FDFAF6C5A5AD}
		{63749E6D-7B84-475C-AE6F-6D0EDE5E81B0} = {D230277B-508D-451E-A8ED-89F0521AE235}
		{EE045200-5E8A-41A9-8512-31160CD031CA} = {D230277B-508D-451E-A8ED-89F0521AE235}
		{0724AF95-164F-41C3-AFF6-68275B6AA3ED} = {09B7534D-3E89-476B-BB0F-FDFAF6C5A5AD}
		{1EF0E915-0F71-44F1-AF63-ED13630160FA} = {0724AF95-164F-41C3-AFF6-68275B6AA3ED}
		{2936C9C3-F5F2-4902-8161-E1D9156C68BB} = {0724AF95-164F-41C3-AFF6-68275B6AA3ED}
		{A4029055-A40F-4928-AE64-400490519DBA} = {0724AF95-164F-41C3-AFF6-68275B6AA3ED}
		{BC50CE90-2933-45D0-8ADA-2E5AE2C22098} = {AE381370-27D3-4F53-933F-5E94AFAE6692}
		{5C3504C4-DBDC-4212-8A25-9900A3A5A063} = {749B6EB9-722A-48B6-8427-1B6A18E19637}
		{FC973655-3DB3-498E-9448-C48069BFA262} = {09B7534D-3E89-476B-BB0F-FDFAF6C5A5AD}
		{AEB36A78-1ACB-422A-AC50-4AFEEBF1EF3D} = {FC973655-3DB3-498E-9448-C48069BFA262}
		{2582B472-3EF4-40CE-B554-7304B6C84870} = {FC973655-3DB3-498E-9448-C48069BFA262}
		{C775D59B-F394-429F-9AD0-6808C06ECEDF} = {09B7534D-3E89-476B-BB0F-FDFAF6C5A5AD}
		{4FBB9598-469A-4370-9090-39426E8571CB} = {C775D59B-F394-429F-9AD0-6808C06ECEDF}
		{120FDF92-66FC-423B-8F6C-105B36BAC6A6} = {C9091C9C-C55E-4953-9FE9-4686AC0BBEBC}
		{E2355335-8A73-4C5D-96F3-3C2316C58BB2} = {120FDF92-66FC-423B-8F6C-105B36BAC6A6}
		{6C094FE9-FF20-435B-839F-58C4D2ACEBC9} = {09B7534D-3E89-476B-BB0F-FDFAF6C5A5AD}
		{BF974AEB-53B2-492C-94E8-4D5D248C4FB0} = {6C094FE9-FF20-435B-839F-58C4D2ACEBC9}
		{E24531E8-1918-41B4-8A2B-EF2EADCF3CAB} = {09B7534D-3E89-476B-BB0F-FDFAF6C5A5AD}
		{FB679870-9B4C-4910-9AA9-BE770E68630A} = {E24531E8-1918-41B4-8A2B-EF2EADCF3CAB}
		{04C4DEC6-1AE1-491F-B6F3-6714AC092B36} = {E24531E8-1918-41B4-8A2B-EF2EADCF3CAB}
		{3993AD72-8EC8-40E3-B934-4967DCE2DC1D} = {C775D59B-F394-429F-9AD0-6808C06ECEDF}
		{544BDA79-98EE-4BCF-A9CA-0E730EBD3CDD} = {B4399228-A471-4BAB-9A81-4190E9D86CCA}
		{D3632174-5BCA-4C0E-AF62-0DA1C619E907} = {C9091C9C-C55E-4953-9FE9-4686AC0BBEBC}
		{681F6865-4D58-4AE8-A6EC-9E4F60A74BFA} = {D3632174-5BCA-4C0E-AF62-0DA1C619E907}
		{31748332-B5FE-4F7A-A56B-ECFF30E6F147} = {09B7534D-3E89-476B-BB0F-FDFAF6C5A5AD}
		{2B3973E3-1A29-453F-9FE3-50E9BAAE9758} = {31748332-B5FE-4F7A-A56B-ECFF30E6F147}
		{79149BD0-6DB8-4F75-BF91-68CAD20136A8} = {31748332-B5FE-4F7A-A56B-ECFF30E6F147}
		{2505501D-EF84-45BF-A970-6DDBA828A381} = {31748332-B5FE-4F7A-A56B-ECFF30E6F147}
		{2C63F5C4-F9D3-459D-B148-6381C615112D} = {D3632174-5BCA-4C0E-AF62-0DA1C619E907}
		{C465DA30-707A-4183-BE8C-7EB556DA2BB5} = {C9091C9C-C55E-4953-9FE9-4686AC0BBEBC}
		{CDA20D00-41AC-4AAA-9DD5-9C59462C2099} = {C9091C9C-C55E-4953-9FE9-4686AC0BBEBC}
		{3EDAA68F-6FF2-4E55-B093-905D0DC3CB0A} = {CDA20D00-41AC-4AAA-9DD5-9C59462C2099}
		{30CD0284-E161-46E4-8DA8-5BCABA73BFC7} = {C775D59B-F394-429F-9AD0-6808C06ECEDF}
		{568F20D5-9B7D-40CC-BBB0-E72781C0F009} = {D9D109A8-751F-4AEB-A49B-2D95D05FA46B}
		{1385F8EC-BB01-46D0-AFF2-FE19FA9F7864} = {2A78268B-5119-401F-8489-EA07DFFD4C08}
		{8BFDC567-C07B-4989-8343-BD7C33A35CB3} = {568F20D5-9B7D-40CC-BBB0-E72781C0F009}
		{BBE445AE-90D3-4312-9F69-4891DC9EF2B8} = {C775D59B-F394-429F-9AD0-6808C06ECEDF}
		{5B6932F3-B0E3-4487-897B-307EE660956D} = {C775D59B-F394-429F-9AD0-6808C06ECEDF}
		{A80C0030-0AF0-40A1-883C-A50033BF65BA} = {CDA20D00-41AC-4AAA-9DD5-9C59462C2099}
		{78B5D6CF-9ABC-4BE9-AEEC-151424934D17} = {D9D109A8-751F-4AEB-A49B-2D95D05FA46B}
		{52223BD1-0246-4BEF-B9EF-94DE9FF6F072} = {120FDF92-66FC-423B-8F6C-105B36BAC6A6}
		{A36A5EE1-A49D-4258-A702-E870D72F0736} = {D9D109A8-751F-4AEB-A49B-2D95D05FA46B}
		{F0CD15D1-1AC0-46FA-B43E-EBB5C68B9C46} = {CDA20D00-41AC-4AAA-9DD5-9C59462C2099}
		{A2EAEB67-FD90-48FE-A026-406BF3342F31} = {C9091C9C-C55E-4953-9FE9-4686AC0BBEBC}
		{9CAC7EBE-C644-45AC-8D21-FEFB6DF7F352} = {A2EAEB67-FD90-48FE-A026-406BF3342F31}
		{BFFAB106-2194-497F-BE10-CDC8358711FF} = {A2EAEB67-FD90-48FE-A026-406BF3342F31}
		{C1926514-5057-4CAC-B8DD-6DC4E8F86380} = {A2EAEB67-FD90-48FE-A026-406BF3342F31}
		{07138D42-F25C-4BB7-BD2B-C1A0F788B273} = {A2EAEB67-FD90-48FE-A026-406BF3342F31}
		{DB44590F-1C4A-4B58-ACF1-4282FDF5637A} = {A2EAEB67-FD90-48FE-A026-406BF3342F31}
		{A21559BB-51C3-437B-A1F9-CC8AA7F00333} = {D9D109A8-751F-4AEB-A49B-2D95D05FA46B}
		{809D9E0F-05BD-45AE-AA7F-1D734ADDF792} = {A2EAEB67-FD90-48FE-A026-406BF3342F31}
		{2CF2635B-0456-4A04-B2D3-5EE4899C7FE3} = {1E841E7B-0280-4430-884E-2E499B063A80}
		{70DABEA6-C753-41A9-926D-A50915FC1B7A} = {2CF2635B-0456-4A04-B2D3-5EE4899C7FE3}
		{E5110222-383C-42FE-B6C7-2EF32E5A9F55} = {2CF2635B-0456-4A04-B2D3-5EE4899C7FE3}
		{C10364B4-1E84-4D09-9AA3-513F934D2958} = {C9091C9C-C55E-4953-9FE9-4686AC0BBEBC}
		{03C79737-55DF-45A2-9D32-138E58C25996} = {C10364B4-1E84-4D09-9AA3-513F934D2958}
		{B82C9D20-A2DB-40F6-BAC5-251C613370EF} = {C465DA30-707A-4183-BE8C-7EB556DA2BB5}
		{CA1BF906-EB03-4FF1-ADD6-FE01F07C1498} = {C10364B4-1E84-4D09-9AA3-513F934D2958}
		{3DCA7664-90D5-4F27-8C08-E3205B74117A} = {1E841E7B-0280-4430-884E-2E499B063A80}
		{EBE7AB88-CC67-4BD1-AB3A-B30481C9E5ED} = {3DCA7664-90D5-4F27-8C08-E3205B74117A}
		{BB681A7E-D39A-4987-A653-B85F4600387E} = {3DCA7664-90D5-4F27-8C08-E3205B74117A}
		{2CD3F548-99F8-4C70-AC72-4728A7BBE54C} = {3DCA7664-90D5-4F27-8C08-E3205B74117A}
		{FF1EA422-CA52-4F4C-B8DA-110A81C74CD8} = {3DCA7664-90D5-4F27-8C08-E3205B74117A}
		{049A73CB-5730-4003-92B4-FF59230DD466} = {3DCA7664-90D5-4F27-8C08-E3205B74117A}
		{27207943-24BC-408C-B4BF-F52B03C532F3} = {3DCA7664-90D5-4F27-8C08-E3205B74117A}
		{83D6809A-8D7B-4974-A06D-70375C12ABDB} = {09B7534D-3E89-476B-BB0F-FDFAF6C5A5AD}
		{8F5EC00E-8ACB-4922-96BB-2EE3DF0136BD} = {83D6809A-8D7B-4974-A06D-70375C12ABDB}
		{638131E1-1623-42F4-8CFE-15BFC49510C3} = {83D6809A-8D7B-4974-A06D-70375C12ABDB}
		{A2C05FC1-D276-4DB0-99BE-AD87E06AB1C6} = {83D6809A-8D7B-4974-A06D-70375C12ABDB}
		{991C68C9-285D-4B3F-A7BF-6D9096FF4A94} = {83D6809A-8D7B-4974-A06D-70375C12ABDB}
		{62F2BF16-05BD-4818-8E5E-A7854EE02854} = {83D6809A-8D7B-4974-A06D-70375C12ABDB}
		{98D6C5C2-7CA7-4C9E-BD4E-8D0F0326ACD6} = {83D6809A-8D7B-4974-A06D-70375C12ABDB}
		{79ACA2B4-3A00-41C6-94E6-99B828B27F70} = {83D6809A-8D7B-4974-A06D-70375C12ABDB}
		{48559C58-F6F2-4301-84AD-0AD1CA56B854} = {CDA20D00-41AC-4AAA-9DD5-9C59462C2099}
		{17A76C73-931D-4D50-9E47-CB822A3B26E1} = {C9091C9C-C55E-4953-9FE9-4686AC0BBEBC}
		{FE0C06C4-D296-42E6-A6D9-986D3FB8CA7C} = {17A76C73-931D-4D50-9E47-CB822A3B26E1}
		{6391C366-327A-461C-A8E5-6FDA55E6987F} = {C9091C9C-C55E-4953-9FE9-4686AC0BBEBC}
		{DF2E789D-965D-4855-B182-E4BDF7FEC392} = {6391C366-327A-461C-A8E5-6FDA55E6987F}
		{42A1F01A-6071-4FB7-8FC5-833B375F11D4} = {CDA20D00-41AC-4AAA-9DD5-9C59462C2099}
		{FA14B65E-F264-44C0-9F76-E8F11C45E6F5} = {B4399228-A471-4BAB-9A81-4190E9D86CCA}
		{6D124FE3-91D0-44B8-A265-BD59C530E0BE} = {CDA20D00-41AC-4AAA-9DD5-9C59462C2099}
		{01F1FAA3-1E16-417C-9967-DABB353E5D28} = {CDA20D00-41AC-4AAA-9DD5-9C59462C2099}
		{7A0757C5-D4D0-474D-875D-870AC8B7F905} = {CDA20D00-41AC-4AAA-9DD5-9C59462C2099}
		{5D5BA5A8-4A31-42BA-A607-0BA75A10BB6A} = {CDA20D00-41AC-4AAA-9DD5-9C59462C2099}
		{33595115-7603-48CC-B6D9-1EFBD78BAC59} = {D9D109A8-751F-4AEB-A49B-2D95D05FA46B}
		{46B6DB81-887E-400E-9AD7-16523DA21C25} = {33595115-7603-48CC-B6D9-1EFBD78BAC59}
		{85D7FC84-C2F8-4A1C-897A-DF513CA23106} = {33595115-7603-48CC-B6D9-1EFBD78BAC59}
		{5B99B0C9-4961-41EB-B95E-99A39B168E06} = {C9091C9C-C55E-4953-9FE9-4686AC0BBEBC}
		{34EC5AF3-4815-48F7-BF76-6D94FE3A6E42} = {5B99B0C9-4961-41EB-B95E-99A39B168E06}
		{9E4ABF2C-3B05-4FCD-ABCB-FA87085069F7} = {91E0C25C-25EA-41E9-971A-8062C85C9463}
		{2A33B08A-398F-4E82-9306-60967B0B031F} = {91E0C25C-25EA-41E9-971A-8062C85C9463}
		{38B16C44-BC07-4A7E-87F5-363147A27866} = {C9091C9C-C55E-4953-9FE9-4686AC0BBEBC}
		{C70C0705-E372-4001-9EF5-CFA39DCA7CFB} = {38B16C44-BC07-4A7E-87F5-363147A27866}
		{2C160D79-A6A0-4A2C-8DC9-464CDB736540} = {D9D109A8-751F-4AEB-A49B-2D95D05FA46B}
		{E223F3F6-8F4A-4E56-8EA9-DDC806E3508D} = {1E841E7B-0280-4430-884E-2E499B063A80}
		{56506686-D9BE-40EE-8155-EE74F4D85709} = {E223F3F6-8F4A-4E56-8EA9-DDC806E3508D}
		{0D0FB376-983E-40EB-B2CC-FC51CE19D261} = {CDA20D00-41AC-4AAA-9DD5-9C59462C2099}
		{FBD51870-104E-4811-9447-0CD48DD9D8E5} = {120FDF92-66FC-423B-8F6C-105B36BAC6A6}
		{5957FBA7-FEA5-47F7-BB07-AFFBA07DF825} = {CDA20D00-41AC-4AAA-9DD5-9C59462C2099}
		{EB240DBD-2688-4B48-A1F5-317408518E64} = {1E841E7B-0280-4430-884E-2E499B063A80}
		{391ADE38-D132-4A60-BF0E-29E187DA6CF8} = {CDA20D00-41AC-4AAA-9DD5-9C59462C2099}
		{A4A8F942-F063-426E-B182-84D0AB619A14} = {D9D109A8-751F-4AEB-A49B-2D95D05FA46B}
		{63335BB7-1193-4F1F-B79A-C7D56FBA14F8} = {A4A8F942-F063-426E-B182-84D0AB619A14}
		{B3639B36-B588-4F35-B269-F5F7E3528EEA} = {C9091C9C-C55E-4953-9FE9-4686AC0BBEBC}
		{B34EB9CF-F482-43F6-9CCD-E6995F635A62} = {B3639B36-B588-4F35-B269-F5F7E3528EEA}
		{6F12DBE2-61ED-4085-ACC0-80782116D0E9} = {09B7534D-3E89-476B-BB0F-FDFAF6C5A5AD}
		{CB1E2306-7719-4837-B0DB-1F2088E327B3} = {B4399228-A471-4BAB-9A81-4190E9D86CCA}
		{DEB19CF7-E91F-4222-8E44-18504E2BE1AD} = {B4399228-A471-4BAB-9A81-4190E9D86CCA}
		{55E57D6E-0D73-43BB-8433-DCD83CEC1FFD} = {DEB19CF7-E91F-4222-8E44-18504E2BE1AD}
		{F03AA865-62D1-4A1E-AB27-3CBAF422CF81} = {DEB19CF7-E91F-4222-8E44-18504E2BE1AD}
		{068D6242-D26B-46DB-9C8C-9B3F0C02AFD1} = {DEB19CF7-E91F-4222-8E44-18504E2BE1AD}
		{D76DCE43-BC93-4FEB-A2B3-F9C4B5CE028B} = {DEB19CF7-E91F-4222-8E44-18504E2BE1AD}
		{35C198BF-C305-4A21-8706-27BB23150707} = {DEB19CF7-E91F-4222-8E44-18504E2BE1AD}
		{9506BA3A-B617-47BB-B7FF-334EB2480BF3} = {B4399228-A471-4BAB-9A81-4190E9D86CCA}
		{FF6925DA-05D4-4754-82CE-D3EA4447F13B} = {C9091C9C-C55E-4953-9FE9-4686AC0BBEBC}
		{E1A52925-E43D-44B2-92D5-029C219E1C2D} = {CDA20D00-41AC-4AAA-9DD5-9C59462C2099}
		{B8B24B86-E048-48A4-8E0B-10E6F537231A} = {CDA20D00-41AC-4AAA-9DD5-9C59462C2099}
		{9030E9AE-412A-44DC-BD10-5A39AF73053A} = {420EE476-FFAE-4EC5-8524-2A4B12539046}
		{F8C31665-7DB1-4DAF-A692-DC8AC730BC2D} = {B4399228-A471-4BAB-9A81-4190E9D86CCA}
		{0E830060-D9E3-4BA5-9AB7-47CA45A53946} = {F8C31665-7DB1-4DAF-A692-DC8AC730BC2D}
		{214FB18F-55BB-4F1B-85A0-28B32D3FC7B5} = {91E0C25C-25EA-41E9-971A-8062C85C9463}
		{B00E8833-6E1B-4F59-9B4E-CB6594BB9649} = {A4A8F942-F063-426E-B182-84D0AB619A14}
		{4C5EFA69-E8FF-4411-A489-F1C1BCC4BC9F} = {2B4D12D6-050C-491F-BE98-1D7FF3C42445}
		{F50041CE-EDAC-4C29-9AFF-FF30DF1FE654} = {2B4D12D6-050C-491F-BE98-1D7FF3C42445}
		{3D53BE6C-64DB-4790-A22C-68FD0F7AE4D3} = {D2B1FF9A-2382-45C4-8CE5-1D0C57BD6C11}
		{1092E804-0B41-488D-B573-E7CFE1DB8862} = {5B99B0C9-4961-41EB-B95E-99A39B168E06}
		{39654138-93D1-4C68-AD59-37A801F4CD7E} = {C9091C9C-C55E-4953-9FE9-4686AC0BBEBC}
		{55DC2961-4FEB-4CB5-90E0-7664F90DC12F} = {39654138-93D1-4C68-AD59-37A801F4CD7E}
		{1CAF27CA-BD47-464E-8C7D-071C075B67B5} = {611E7CAF-9195-4962-B379-E842EEC729FE}
		{611E7CAF-9195-4962-B379-E842EEC729FE} = {D9D109A8-751F-4AEB-A49B-2D95D05FA46B}
		{E819B342-D4D8-4FBF-B9FA-F8423319A833} = {611E7CAF-9195-4962-B379-E842EEC729FE}
		{B7F9C183-7429-4E94-9F7A-535C5FA01142} = {611E7CAF-9195-4962-B379-E842EEC729FE}
		{23C7C83E-4A1F-4DE4-AB79-9C9390E8CB85} = {2B4D12D6-050C-491F-BE98-1D7FF3C42445}
		{CF9E9895-9E7A-4204-AF02-BF49D21AE6BD} = {23C7C83E-4A1F-4DE4-AB79-9C9390E8CB85}
		{21B63E98-8513-432D-A739-07513F2B7E3C} = {23C7C83E-4A1F-4DE4-AB79-9C9390E8CB85}
		{3F545B0E-E3F0-469E-A305-EA552E675FE4} = {23C7C83E-4A1F-4DE4-AB79-9C9390E8CB85}
		{51A23F1E-D50D-48A9-9A8E-4E2E554E2E8D} = {23C7C83E-4A1F-4DE4-AB79-9C9390E8CB85}
	EndGlobalSection
EndGlobal
